{
    "version": 3,
    "terraform_version": "0.11.8",
    "serial": 23,
    "lineage": "634a879c-8276-460e-e9dd-07cb78ce236a",
    "modules": [
        {
            "path": [
                "root"
            ],
            "outputs": {
                "1 - Bastion SSH Login": {
                    "sensitive": false,
                    "type": "string",
                    "value": "\n\tssh -i ~/.ssh/id_rsa opc@129.146.170.0\n\n"
                },
                "2 - Bastion Commands after SSH login to watch installation process": {
                    "sensitive": false,
                    "type": "string",
                    "value": "\n\tsudo su -\n\tscreen -r\n\n"
                },
                "3 - Cloudera Manager Login Available after ~15m": {
                    "sensitive": false,
                    "type": "string",
                    "value": "\n\thttp://129.146.135.23:7180/cmf/\n\n"
                },
                "INFO - Data Node Shape": {
                    "sensitive": false,
                    "type": "string",
                    "value": "BM.Standard1.36\n"
                }
            },
            "resources": {
                "data.oci_core_vnic.bastion_vnic": {
                    "type": "oci_core_vnic",
                    "depends_on": [
                        "data.oci_core_vnic_attachments.bastion_vnics"
                    ],
                    "primary": {
                        "id": "ocid1.vnic.oc1.phx.abyhqljtouodonzxamawycm6jitqkhqywm6lrgy43f4qfj25cbzwv7orljya",
                        "attributes": {
                            "availability_domain": "YVsm:PHX-AD-2",
                            "compartment_id": "ocid1.compartment.oc1..aaaaaaaapdd2bm7bohozrplwmcygeenb2xkwmojntn2gv4f6pzi5y6i7hmoa",
                            "defined_tags.%": "0",
                            "display_name": "CDH Bastion",
                            "freeform_tags.%": "0",
                            "hostname_label": "cdh-bastion",
                            "id": "ocid1.vnic.oc1.phx.abyhqljtouodonzxamawycm6jitqkhqywm6lrgy43f4qfj25cbzwv7orljya",
                            "is_primary": "true",
                            "mac_address": "00:00:17:02:5C:DB",
                            "private_ip_address": "10.0.7.2",
                            "public_ip_address": "129.146.170.0",
                            "skip_source_dest_check": "false",
                            "state": "AVAILABLE",
                            "subnet_id": "ocid1.subnet.oc1.phx.aaaaaaaakawwfnw5peagxyrf2kndsqqd7klyneepapppswr4uhkxnsyxy3ra",
                            "time_created": "2018-10-04 20:38:55.967 +0000 UTC",
                            "vnic_id": "ocid1.vnic.oc1.phx.abyhqljtouodonzxamawycm6jitqkhqywm6lrgy43f4qfj25cbzwv7orljya"
                        },
                        "meta": {},
                        "tainted": false
                    },
                    "deposed": [],
                    "provider": "provider.oci"
                },
                "data.oci_core_vnic.utility_node_vnic": {
                    "type": "oci_core_vnic",
                    "depends_on": [
                        "data.oci_core_vnic_attachments.utility_node_vnics"
                    ],
                    "primary": {
                        "id": "ocid1.vnic.oc1.phx.abyhqljttufkqujv3yqw3wnckwgaf3hljs24bsrqkdc2dr6x6vyerolleiba",
                        "attributes": {
                            "availability_domain": "YVsm:PHX-AD-2",
                            "compartment_id": "ocid1.compartment.oc1..aaaaaaaapdd2bm7bohozrplwmcygeenb2xkwmojntn2gv4f6pzi5y6i7hmoa",
                            "defined_tags.%": "0",
                            "display_name": "CDH Utility1",
                            "freeform_tags.%": "0",
                            "hostname_label": "cdh-utility1",
                            "id": "ocid1.vnic.oc1.phx.abyhqljttufkqujv3yqw3wnckwgaf3hljs24bsrqkdc2dr6x6vyerolleiba",
                            "is_primary": "true",
                            "mac_address": "00:00:17:02:2E:37",
                            "private_ip_address": "10.0.1.2",
                            "public_ip_address": "129.146.135.23",
                            "skip_source_dest_check": "false",
                            "state": "AVAILABLE",
                            "subnet_id": "ocid1.subnet.oc1.phx.aaaaaaaa43fqhdc35clw2a6dan4jcnjeknd2koxtgeya6vsqrmftb6vlxuza",
                            "time_created": "2018-10-04 20:38:58.444 +0000 UTC",
                            "vnic_id": "ocid1.vnic.oc1.phx.abyhqljttufkqujv3yqw3wnckwgaf3hljs24bsrqkdc2dr6x6vyerolleiba"
                        },
                        "meta": {},
                        "tainted": false
                    },
                    "deposed": [],
                    "provider": "provider.oci"
                },
                "data.oci_core_vnic_attachments.bastion_vnics": {
                    "type": "oci_core_vnic_attachments",
                    "depends_on": [
                        "data.oci_identity_availability_domains.ADs",
                        "oci_core_instance.Bastion"
                    ],
                    "primary": {
                        "id": "2018-10-04 20:40:26.448071 +0000 UTC",
                        "attributes": {
                            "availability_domain": "YVsm:PHX-AD-2",
                            "compartment_id": "ocid1.compartment.oc1..aaaaaaaapdd2bm7bohozrplwmcygeenb2xkwmojntn2gv4f6pzi5y6i7hmoa",
                            "id": "2018-10-04 20:40:26.448071 +0000 UTC",
                            "instance_id": "ocid1.instance.oc1.phx.abyhqljtyjhnxc6jcyui4iesopw3vvw2r2avi6ctjrkei43dd6bmm7xip22a",
                            "vnic_attachments.#": "1",
                            "vnic_attachments.0.availability_domain": "YVsm:PHX-AD-2",
                            "vnic_attachments.0.compartment_id": "ocid1.compartment.oc1..aaaaaaaapdd2bm7bohozrplwmcygeenb2xkwmojntn2gv4f6pzi5y6i7hmoa",
                            "vnic_attachments.0.create_vnic_details.#": "0",
                            "vnic_attachments.0.display_name": "",
                            "vnic_attachments.0.id": "ocid1.vnicattachment.oc1.phx.abyhqljtuusc2cilwj3xzrcyvxnp27tevu6tdnfinfweb2ax7pw7lvutchkq",
                            "vnic_attachments.0.instance_id": "ocid1.instance.oc1.phx.abyhqljtyjhnxc6jcyui4iesopw3vvw2r2avi6ctjrkei43dd6bmm7xip22a",
                            "vnic_attachments.0.nic_index": "0",
                            "vnic_attachments.0.state": "ATTACHED",
                            "vnic_attachments.0.subnet_id": "ocid1.subnet.oc1.phx.aaaaaaaakawwfnw5peagxyrf2kndsqqd7klyneepapppswr4uhkxnsyxy3ra",
                            "vnic_attachments.0.time_created": "2018-10-04 20:38:56.343 +0000 UTC",
                            "vnic_attachments.0.vlan_tag": "577",
                            "vnic_attachments.0.vnic_id": "ocid1.vnic.oc1.phx.abyhqljtouodonzxamawycm6jitqkhqywm6lrgy43f4qfj25cbzwv7orljya"
                        },
                        "meta": {},
                        "tainted": false
                    },
                    "deposed": [],
                    "provider": "provider.oci"
                },
                "data.oci_core_vnic_attachments.utility_node_vnics": {
                    "type": "oci_core_vnic_attachments",
                    "depends_on": [
                        "data.oci_identity_availability_domains.ADs",
                        "oci_core_instance.UtilityNode"
                    ],
                    "primary": {
                        "id": "2018-10-04 20:40:30.41524 +0000 UTC",
                        "attributes": {
                            "availability_domain": "YVsm:PHX-AD-2",
                            "compartment_id": "ocid1.compartment.oc1..aaaaaaaapdd2bm7bohozrplwmcygeenb2xkwmojntn2gv4f6pzi5y6i7hmoa",
                            "id": "2018-10-04 20:40:30.41524 +0000 UTC",
                            "instance_id": "ocid1.instance.oc1.phx.abyhqljtxpnsd5qyp55nyjm7qmt52mgac4ijfvqg2mhswu2aus7tdgezl4ca",
                            "vnic_attachments.#": "1",
                            "vnic_attachments.0.availability_domain": "YVsm:PHX-AD-2",
                            "vnic_attachments.0.compartment_id": "ocid1.compartment.oc1..aaaaaaaapdd2bm7bohozrplwmcygeenb2xkwmojntn2gv4f6pzi5y6i7hmoa",
                            "vnic_attachments.0.create_vnic_details.#": "0",
                            "vnic_attachments.0.display_name": "",
                            "vnic_attachments.0.id": "ocid1.vnicattachment.oc1.phx.abyhqljtsmhvytasfjkpc33ut72ybt5qfi6cykqydis2atomccbzpg2tpbbq",
                            "vnic_attachments.0.instance_id": "ocid1.instance.oc1.phx.abyhqljtxpnsd5qyp55nyjm7qmt52mgac4ijfvqg2mhswu2aus7tdgezl4ca",
                            "vnic_attachments.0.nic_index": "0",
                            "vnic_attachments.0.state": "ATTACHED",
                            "vnic_attachments.0.subnet_id": "ocid1.subnet.oc1.phx.aaaaaaaa43fqhdc35clw2a6dan4jcnjeknd2koxtgeya6vsqrmftb6vlxuza",
                            "vnic_attachments.0.time_created": "2018-10-04 20:38:58.758 +0000 UTC",
                            "vnic_attachments.0.vlan_tag": "2025",
                            "vnic_attachments.0.vnic_id": "ocid1.vnic.oc1.phx.abyhqljttufkqujv3yqw3wnckwgaf3hljs24bsrqkdc2dr6x6vyerolleiba"
                        },
                        "meta": {},
                        "tainted": false
                    },
                    "deposed": [],
                    "provider": "provider.oci"
                },
                "data.oci_identity_availability_domains.ADs": {
                    "type": "oci_identity_availability_domains",
                    "depends_on": [],
                    "primary": {
                        "id": "2018-10-04 20:38:37.950251 +0000 UTC",
                        "attributes": {
                            "availability_domains.#": "3",
                            "availability_domains.0.compartment_id": "ocid1.tenancy.oc1..aaaaaaaaebxriz7y7egelwfkjdbnjdvq6k5vaaxo3o35fvfzf3g7ryvxevka",
                            "availability_domains.0.name": "YVsm:PHX-AD-1",
                            "availability_domains.1.compartment_id": "ocid1.tenancy.oc1..aaaaaaaaebxriz7y7egelwfkjdbnjdvq6k5vaaxo3o35fvfzf3g7ryvxevka",
                            "availability_domains.1.name": "YVsm:PHX-AD-2",
                            "availability_domains.2.compartment_id": "ocid1.tenancy.oc1..aaaaaaaaebxriz7y7egelwfkjdbnjdvq6k5vaaxo3o35fvfzf3g7ryvxevka",
                            "availability_domains.2.name": "YVsm:PHX-AD-3",
                            "compartment_id": "ocid1.tenancy.oc1..aaaaaaaaebxriz7y7egelwfkjdbnjdvq6k5vaaxo3o35fvfzf3g7ryvxevka",
                            "id": "2018-10-04 20:38:37.950251 +0000 UTC"
                        },
                        "meta": {},
                        "tainted": false
                    },
                    "deposed": [],
                    "provider": "provider.oci"
                },
                "null_resource.cdh-setup": {
                    "type": "null_resource",
                    "depends_on": [
                        "data.oci_core_vnic.bastion_vnic",
                        "oci_core_instance.Bastion",
                        "oci_core_instance.DataCollector",
                        "oci_core_instance.MasterNode",
                        "oci_core_instance.UtilityNode",
                        "oci_core_instance.WorkerNode"
                    ],
                    "primary": {
                        "id": "7310176350874611425",
                        "attributes": {
                            "id": "7310176350874611425"
                        },
                        "meta": {},
                        "tainted": true
                    },
                    "deposed": [],
                    "provider": "provider.null"
                },
                "oci_core_instance.Bastion": {
                    "type": "oci_core_instance",
                    "depends_on": [
                        "data.oci_identity_availability_domains.ADs",
                        "oci_core_subnet.bastion.*"
                    ],
                    "primary": {
                        "id": "ocid1.instance.oc1.phx.abyhqljtyjhnxc6jcyui4iesopw3vvw2r2avi6ctjrkei43dd6bmm7xip22a",
                        "attributes": {
                            "availability_domain": "YVsm:PHX-AD-2",
                            "boot_volume_id": "ocid1.bootvolume.oc1.phx.abyhqljtahkrzqzbm5wc4d3y2nckw4djmjmcdlxx6nrtbjtkq47lcq5464fq",
                            "compartment_id": "ocid1.compartment.oc1..aaaaaaaapdd2bm7bohozrplwmcygeenb2xkwmojntn2gv4f6pzi5y6i7hmoa",
                            "create_vnic_details.#": "1",
                            "create_vnic_details.0.assign_public_ip": "true",
                            "create_vnic_details.0.defined_tags.%": "0",
                            "create_vnic_details.0.display_name": "CDH Bastion",
                            "create_vnic_details.0.freeform_tags.%": "0",
                            "create_vnic_details.0.hostname_label": "cdh-bastion",
                            "create_vnic_details.0.private_ip": "10.0.7.2",
                            "create_vnic_details.0.skip_source_dest_check": "false",
                            "create_vnic_details.0.subnet_id": "ocid1.subnet.oc1.phx.aaaaaaaakawwfnw5peagxyrf2kndsqqd7klyneepapppswr4uhkxnsyxy3ra",
                            "defined_tags.%": "0",
                            "display_name": "CDH Bastion",
                            "fault_domain": "FAULT-DOMAIN-1",
                            "freeform_tags.%": "0",
                            "hostname_label": "cdh-bastion",
                            "id": "ocid1.instance.oc1.phx.abyhqljtyjhnxc6jcyui4iesopw3vvw2r2avi6ctjrkei43dd6bmm7xip22a",
                            "image": "ocid1.image.oc1.phx.aaaaaaaapnnv2phiyw7apcgtg6kmn572b2mux56ll6j6mck5xti3aw4bnwrq",
                            "launch_mode": "NATIVE",
                            "launch_options.#": "1",
                            "launch_options.0.boot_volume_type": "ISCSI",
                            "launch_options.0.firmware": "UEFI_64",
                            "launch_options.0.network_type": "VFIO",
                            "launch_options.0.remote_data_volume_type": "PARAVIRTUALIZED",
                            "metadata.%": "2",
                            "metadata.ssh_authorized_keys": "ssh-rsa AAAAB3NzaC1yc2EAAAADAQABAAABAQCl364sVMiGipqv2iJM/kF8eLfSjuk0qaSwK4bRCBYtO6j8AIEXxkKHFy4KDhosdk/iXJOB3a0kwQ60emfHBRmyYdwFEdiHKgLsDmS/AC9pyFRoDFTgqaNtlpgooVbjdWt+n0j4rJn4a4VhEZwctnN4mbIxwwfKLWjGWwjj/pb5IOGPzD24lyKaHG/PpOHdFaKQiHSftMdGwVUCCxgy/M9F6CZAH5ggu44bff5PQg4sNFnEQifUJqKbGpCpmtbTTKtZHrBx98LO3OLKVYABNRrT/oFoslnXwWKdn3vBiYsXTJjUSgDrfieAHRNfmVxpxWzjBT4zkPJm06d91zvMHhfF opc@terraform-provider",
                            "metadata.user_data": "IyEvYmluL2Jhc2gKIyMgY2xvdWQtaW5pdCBib290c3RyYXAgc2NyaXB0CiMjIFN0b3AgU1NIRCB0byBwcmV2ZW50IHJlbW90ZSBleGVjdXRpb24gZHVyaW5nIHRoaXMgcHJvY2VzcwpzeXN0ZW1jdGwgc3RvcCBzc2hkCiMjIHNldCBzcGVlZHVwPSIxIiB0byBieXBhc3MgaG9zdCByZWJvb3QgLSBzaG91bGQgc2V0IHNlbGludXggdG8gcGVybWlzc2l2ZSBtb2RlIGFsbG93aW5nIGZvciBmYXN0ZXIgZGVwbG95bWVudApzcGVlZHVwPSIxIgppZiBbICRzcGVlZHVwID0gIjAiIF07IHRoZW4gCglpZiBbIC1mIC9ldGMvc2VsaW51eC9jb25maWcgXTsgdGhlbgoJCXNlbGludXhjaGs9YHN1ZG8gY2F0IC9ldGMvc2VsaW51eC9jb25maWcgfCBncmVwIGVuZm9yY2luZ2AKCQlzZWxpbnV4X2Noaz1gZWNobyAtZSAkP2AKCQlpZiBbICRzZWxpbnV4X2NoayA9ICIwIiBdOyB0aGVuCgkJCXN1ZG8gc2VkIC1pLmJhayAncy9TRUxJTlVYPWVuZm9yY2luZy9TRUxJTlVYPWRpc2FibGVkL2cnIC9ldGMvc2VsaW51eC9jb25maWcKCQkJc3VkbyByZWJvb3QKCQlmaQoJZmkKZWxpZiBbICRzcGVlZHVwID0gIjEiIF07IHRoZW4gCiAgICAgICAgaWYgWyAtZiAvZXRjL3NlbGludXgvY29uZmlnIF07IHRoZW4KICAgICAgICAgICAgICAgIHNlbGludXhjaGs9YHN1ZG8gY2F0IC9ldGMvc2VsaW51eC9jb25maWcgfCBncmVwIGVuZm9yY2luZ2AKICAgICAgICAgICAgICAgIHNlbGludXhfY2hrPWBlY2hvIC1lICQ/YAogICAgICAgICAgICAgICAgaWYgWyAkc2VsaW51eF9jaGsgPSAiMCIgXTsgdGhlbgogICAgICAgICAgICAgICAgICAgICAgICBzdWRvIHNlZCAtaS5iYWsgJ3MvU0VMSU5VWD1lbmZvcmNpbmcvU0VMSU5VWD1kaXNhYmxlZC9nJyAvZXRjL3NlbGludXgvY29uZmlnCgkJCXN1ZG8gc2V0ZW5mb3JjZSAwCiAgICAgICAgICAgICAgICBmaQogICAgICAgIGZpCmZpCgojIyBDdXN0b20gQm9vdCBWb2x1bWUgRXh0ZW5zaW9uCnN1ZG8geXVtIC15IGluc3RhbGwgY2xvdWQtdXRpbHMtZ3Jvd3BhcnQKc3VkbyB5dW0gLXkgaW5zdGFsbCBnZGlzawplY2hvICIwIiA+IC9ob21lL29wYy8uZG9uZQpzdWRvIHJlYm9vdAo=",
                            "private_ip": "10.0.7.2",
                            "public_ip": "129.146.170.0",
                            "region": "phx",
                            "shape": "VM.Standard1.8",
                            "source_details.#": "1",
                            "source_details.0.boot_volume_size_in_gbs": "256",
                            "source_details.0.source_id": "ocid1.image.oc1.phx.aaaaaaaapnnv2phiyw7apcgtg6kmn572b2mux56ll6j6mck5xti3aw4bnwrq",
                            "source_details.0.source_type": "image",
                            "state": "RUNNING",
                            "subnet_id": "ocid1.subnet.oc1.phx.aaaaaaaakawwfnw5peagxyrf2kndsqqd7klyneepapppswr4uhkxnsyxy3ra",
                            "time_created": "2018-10-04 20:38:52.368 +0000 UTC"
                        },
                        "meta": {
                            "e2bfb730-ecaa-11e6-8f88-34363bc7c4c0": {
                                "create": 1800000000000,
                                "delete": 7200000000000,
                                "update": 7200000000000
                            }
                        },
                        "tainted": false
                    },
                    "deposed": [],
                    "provider": "provider.oci"
                },
                "oci_core_instance.DataCollector": {
                    "type": "oci_core_instance",
                    "depends_on": [
                        "data.oci_identity_availability_domains.ADs",
                        "oci_core_subnet.private.*"
                    ],
                    "primary": {
                        "id": "ocid1.instance.oc1.phx.abyhqljtbzu5m73wodwalydwkaqlrh6epuaenqn2qladq4wwa74cdhhi3zwq",
                        "attributes": {
                            "availability_domain": "YVsm:PHX-AD-2",
                            "boot_volume_id": "ocid1.bootvolume.oc1.phx.abyhqljtvwwllp4hku7m4ta7cizohm6x36jeiumqp2tdtxssp7kfv7pun4fq",
                            "compartment_id": "ocid1.compartment.oc1..aaaaaaaapdd2bm7bohozrplwmcygeenb2xkwmojntn2gv4f6pzi5y6i7hmoa",
                            "create_vnic_details.#": "1",
                            "create_vnic_details.0.assign_public_ip": "true",
                            "create_vnic_details.0.defined_tags.%": "0",
                            "create_vnic_details.0.display_name": "DataCollector",
                            "create_vnic_details.0.freeform_tags.%": "0",
                            "create_vnic_details.0.hostname_label": "datacollector",
                            "create_vnic_details.0.private_ip": "10.0.4.2",
                            "create_vnic_details.0.skip_source_dest_check": "false",
                            "create_vnic_details.0.subnet_id": "ocid1.subnet.oc1.phx.aaaaaaaaqc6zi7aqdrkk3bvccxrjkc74xiuddkg57xdph5x26zjrvhxaamiq",
                            "defined_tags.%": "0",
                            "display_name": "DataCollector",
                            "fault_domain": "FAULT-DOMAIN-1",
                            "freeform_tags.%": "0",
                            "hostname_label": "datacollector",
                            "id": "ocid1.instance.oc1.phx.abyhqljtbzu5m73wodwalydwkaqlrh6epuaenqn2qladq4wwa74cdhhi3zwq",
                            "image": "ocid1.image.oc1.phx.aaaaaaaapnnv2phiyw7apcgtg6kmn572b2mux56ll6j6mck5xti3aw4bnwrq",
                            "launch_mode": "NATIVE",
                            "launch_options.#": "1",
                            "launch_options.0.boot_volume_type": "ISCSI",
                            "launch_options.0.firmware": "UEFI_64",
                            "launch_options.0.network_type": "VFIO",
                            "launch_options.0.remote_data_volume_type": "PARAVIRTUALIZED",
                            "metadata.%": "2",
                            "metadata.ssh_authorized_keys": "ssh-rsa AAAAB3NzaC1yc2EAAAADAQABAAABAQCl364sVMiGipqv2iJM/kF8eLfSjuk0qaSwK4bRCBYtO6j8AIEXxkKHFy4KDhosdk/iXJOB3a0kwQ60emfHBRmyYdwFEdiHKgLsDmS/AC9pyFRoDFTgqaNtlpgooVbjdWt+n0j4rJn4a4VhEZwctnN4mbIxwwfKLWjGWwjj/pb5IOGPzD24lyKaHG/PpOHdFaKQiHSftMdGwVUCCxgy/M9F6CZAH5ggu44bff5PQg4sNFnEQifUJqKbGpCpmtbTTKtZHrBx98LO3OLKVYABNRrT/oFoslnXwWKdn3vBiYsXTJjUSgDrfieAHRNfmVxpxWzjBT4zkPJm06d91zvMHhfF opc@terraform-provider",
                            "metadata.user_data": "IyEvYmluL2Jhc2gKIyMgY2xvdWQtaW5pdCBib290c3RyYXAgc2NyaXB0CiMjIFN0b3AgU1NIRCB0byBwcmV2ZW50IHJlbW90ZSBleGVjdXRpb24gZHVyaW5nIHRoaXMgcHJvY2VzcwpzeXN0ZW1jdGwgc3RvcCBzc2hkCiMjIHNldCBzcGVlZHVwPSIxIiB0byBieXBhc3MgaG9zdCByZWJvb3QgLSBzaG91bGQgc2V0IHNlbGludXggdG8gcGVybWlzc2l2ZSBtb2RlIGFsbG93aW5nIGZvciBmYXN0ZXIgZGVwbG95bWVudApzcGVlZHVwPSIxIgppZiBbICRzcGVlZHVwID0gIjAiIF07IHRoZW4gCglpZiBbIC1mIC9ldGMvc2VsaW51eC9jb25maWcgXTsgdGhlbgoJCXNlbGludXhjaGs9YHN1ZG8gY2F0IC9ldGMvc2VsaW51eC9jb25maWcgfCBncmVwIGVuZm9yY2luZ2AKCQlzZWxpbnV4X2Noaz1gZWNobyAtZSAkP2AKCQlpZiBbICRzZWxpbnV4X2NoayA9ICIwIiBdOyB0aGVuCgkJCXN1ZG8gc2VkIC1pLmJhayAncy9TRUxJTlVYPWVuZm9yY2luZy9TRUxJTlVYPWRpc2FibGVkL2cnIC9ldGMvc2VsaW51eC9jb25maWcKCQkJc3VkbyByZWJvb3QKCQlmaQoJZmkKZWxpZiBbICRzcGVlZHVwID0gIjEiIF07IHRoZW4gCiAgICAgICAgaWYgWyAtZiAvZXRjL3NlbGludXgvY29uZmlnIF07IHRoZW4KICAgICAgICAgICAgICAgIHNlbGludXhjaGs9YHN1ZG8gY2F0IC9ldGMvc2VsaW51eC9jb25maWcgfCBncmVwIGVuZm9yY2luZ2AKICAgICAgICAgICAgICAgIHNlbGludXhfY2hrPWBlY2hvIC1lICQ/YAogICAgICAgICAgICAgICAgaWYgWyAkc2VsaW51eF9jaGsgPSAiMCIgXTsgdGhlbgogICAgICAgICAgICAgICAgICAgICAgICBzdWRvIHNlZCAtaS5iYWsgJ3MvU0VMSU5VWD1lbmZvcmNpbmcvU0VMSU5VWD1kaXNhYmxlZC9nJyAvZXRjL3NlbGludXgvY29uZmlnCgkJCXN1ZG8gc2V0ZW5mb3JjZSAwCiAgICAgICAgICAgICAgICBmaQogICAgICAgIGZpCmZpCgojIyBDdXN0b20gQm9vdCBWb2x1bWUgRXh0ZW5zaW9uCnN1ZG8geXVtIC15IGluc3RhbGwgY2xvdWQtdXRpbHMtZ3Jvd3BhcnQKc3VkbyB5dW0gLXkgaW5zdGFsbCBnZGlzawplY2hvICIwIiA+IC9ob21lL29wYy8uZG9uZQpzdWRvIHJlYm9vdAo=",
                            "private_ip": "10.0.4.2",
                            "public_ip": "129.146.80.10",
                            "region": "phx",
                            "shape": "VM.Standard1.2",
                            "source_details.#": "1",
                            "source_details.0.boot_volume_size_in_gbs": "256",
                            "source_details.0.source_id": "ocid1.image.oc1.phx.aaaaaaaapnnv2phiyw7apcgtg6kmn572b2mux56ll6j6mck5xti3aw4bnwrq",
                            "source_details.0.source_type": "image",
                            "state": "RUNNING",
                            "subnet_id": "ocid1.subnet.oc1.phx.aaaaaaaaqc6zi7aqdrkk3bvccxrjkc74xiuddkg57xdph5x26zjrvhxaamiq",
                            "time_created": "2018-10-04 20:38:51.686 +0000 UTC"
                        },
                        "meta": {
                            "e2bfb730-ecaa-11e6-8f88-34363bc7c4c0": {
                                "create": 1800000000000,
                                "delete": 7200000000000,
                                "update": 7200000000000
                            }
                        },
                        "tainted": false
                    },
                    "deposed": [],
                    "provider": "provider.oci"
                },
                "oci_core_instance.UtilityNode": {
                    "type": "oci_core_instance",
                    "depends_on": [
                        "data.oci_identity_availability_domains.ADs",
                        "oci_core_subnet.public.*"
                    ],
                    "primary": {
                        "id": "ocid1.instance.oc1.phx.abyhqljtxpnsd5qyp55nyjm7qmt52mgac4ijfvqg2mhswu2aus7tdgezl4ca",
                        "attributes": {
                            "availability_domain": "YVsm:PHX-AD-2",
                            "boot_volume_id": "ocid1.bootvolume.oc1.phx.abyhqljtlloetert2u7unfswc4tgevqx34wfd4gcvd6cv35dnmslxvsxh2ga",
                            "compartment_id": "ocid1.compartment.oc1..aaaaaaaapdd2bm7bohozrplwmcygeenb2xkwmojntn2gv4f6pzi5y6i7hmoa",
                            "create_vnic_details.#": "1",
                            "create_vnic_details.0.assign_public_ip": "true",
                            "create_vnic_details.0.defined_tags.%": "0",
                            "create_vnic_details.0.display_name": "CDH Utility1",
                            "create_vnic_details.0.freeform_tags.%": "0",
                            "create_vnic_details.0.hostname_label": "cdh-utility1",
                            "create_vnic_details.0.private_ip": "10.0.1.2",
                            "create_vnic_details.0.skip_source_dest_check": "false",
                            "create_vnic_details.0.subnet_id": "ocid1.subnet.oc1.phx.aaaaaaaa43fqhdc35clw2a6dan4jcnjeknd2koxtgeya6vsqrmftb6vlxuza",
                            "defined_tags.%": "0",
                            "display_name": "CDH Utility1",
                            "fault_domain": "FAULT-DOMAIN-3",
                            "freeform_tags.%": "0",
                            "hostname_label": "cdh-utility1",
                            "id": "ocid1.instance.oc1.phx.abyhqljtxpnsd5qyp55nyjm7qmt52mgac4ijfvqg2mhswu2aus7tdgezl4ca",
                            "image": "ocid1.image.oc1.phx.aaaaaaaapnnv2phiyw7apcgtg6kmn572b2mux56ll6j6mck5xti3aw4bnwrq",
                            "launch_mode": "NATIVE",
                            "launch_options.#": "1",
                            "launch_options.0.boot_volume_type": "ISCSI",
                            "launch_options.0.firmware": "UEFI_64",
                            "launch_options.0.network_type": "VFIO",
                            "launch_options.0.remote_data_volume_type": "PARAVIRTUALIZED",
                            "metadata.%": "2",
                            "metadata.ssh_authorized_keys": "ssh-rsa AAAAB3NzaC1yc2EAAAADAQABAAABAQCl364sVMiGipqv2iJM/kF8eLfSjuk0qaSwK4bRCBYtO6j8AIEXxkKHFy4KDhosdk/iXJOB3a0kwQ60emfHBRmyYdwFEdiHKgLsDmS/AC9pyFRoDFTgqaNtlpgooVbjdWt+n0j4rJn4a4VhEZwctnN4mbIxwwfKLWjGWwjj/pb5IOGPzD24lyKaHG/PpOHdFaKQiHSftMdGwVUCCxgy/M9F6CZAH5ggu44bff5PQg4sNFnEQifUJqKbGpCpmtbTTKtZHrBx98LO3OLKVYABNRrT/oFoslnXwWKdn3vBiYsXTJjUSgDrfieAHRNfmVxpxWzjBT4zkPJm06d91zvMHhfF opc@terraform-provider",
                            "metadata.user_data": "IyEvYmluL2Jhc2gKIyMgY2xvdWQtaW5pdCBib290c3RyYXAgc2NyaXB0CiMjIFN0b3AgU1NIRCB0byBwcmV2ZW50IHJlbW90ZSBleGVjdXRpb24gZHVyaW5nIHRoaXMgcHJvY2VzcwpzeXN0ZW1jdGwgc3RvcCBzc2hkCiMjIHNldCBzcGVlZHVwPSIxIiB0byBieXBhc3MgaG9zdCByZWJvb3QgLSBzaG91bGQgc2V0IHNlbGludXggdG8gcGVybWlzc2l2ZSBtb2RlIGFsbG93aW5nIGZvciBmYXN0ZXIgZGVwbG95bWVudApzcGVlZHVwPSIxIgppZiBbICRzcGVlZHVwID0gIjAiIF07IHRoZW4gCglpZiBbIC1mIC9ldGMvc2VsaW51eC9jb25maWcgXTsgdGhlbgoJCXNlbGludXhjaGs9YHN1ZG8gY2F0IC9ldGMvc2VsaW51eC9jb25maWcgfCBncmVwIGVuZm9yY2luZ2AKCQlzZWxpbnV4X2Noaz1gZWNobyAtZSAkP2AKCQlpZiBbICRzZWxpbnV4X2NoayA9ICIwIiBdOyB0aGVuCgkJCXN1ZG8gc2VkIC1pLmJhayAncy9TRUxJTlVYPWVuZm9yY2luZy9TRUxJTlVYPWRpc2FibGVkL2cnIC9ldGMvc2VsaW51eC9jb25maWcKCQkJc3VkbyByZWJvb3QKCQlmaQoJZmkKZWxpZiBbICRzcGVlZHVwID0gIjEiIF07IHRoZW4gCiAgICAgICAgaWYgWyAtZiAvZXRjL3NlbGludXgvY29uZmlnIF07IHRoZW4KICAgICAgICAgICAgICAgIHNlbGludXhjaGs9YHN1ZG8gY2F0IC9ldGMvc2VsaW51eC9jb25maWcgfCBncmVwIGVuZm9yY2luZ2AKICAgICAgICAgICAgICAgIHNlbGludXhfY2hrPWBlY2hvIC1lICQ/YAogICAgICAgICAgICAgICAgaWYgWyAkc2VsaW51eF9jaGsgPSAiMCIgXTsgdGhlbgogICAgICAgICAgICAgICAgICAgICAgICBzdWRvIHNlZCAtaS5iYWsgJ3MvU0VMSU5VWD1lbmZvcmNpbmcvU0VMSU5VWD1kaXNhYmxlZC9nJyAvZXRjL3NlbGludXgvY29uZmlnCgkJCXN1ZG8gc2V0ZW5mb3JjZSAwCiAgICAgICAgICAgICAgICBmaQogICAgICAgIGZpCmZpCgojIyBDdXN0b20gQm9vdCBWb2x1bWUgRXh0ZW5zaW9uCnN1ZG8geXVtIC15IGluc3RhbGwgY2xvdWQtdXRpbHMtZ3Jvd3BhcnQKc3VkbyB5dW0gLXkgaW5zdGFsbCBnZGlzawplY2hvICIwIiA+IC9ob21lL29wYy8uZG9uZQpzdWRvIHJlYm9vdAo=",
                            "private_ip": "10.0.1.2",
                            "public_ip": "129.146.135.23",
                            "region": "phx",
                            "shape": "VM.Standard1.8",
                            "source_details.#": "1",
                            "source_details.0.boot_volume_size_in_gbs": "256",
                            "source_details.0.source_id": "ocid1.image.oc1.phx.aaaaaaaapnnv2phiyw7apcgtg6kmn572b2mux56ll6j6mck5xti3aw4bnwrq",
                            "source_details.0.source_type": "image",
                            "state": "RUNNING",
                            "subnet_id": "ocid1.subnet.oc1.phx.aaaaaaaa43fqhdc35clw2a6dan4jcnjeknd2koxtgeya6vsqrmftb6vlxuza",
                            "time_created": "2018-10-04 20:38:55.094 +0000 UTC"
                        },
                        "meta": {
                            "e2bfb730-ecaa-11e6-8f88-34363bc7c4c0": {
                                "create": 1800000000000,
                                "delete": 7200000000000,
                                "update": 7200000000000
                            }
                        },
                        "tainted": false
                    },
                    "deposed": [],
                    "provider": "provider.oci"
                },
                "oci_core_instance.WorkerNode.0": {
                    "type": "oci_core_instance",
                    "depends_on": [
                        "data.oci_identity_availability_domains.ADs",
                        "oci_core_subnet.private.*"
                    ],
                    "primary": {
                        "id": "ocid1.instance.oc1.phx.abyhqljtr26nf5pw5tbw7xkobfz5krtqtooa3dsj4vekhkiaaw42pecqyr2q",
                        "attributes": {
                            "availability_domain": "YVsm:PHX-AD-2",
                            "boot_volume_id": "ocid1.bootvolume.oc1.phx.abyhqljtuyokfvbbdicr76g2g25pq2gb7ntjioa4a2ampeyubcz4yu54vhia",
                            "compartment_id": "ocid1.compartment.oc1..aaaaaaaapdd2bm7bohozrplwmcygeenb2xkwmojntn2gv4f6pzi5y6i7hmoa",
                            "create_vnic_details.#": "1",
                            "create_vnic_details.0.assign_public_ip": "true",
                            "create_vnic_details.0.defined_tags.%": "0",
                            "create_vnic_details.0.display_name": "CDH Worker 1",
                            "create_vnic_details.0.freeform_tags.%": "0",
                            "create_vnic_details.0.hostname_label": "cdh-worker-1",
                            "create_vnic_details.0.private_ip": "10.0.4.4",
                            "create_vnic_details.0.skip_source_dest_check": "false",
                            "create_vnic_details.0.subnet_id": "ocid1.subnet.oc1.phx.aaaaaaaaqc6zi7aqdrkk3bvccxrjkc74xiuddkg57xdph5x26zjrvhxaamiq",
                            "defined_tags.%": "0",
                            "display_name": "CDH Worker 1",
                            "fault_domain": "FAULT-DOMAIN-3",
                            "freeform_tags.%": "0",
                            "hostname_label": "cdh-worker-1",
                            "id": "ocid1.instance.oc1.phx.abyhqljtr26nf5pw5tbw7xkobfz5krtqtooa3dsj4vekhkiaaw42pecqyr2q",
                            "image": "ocid1.image.oc1.phx.aaaaaaaapnnv2phiyw7apcgtg6kmn572b2mux56ll6j6mck5xti3aw4bnwrq",
                            "launch_mode": "NATIVE",
                            "launch_options.#": "1",
                            "launch_options.0.boot_volume_type": "ISCSI",
                            "launch_options.0.firmware": "UEFI_64",
                            "launch_options.0.network_type": "VFIO",
                            "launch_options.0.remote_data_volume_type": "ISCSI",
                            "metadata.%": "2",
                            "metadata.ssh_authorized_keys": "ssh-rsa AAAAB3NzaC1yc2EAAAADAQABAAABAQCl364sVMiGipqv2iJM/kF8eLfSjuk0qaSwK4bRCBYtO6j8AIEXxkKHFy4KDhosdk/iXJOB3a0kwQ60emfHBRmyYdwFEdiHKgLsDmS/AC9pyFRoDFTgqaNtlpgooVbjdWt+n0j4rJn4a4VhEZwctnN4mbIxwwfKLWjGWwjj/pb5IOGPzD24lyKaHG/PpOHdFaKQiHSftMdGwVUCCxgy/M9F6CZAH5ggu44bff5PQg4sNFnEQifUJqKbGpCpmtbTTKtZHrBx98LO3OLKVYABNRrT/oFoslnXwWKdn3vBiYsXTJjUSgDrfieAHRNfmVxpxWzjBT4zkPJm06d91zvMHhfF opc@terraform-provider",
                            "metadata.user_data": "IyEvYmluL2Jhc2gKIyMgY2xvdWQtaW5pdCBib290c3RyYXAgc2NyaXB0CiMjIFN0b3AgU1NIRCB0byBwcmV2ZW50IHJlbW90ZSBleGVjdXRpb24gZHVyaW5nIHRoaXMgcHJvY2VzcwpzeXN0ZW1jdGwgc3RvcCBzc2hkCiMjIHNldCBzcGVlZHVwPSIxIiB0byBieXBhc3MgaG9zdCByZWJvb3QgLSBzaG91bGQgc2V0IHNlbGludXggdG8gcGVybWlzc2l2ZSBtb2RlIGFsbG93aW5nIGZvciBmYXN0ZXIgZGVwbG95bWVudApzcGVlZHVwPSIxIgppZiBbICRzcGVlZHVwID0gIjAiIF07IHRoZW4gCglpZiBbIC1mIC9ldGMvc2VsaW51eC9jb25maWcgXTsgdGhlbgoJCXNlbGludXhjaGs9YHN1ZG8gY2F0IC9ldGMvc2VsaW51eC9jb25maWcgfCBncmVwIGVuZm9yY2luZ2AKCQlzZWxpbnV4X2Noaz1gZWNobyAtZSAkP2AKCQlpZiBbICRzZWxpbnV4X2NoayA9ICIwIiBdOyB0aGVuCgkJCXN1ZG8gc2VkIC1pLmJhayAncy9TRUxJTlVYPWVuZm9yY2luZy9TRUxJTlVYPWRpc2FibGVkL2cnIC9ldGMvc2VsaW51eC9jb25maWcKCQkJc3VkbyByZWJvb3QKCQlmaQoJZmkKZWxpZiBbICRzcGVlZHVwID0gIjEiIF07IHRoZW4gCiAgICAgICAgaWYgWyAtZiAvZXRjL3NlbGludXgvY29uZmlnIF07IHRoZW4KICAgICAgICAgICAgICAgIHNlbGludXhjaGs9YHN1ZG8gY2F0IC9ldGMvc2VsaW51eC9jb25maWcgfCBncmVwIGVuZm9yY2luZ2AKICAgICAgICAgICAgICAgIHNlbGludXhfY2hrPWBlY2hvIC1lICQ/YAogICAgICAgICAgICAgICAgaWYgWyAkc2VsaW51eF9jaGsgPSAiMCIgXTsgdGhlbgogICAgICAgICAgICAgICAgICAgICAgICBzdWRvIHNlZCAtaS5iYWsgJ3MvU0VMSU5VWD1lbmZvcmNpbmcvU0VMSU5VWD1kaXNhYmxlZC9nJyAvZXRjL3NlbGludXgvY29uZmlnCgkJCXN1ZG8gc2V0ZW5mb3JjZSAwCiAgICAgICAgICAgICAgICBmaQogICAgICAgIGZpCmZpCgojIyBDdXN0b20gQm9vdCBWb2x1bWUgRXh0ZW5zaW9uCnN1ZG8geXVtIC15IGluc3RhbGwgY2xvdWQtdXRpbHMtZ3Jvd3BhcnQKc3VkbyB5dW0gLXkgaW5zdGFsbCBnZGlzawplY2hvICIwIiA+IC9ob21lL29wYy8uZG9uZQpzdWRvIHJlYm9vdAo=",
                            "private_ip": "10.0.4.4",
                            "public_ip": "129.146.80.98",
                            "region": "phx",
                            "shape": "BM.Standard1.36",
                            "source_details.#": "1",
                            "source_details.0.boot_volume_size_in_gbs": "256",
                            "source_details.0.source_id": "ocid1.image.oc1.phx.aaaaaaaapnnv2phiyw7apcgtg6kmn572b2mux56ll6j6mck5xti3aw4bnwrq",
                            "source_details.0.source_type": "image",
                            "state": "RUNNING",
                            "subnet_id": "ocid1.subnet.oc1.phx.aaaaaaaaqc6zi7aqdrkk3bvccxrjkc74xiuddkg57xdph5x26zjrvhxaamiq",
                            "time_created": "2018-10-04 20:38:51.88 +0000 UTC"
                        },
                        "meta": {
                            "e2bfb730-ecaa-11e6-8f88-34363bc7c4c0": {
                                "create": 1800000000000,
                                "delete": 7200000000000,
                                "update": 7200000000000
                            }
                        },
                        "tainted": false
                    },
                    "deposed": [],
                    "provider": "provider.oci"
                },
                "oci_core_instance.WorkerNode.1": {
                    "type": "oci_core_instance",
                    "depends_on": [
                        "data.oci_identity_availability_domains.ADs",
                        "oci_core_subnet.private.*"
                    ],
                    "primary": {
                        "id": "ocid1.instance.oc1.phx.abyhqljtgizracbjrekvracg4skg74yhdlw4wvuy4pda7ranqj3bjkfmzwnq",
                        "attributes": {
                            "availability_domain": "YVsm:PHX-AD-2",
                            "boot_volume_id": "ocid1.bootvolume.oc1.phx.abyhqljtshqvz45lp3kslyujzuynx23hhukoqmw4yxxxigtja5s46uxkl7aa",
                            "compartment_id": "ocid1.compartment.oc1..aaaaaaaapdd2bm7bohozrplwmcygeenb2xkwmojntn2gv4f6pzi5y6i7hmoa",
                            "create_vnic_details.#": "1",
                            "create_vnic_details.0.assign_public_ip": "true",
                            "create_vnic_details.0.defined_tags.%": "0",
                            "create_vnic_details.0.display_name": "CDH Worker 2",
                            "create_vnic_details.0.freeform_tags.%": "0",
                            "create_vnic_details.0.hostname_label": "cdh-worker-2",
                            "create_vnic_details.0.private_ip": "10.0.4.5",
                            "create_vnic_details.0.skip_source_dest_check": "false",
                            "create_vnic_details.0.subnet_id": "ocid1.subnet.oc1.phx.aaaaaaaaqc6zi7aqdrkk3bvccxrjkc74xiuddkg57xdph5x26zjrvhxaamiq",
                            "defined_tags.%": "0",
                            "display_name": "CDH Worker 2",
                            "fault_domain": "FAULT-DOMAIN-1",
                            "freeform_tags.%": "0",
                            "hostname_label": "cdh-worker-2",
                            "id": "ocid1.instance.oc1.phx.abyhqljtgizracbjrekvracg4skg74yhdlw4wvuy4pda7ranqj3bjkfmzwnq",
                            "image": "ocid1.image.oc1.phx.aaaaaaaapnnv2phiyw7apcgtg6kmn572b2mux56ll6j6mck5xti3aw4bnwrq",
                            "launch_mode": "NATIVE",
                            "launch_options.#": "1",
                            "launch_options.0.boot_volume_type": "ISCSI",
                            "launch_options.0.firmware": "UEFI_64",
                            "launch_options.0.network_type": "VFIO",
                            "launch_options.0.remote_data_volume_type": "ISCSI",
                            "metadata.%": "2",
                            "metadata.ssh_authorized_keys": "ssh-rsa AAAAB3NzaC1yc2EAAAADAQABAAABAQCl364sVMiGipqv2iJM/kF8eLfSjuk0qaSwK4bRCBYtO6j8AIEXxkKHFy4KDhosdk/iXJOB3a0kwQ60emfHBRmyYdwFEdiHKgLsDmS/AC9pyFRoDFTgqaNtlpgooVbjdWt+n0j4rJn4a4VhEZwctnN4mbIxwwfKLWjGWwjj/pb5IOGPzD24lyKaHG/PpOHdFaKQiHSftMdGwVUCCxgy/M9F6CZAH5ggu44bff5PQg4sNFnEQifUJqKbGpCpmtbTTKtZHrBx98LO3OLKVYABNRrT/oFoslnXwWKdn3vBiYsXTJjUSgDrfieAHRNfmVxpxWzjBT4zkPJm06d91zvMHhfF opc@terraform-provider",
                            "metadata.user_data": "IyEvYmluL2Jhc2gKIyMgY2xvdWQtaW5pdCBib290c3RyYXAgc2NyaXB0CiMjIFN0b3AgU1NIRCB0byBwcmV2ZW50IHJlbW90ZSBleGVjdXRpb24gZHVyaW5nIHRoaXMgcHJvY2VzcwpzeXN0ZW1jdGwgc3RvcCBzc2hkCiMjIHNldCBzcGVlZHVwPSIxIiB0byBieXBhc3MgaG9zdCByZWJvb3QgLSBzaG91bGQgc2V0IHNlbGludXggdG8gcGVybWlzc2l2ZSBtb2RlIGFsbG93aW5nIGZvciBmYXN0ZXIgZGVwbG95bWVudApzcGVlZHVwPSIxIgppZiBbICRzcGVlZHVwID0gIjAiIF07IHRoZW4gCglpZiBbIC1mIC9ldGMvc2VsaW51eC9jb25maWcgXTsgdGhlbgoJCXNlbGludXhjaGs9YHN1ZG8gY2F0IC9ldGMvc2VsaW51eC9jb25maWcgfCBncmVwIGVuZm9yY2luZ2AKCQlzZWxpbnV4X2Noaz1gZWNobyAtZSAkP2AKCQlpZiBbICRzZWxpbnV4X2NoayA9ICIwIiBdOyB0aGVuCgkJCXN1ZG8gc2VkIC1pLmJhayAncy9TRUxJTlVYPWVuZm9yY2luZy9TRUxJTlVYPWRpc2FibGVkL2cnIC9ldGMvc2VsaW51eC9jb25maWcKCQkJc3VkbyByZWJvb3QKCQlmaQoJZmkKZWxpZiBbICRzcGVlZHVwID0gIjEiIF07IHRoZW4gCiAgICAgICAgaWYgWyAtZiAvZXRjL3NlbGludXgvY29uZmlnIF07IHRoZW4KICAgICAgICAgICAgICAgIHNlbGludXhjaGs9YHN1ZG8gY2F0IC9ldGMvc2VsaW51eC9jb25maWcgfCBncmVwIGVuZm9yY2luZ2AKICAgICAgICAgICAgICAgIHNlbGludXhfY2hrPWBlY2hvIC1lICQ/YAogICAgICAgICAgICAgICAgaWYgWyAkc2VsaW51eF9jaGsgPSAiMCIgXTsgdGhlbgogICAgICAgICAgICAgICAgICAgICAgICBzdWRvIHNlZCAtaS5iYWsgJ3MvU0VMSU5VWD1lbmZvcmNpbmcvU0VMSU5VWD1kaXNhYmxlZC9nJyAvZXRjL3NlbGludXgvY29uZmlnCgkJCXN1ZG8gc2V0ZW5mb3JjZSAwCiAgICAgICAgICAgICAgICBmaQogICAgICAgIGZpCmZpCgojIyBDdXN0b20gQm9vdCBWb2x1bWUgRXh0ZW5zaW9uCnN1ZG8geXVtIC15IGluc3RhbGwgY2xvdWQtdXRpbHMtZ3Jvd3BhcnQKc3VkbyB5dW0gLXkgaW5zdGFsbCBnZGlzawplY2hvICIwIiA+IC9ob21lL29wYy8uZG9uZQpzdWRvIHJlYm9vdAo=",
                            "private_ip": "10.0.4.5",
                            "public_ip": "129.146.139.205",
                            "region": "phx",
                            "shape": "BM.Standard1.36",
                            "source_details.#": "1",
                            "source_details.0.boot_volume_size_in_gbs": "256",
                            "source_details.0.source_id": "ocid1.image.oc1.phx.aaaaaaaapnnv2phiyw7apcgtg6kmn572b2mux56ll6j6mck5xti3aw4bnwrq",
                            "source_details.0.source_type": "image",
                            "state": "RUNNING",
                            "subnet_id": "ocid1.subnet.oc1.phx.aaaaaaaaqc6zi7aqdrkk3bvccxrjkc74xiuddkg57xdph5x26zjrvhxaamiq",
                            "time_created": "2018-10-04 20:38:52.391 +0000 UTC"
                        },
                        "meta": {
                            "e2bfb730-ecaa-11e6-8f88-34363bc7c4c0": {
                                "create": 1800000000000,
                                "delete": 7200000000000,
                                "update": 7200000000000
                            }
                        },
                        "tainted": false
                    },
                    "deposed": [],
                    "provider": "provider.oci"
                },
                "oci_core_instance.WorkerNode.2": {
                    "type": "oci_core_instance",
                    "depends_on": [
                        "data.oci_identity_availability_domains.ADs",
                        "oci_core_subnet.private.*"
                    ],
                    "primary": {
                        "id": "ocid1.instance.oc1.phx.abyhqljtb7pzq2utsgmoalunxmcvgtdngpa7zxspht3hv4wgehtqdyj5kwsa",
                        "attributes": {
                            "availability_domain": "YVsm:PHX-AD-2",
                            "boot_volume_id": "ocid1.bootvolume.oc1.phx.abyhqljtn4cy32qlulifasvlu4b5zkbxfbhxerskivc5ng7watbl26sipgsq",
                            "compartment_id": "ocid1.compartment.oc1..aaaaaaaapdd2bm7bohozrplwmcygeenb2xkwmojntn2gv4f6pzi5y6i7hmoa",
                            "create_vnic_details.#": "1",
                            "create_vnic_details.0.assign_public_ip": "true",
                            "create_vnic_details.0.defined_tags.%": "0",
                            "create_vnic_details.0.display_name": "CDH Worker 3",
                            "create_vnic_details.0.freeform_tags.%": "0",
                            "create_vnic_details.0.hostname_label": "cdh-worker-3",
                            "create_vnic_details.0.private_ip": "10.0.4.3",
                            "create_vnic_details.0.skip_source_dest_check": "false",
                            "create_vnic_details.0.subnet_id": "ocid1.subnet.oc1.phx.aaaaaaaaqc6zi7aqdrkk3bvccxrjkc74xiuddkg57xdph5x26zjrvhxaamiq",
                            "defined_tags.%": "0",
                            "display_name": "CDH Worker 3",
                            "fault_domain": "FAULT-DOMAIN-3",
                            "freeform_tags.%": "0",
                            "hostname_label": "cdh-worker-3",
                            "id": "ocid1.instance.oc1.phx.abyhqljtb7pzq2utsgmoalunxmcvgtdngpa7zxspht3hv4wgehtqdyj5kwsa",
                            "image": "ocid1.image.oc1.phx.aaaaaaaapnnv2phiyw7apcgtg6kmn572b2mux56ll6j6mck5xti3aw4bnwrq",
                            "launch_mode": "NATIVE",
                            "launch_options.#": "1",
                            "launch_options.0.boot_volume_type": "ISCSI",
                            "launch_options.0.firmware": "UEFI_64",
                            "launch_options.0.network_type": "VFIO",
                            "launch_options.0.remote_data_volume_type": "ISCSI",
                            "metadata.%": "2",
                            "metadata.ssh_authorized_keys": "ssh-rsa AAAAB3NzaC1yc2EAAAADAQABAAABAQCl364sVMiGipqv2iJM/kF8eLfSjuk0qaSwK4bRCBYtO6j8AIEXxkKHFy4KDhosdk/iXJOB3a0kwQ60emfHBRmyYdwFEdiHKgLsDmS/AC9pyFRoDFTgqaNtlpgooVbjdWt+n0j4rJn4a4VhEZwctnN4mbIxwwfKLWjGWwjj/pb5IOGPzD24lyKaHG/PpOHdFaKQiHSftMdGwVUCCxgy/M9F6CZAH5ggu44bff5PQg4sNFnEQifUJqKbGpCpmtbTTKtZHrBx98LO3OLKVYABNRrT/oFoslnXwWKdn3vBiYsXTJjUSgDrfieAHRNfmVxpxWzjBT4zkPJm06d91zvMHhfF opc@terraform-provider",
                            "metadata.user_data": "IyEvYmluL2Jhc2gKIyMgY2xvdWQtaW5pdCBib290c3RyYXAgc2NyaXB0CiMjIFN0b3AgU1NIRCB0byBwcmV2ZW50IHJlbW90ZSBleGVjdXRpb24gZHVyaW5nIHRoaXMgcHJvY2VzcwpzeXN0ZW1jdGwgc3RvcCBzc2hkCiMjIHNldCBzcGVlZHVwPSIxIiB0byBieXBhc3MgaG9zdCByZWJvb3QgLSBzaG91bGQgc2V0IHNlbGludXggdG8gcGVybWlzc2l2ZSBtb2RlIGFsbG93aW5nIGZvciBmYXN0ZXIgZGVwbG95bWVudApzcGVlZHVwPSIxIgppZiBbICRzcGVlZHVwID0gIjAiIF07IHRoZW4gCglpZiBbIC1mIC9ldGMvc2VsaW51eC9jb25maWcgXTsgdGhlbgoJCXNlbGludXhjaGs9YHN1ZG8gY2F0IC9ldGMvc2VsaW51eC9jb25maWcgfCBncmVwIGVuZm9yY2luZ2AKCQlzZWxpbnV4X2Noaz1gZWNobyAtZSAkP2AKCQlpZiBbICRzZWxpbnV4X2NoayA9ICIwIiBdOyB0aGVuCgkJCXN1ZG8gc2VkIC1pLmJhayAncy9TRUxJTlVYPWVuZm9yY2luZy9TRUxJTlVYPWRpc2FibGVkL2cnIC9ldGMvc2VsaW51eC9jb25maWcKCQkJc3VkbyByZWJvb3QKCQlmaQoJZmkKZWxpZiBbICRzcGVlZHVwID0gIjEiIF07IHRoZW4gCiAgICAgICAgaWYgWyAtZiAvZXRjL3NlbGludXgvY29uZmlnIF07IHRoZW4KICAgICAgICAgICAgICAgIHNlbGludXhjaGs9YHN1ZG8gY2F0IC9ldGMvc2VsaW51eC9jb25maWcgfCBncmVwIGVuZm9yY2luZ2AKICAgICAgICAgICAgICAgIHNlbGludXhfY2hrPWBlY2hvIC1lICQ/YAogICAgICAgICAgICAgICAgaWYgWyAkc2VsaW51eF9jaGsgPSAiMCIgXTsgdGhlbgogICAgICAgICAgICAgICAgICAgICAgICBzdWRvIHNlZCAtaS5iYWsgJ3MvU0VMSU5VWD1lbmZvcmNpbmcvU0VMSU5VWD1kaXNhYmxlZC9nJyAvZXRjL3NlbGludXgvY29uZmlnCgkJCXN1ZG8gc2V0ZW5mb3JjZSAwCiAgICAgICAgICAgICAgICBmaQogICAgICAgIGZpCmZpCgojIyBDdXN0b20gQm9vdCBWb2x1bWUgRXh0ZW5zaW9uCnN1ZG8geXVtIC15IGluc3RhbGwgY2xvdWQtdXRpbHMtZ3Jvd3BhcnQKc3VkbyB5dW0gLXkgaW5zdGFsbCBnZGlzawplY2hvICIwIiA+IC9ob21lL29wYy8uZG9uZQpzdWRvIHJlYm9vdAo=",
                            "private_ip": "10.0.4.3",
                            "public_ip": "129.146.169.183",
                            "region": "phx",
                            "shape": "BM.Standard1.36",
                            "source_details.#": "1",
                            "source_details.0.boot_volume_size_in_gbs": "256",
                            "source_details.0.source_id": "ocid1.image.oc1.phx.aaaaaaaapnnv2phiyw7apcgtg6kmn572b2mux56ll6j6mck5xti3aw4bnwrq",
                            "source_details.0.source_type": "image",
                            "state": "RUNNING",
                            "subnet_id": "ocid1.subnet.oc1.phx.aaaaaaaaqc6zi7aqdrkk3bvccxrjkc74xiuddkg57xdph5x26zjrvhxaamiq",
                            "time_created": "2018-10-04 20:38:51.364 +0000 UTC"
                        },
                        "meta": {
                            "e2bfb730-ecaa-11e6-8f88-34363bc7c4c0": {
                                "create": 1800000000000,
                                "delete": 7200000000000,
                                "update": 7200000000000
                            }
                        },
                        "tainted": false
                    },
                    "deposed": [],
                    "provider": "provider.oci"
                },
                "oci_core_internet_gateway.cloudera_internet_gateway": {
                    "type": "oci_core_internet_gateway",
                    "depends_on": [
                        "oci_core_virtual_network.cloudera_vcn"
                    ],
                    "primary": {
                        "id": "ocid1.internetgateway.oc1.phx.aaaaaaaafdrwa2xxg3gukl5m6h6os6d52aj7gnk3od3bkgb4nz37tm2vluha",
                        "attributes": {
                            "compartment_id": "ocid1.compartment.oc1..aaaaaaaapdd2bm7bohozrplwmcygeenb2xkwmojntn2gv4f6pzi5y6i7hmoa",
                            "defined_tags.%": "0",
                            "display_name": "cloudera_internet_gateway",
                            "enabled": "true",
                            "freeform_tags.%": "0",
                            "id": "ocid1.internetgateway.oc1.phx.aaaaaaaafdrwa2xxg3gukl5m6h6os6d52aj7gnk3od3bkgb4nz37tm2vluha",
                            "state": "AVAILABLE",
                            "time_created": "2018-10-04 20:38:45.069 +0000 UTC",
                            "vcn_id": "ocid1.vcn.oc1.phx.aaaaaaaaeggonc6nrsv6kyp5be45ik3nm4ibekzovuq6vejmlu4zwmhesa7a"
                        },
                        "meta": {
                            "e2bfb730-ecaa-11e6-8f88-34363bc7c4c0": {
                                "create": 900000000000,
                                "delete": 900000000000,
                                "update": 900000000000
                            }
                        },
                        "tainted": false
                    },
                    "deposed": [],
                    "provider": "provider.oci"
                },
                "oci_core_route_table.RouteForComplete": {
                    "type": "oci_core_route_table",
                    "depends_on": [
                        "oci_core_internet_gateway.cloudera_internet_gateway",
                        "oci_core_virtual_network.cloudera_vcn"
                    ],
                    "primary": {
                        "id": "ocid1.routetable.oc1.phx.aaaaaaaamwblixih44kp6dugtfdukpytog4t2cznmhwznmry3dtmvogdb6oa",
                        "attributes": {
                            "compartment_id": "ocid1.compartment.oc1..aaaaaaaapdd2bm7bohozrplwmcygeenb2xkwmojntn2gv4f6pzi5y6i7hmoa",
                            "defined_tags.%": "0",
                            "display_name": "RouteTableForComplete",
                            "freeform_tags.%": "0",
                            "id": "ocid1.routetable.oc1.phx.aaaaaaaamwblixih44kp6dugtfdukpytog4t2cznmhwznmry3dtmvogdb6oa",
                            "route_rules.#": "1",
                            "route_rules.3330476810.cidr_block": "0.0.0.0/0",
                            "route_rules.3330476810.destination": "0.0.0.0/0",
                            "route_rules.3330476810.destination_type": "CIDR_BLOCK",
                            "route_rules.3330476810.network_entity_id": "ocid1.internetgateway.oc1.phx.aaaaaaaafdrwa2xxg3gukl5m6h6os6d52aj7gnk3od3bkgb4nz37tm2vluha",
                            "state": "AVAILABLE",
                            "time_created": "2018-10-04 20:38:45.78 +0000 UTC",
                            "vcn_id": "ocid1.vcn.oc1.phx.aaaaaaaaeggonc6nrsv6kyp5be45ik3nm4ibekzovuq6vejmlu4zwmhesa7a"
                        },
                        "meta": {
                            "e2bfb730-ecaa-11e6-8f88-34363bc7c4c0": {
                                "create": 900000000000,
                                "delete": 900000000000,
                                "update": 900000000000
                            }
                        },
                        "tainted": false
                    },
                    "deposed": [],
                    "provider": "provider.oci"
                },
                "oci_core_security_list.BastionSubnet": {
                    "type": "oci_core_security_list",
                    "depends_on": [
                        "oci_core_virtual_network.cloudera_vcn"
                    ],
                    "primary": {
                        "id": "ocid1.securitylist.oc1.phx.aaaaaaaa7ayq2fx2na4vb54rjbrmlcfvmzgsgpmsf7dgxdkrxwph3j2smcfa",
                        "attributes": {
                            "compartment_id": "ocid1.compartment.oc1..aaaaaaaapdd2bm7bohozrplwmcygeenb2xkwmojntn2gv4f6pzi5y6i7hmoa",
                            "defined_tags.%": "0",
                            "display_name": "Bastion",
                            "egress_security_rules.#": "1",
                            "egress_security_rules.1420396200.destination": "0.0.0.0/0",
                            "egress_security_rules.1420396200.destination_type": "CIDR_BLOCK",
                            "egress_security_rules.1420396200.icmp_options.#": "0",
                            "egress_security_rules.1420396200.protocol": "6",
                            "egress_security_rules.1420396200.stateless": "false",
                            "egress_security_rules.1420396200.tcp_options.#": "0",
                            "egress_security_rules.1420396200.udp_options.#": "0",
                            "freeform_tags.%": "0",
                            "id": "ocid1.securitylist.oc1.phx.aaaaaaaa7ayq2fx2na4vb54rjbrmlcfvmzgsgpmsf7dgxdkrxwph3j2smcfa",
                            "ingress_security_rules.#": "2",
                            "ingress_security_rules.3057867092.icmp_options.#": "0",
                            "ingress_security_rules.3057867092.protocol": "6",
                            "ingress_security_rules.3057867092.source": "10.0.0.0/16",
                            "ingress_security_rules.3057867092.source_type": "CIDR_BLOCK",
                            "ingress_security_rules.3057867092.stateless": "false",
                            "ingress_security_rules.3057867092.tcp_options.#": "0",
                            "ingress_security_rules.3057867092.udp_options.#": "0",
                            "ingress_security_rules.47193274.icmp_options.#": "0",
                            "ingress_security_rules.47193274.protocol": "6",
                            "ingress_security_rules.47193274.source": "0.0.0.0/0",
                            "ingress_security_rules.47193274.source_type": "CIDR_BLOCK",
                            "ingress_security_rules.47193274.stateless": "false",
                            "ingress_security_rules.47193274.tcp_options.#": "1",
                            "ingress_security_rules.47193274.tcp_options.0.max": "22",
                            "ingress_security_rules.47193274.tcp_options.0.min": "22",
                            "ingress_security_rules.47193274.tcp_options.0.source_port_range.#": "0",
                            "ingress_security_rules.47193274.udp_options.#": "0",
                            "state": "AVAILABLE",
                            "time_created": "2018-10-04 20:38:45.158 +0000 UTC",
                            "vcn_id": "ocid1.vcn.oc1.phx.aaaaaaaaeggonc6nrsv6kyp5be45ik3nm4ibekzovuq6vejmlu4zwmhesa7a"
                        },
                        "meta": {
                            "e2bfb730-ecaa-11e6-8f88-34363bc7c4c0": {
                                "create": 900000000000,
                                "delete": 900000000000,
                                "update": 900000000000
                            }
                        },
                        "tainted": false
                    },
                    "deposed": [],
                    "provider": "provider.oci"
                },
                "oci_core_security_list.PrivateSubnet": {
                    "type": "oci_core_security_list",
                    "depends_on": [
                        "oci_core_virtual_network.cloudera_vcn"
                    ],
                    "primary": {
                        "id": "ocid1.securitylist.oc1.phx.aaaaaaaasnz3zwjgptmc5cwkvwnzfzsc5hzyh26k7csi2k7cruawpqqnhq7q",
                        "attributes": {
                            "compartment_id": "ocid1.compartment.oc1..aaaaaaaapdd2bm7bohozrplwmcygeenb2xkwmojntn2gv4f6pzi5y6i7hmoa",
                            "defined_tags.%": "0",
                            "display_name": "Private",
                            "egress_security_rules.#": "2",
                            "egress_security_rules.1420396200.destination": "0.0.0.0/0",
                            "egress_security_rules.1420396200.destination_type": "CIDR_BLOCK",
                            "egress_security_rules.1420396200.icmp_options.#": "0",
                            "egress_security_rules.1420396200.protocol": "6",
                            "egress_security_rules.1420396200.stateless": "false",
                            "egress_security_rules.1420396200.tcp_options.#": "0",
                            "egress_security_rules.1420396200.udp_options.#": "0",
                            "egress_security_rules.3950006738.destination": "10.0.0.0/16",
                            "egress_security_rules.3950006738.destination_type": "CIDR_BLOCK",
                            "egress_security_rules.3950006738.icmp_options.#": "0",
                            "egress_security_rules.3950006738.protocol": "6",
                            "egress_security_rules.3950006738.stateless": "false",
                            "egress_security_rules.3950006738.tcp_options.#": "0",
                            "egress_security_rules.3950006738.udp_options.#": "0",
                            "freeform_tags.%": "0",
                            "id": "ocid1.securitylist.oc1.phx.aaaaaaaasnz3zwjgptmc5cwkvwnzfzsc5hzyh26k7csi2k7cruawpqqnhq7q",
                            "ingress_security_rules.#": "1",
                            "ingress_security_rules.3057867092.icmp_options.#": "0",
                            "ingress_security_rules.3057867092.protocol": "6",
                            "ingress_security_rules.3057867092.source": "10.0.0.0/16",
                            "ingress_security_rules.3057867092.source_type": "CIDR_BLOCK",
                            "ingress_security_rules.3057867092.stateless": "false",
                            "ingress_security_rules.3057867092.tcp_options.#": "0",
                            "ingress_security_rules.3057867092.udp_options.#": "0",
                            "state": "AVAILABLE",
                            "time_created": "2018-10-04 20:38:45.055 +0000 UTC",
                            "vcn_id": "ocid1.vcn.oc1.phx.aaaaaaaaeggonc6nrsv6kyp5be45ik3nm4ibekzovuq6vejmlu4zwmhesa7a"
                        },
                        "meta": {
                            "e2bfb730-ecaa-11e6-8f88-34363bc7c4c0": {
                                "create": 900000000000,
                                "delete": 900000000000,
                                "update": 900000000000
                            }
                        },
                        "tainted": false
                    },
                    "deposed": [],
                    "provider": "provider.oci"
                },
                "oci_core_security_list.PublicSubnet": {
                    "type": "oci_core_security_list",
                    "depends_on": [
                        "oci_core_virtual_network.cloudera_vcn"
                    ],
                    "primary": {
                        "id": "ocid1.securitylist.oc1.phx.aaaaaaaagdfaveaezf5l5vzpbd3b6bvxyuwfriou2qfkmk3e7l7qwryoruha",
                        "attributes": {
                            "compartment_id": "ocid1.compartment.oc1..aaaaaaaapdd2bm7bohozrplwmcygeenb2xkwmojntn2gv4f6pzi5y6i7hmoa",
                            "defined_tags.%": "0",
                            "display_name": "Public Subnet",
                            "egress_security_rules.#": "1",
                            "egress_security_rules.1420396200.destination": "0.0.0.0/0",
                            "egress_security_rules.1420396200.destination_type": "CIDR_BLOCK",
                            "egress_security_rules.1420396200.icmp_options.#": "0",
                            "egress_security_rules.1420396200.protocol": "6",
                            "egress_security_rules.1420396200.stateless": "false",
                            "egress_security_rules.1420396200.tcp_options.#": "0",
                            "egress_security_rules.1420396200.udp_options.#": "0",
                            "freeform_tags.%": "0",
                            "id": "ocid1.securitylist.oc1.phx.aaaaaaaagdfaveaezf5l5vzpbd3b6bvxyuwfriou2qfkmk3e7l7qwryoruha",
                            "ingress_security_rules.#": "6",
                            "ingress_security_rules.1391285040.icmp_options.#": "0",
                            "ingress_security_rules.1391285040.protocol": "6",
                            "ingress_security_rules.1391285040.source": "0.0.0.0/0",
                            "ingress_security_rules.1391285040.source_type": "CIDR_BLOCK",
                            "ingress_security_rules.1391285040.stateless": "false",
                            "ingress_security_rules.1391285040.tcp_options.#": "1",
                            "ingress_security_rules.1391285040.tcp_options.0.max": "8088",
                            "ingress_security_rules.1391285040.tcp_options.0.min": "8088",
                            "ingress_security_rules.1391285040.tcp_options.0.source_port_range.#": "0",
                            "ingress_security_rules.1391285040.udp_options.#": "0",
                            "ingress_security_rules.1967597605.icmp_options.#": "0",
                            "ingress_security_rules.1967597605.protocol": "6",
                            "ingress_security_rules.1967597605.source": "0.0.0.0/0",
                            "ingress_security_rules.1967597605.source_type": "CIDR_BLOCK",
                            "ingress_security_rules.1967597605.stateless": "false",
                            "ingress_security_rules.1967597605.tcp_options.#": "1",
                            "ingress_security_rules.1967597605.tcp_options.0.max": "7180",
                            "ingress_security_rules.1967597605.tcp_options.0.min": "7180",
                            "ingress_security_rules.1967597605.tcp_options.0.source_port_range.#": "0",
                            "ingress_security_rules.1967597605.udp_options.#": "0",
                            "ingress_security_rules.2733757676.icmp_options.#": "0",
                            "ingress_security_rules.2733757676.protocol": "6",
                            "ingress_security_rules.2733757676.source": "0.0.0.0/0",
                            "ingress_security_rules.2733757676.source_type": "CIDR_BLOCK",
                            "ingress_security_rules.2733757676.stateless": "false",
                            "ingress_security_rules.2733757676.tcp_options.#": "1",
                            "ingress_security_rules.2733757676.tcp_options.0.max": "18630",
                            "ingress_security_rules.2733757676.tcp_options.0.min": "18630",
                            "ingress_security_rules.2733757676.tcp_options.0.source_port_range.#": "0",
                            "ingress_security_rules.2733757676.udp_options.#": "0",
                            "ingress_security_rules.3057867092.icmp_options.#": "0",
                            "ingress_security_rules.3057867092.protocol": "6",
                            "ingress_security_rules.3057867092.source": "10.0.0.0/16",
                            "ingress_security_rules.3057867092.source_type": "CIDR_BLOCK",
                            "ingress_security_rules.3057867092.stateless": "false",
                            "ingress_security_rules.3057867092.tcp_options.#": "0",
                            "ingress_security_rules.3057867092.udp_options.#": "0",
                            "ingress_security_rules.47193274.icmp_options.#": "0",
                            "ingress_security_rules.47193274.protocol": "6",
                            "ingress_security_rules.47193274.source": "0.0.0.0/0",
                            "ingress_security_rules.47193274.source_type": "CIDR_BLOCK",
                            "ingress_security_rules.47193274.stateless": "false",
                            "ingress_security_rules.47193274.tcp_options.#": "1",
                            "ingress_security_rules.47193274.tcp_options.0.max": "22",
                            "ingress_security_rules.47193274.tcp_options.0.min": "22",
                            "ingress_security_rules.47193274.tcp_options.0.source_port_range.#": "0",
                            "ingress_security_rules.47193274.udp_options.#": "0",
                            "ingress_security_rules.892700061.icmp_options.#": "0",
                            "ingress_security_rules.892700061.protocol": "6",
                            "ingress_security_rules.892700061.source": "0.0.0.0/0",
                            "ingress_security_rules.892700061.source_type": "CIDR_BLOCK",
                            "ingress_security_rules.892700061.stateless": "false",
                            "ingress_security_rules.892700061.tcp_options.#": "1",
                            "ingress_security_rules.892700061.tcp_options.0.max": "19888",
                            "ingress_security_rules.892700061.tcp_options.0.min": "19888",
                            "ingress_security_rules.892700061.tcp_options.0.source_port_range.#": "0",
                            "ingress_security_rules.892700061.udp_options.#": "0",
                            "state": "AVAILABLE",
                            "time_created": "2018-10-04 20:38:45.365 +0000 UTC",
                            "vcn_id": "ocid1.vcn.oc1.phx.aaaaaaaaeggonc6nrsv6kyp5be45ik3nm4ibekzovuq6vejmlu4zwmhesa7a"
                        },
                        "meta": {
                            "e2bfb730-ecaa-11e6-8f88-34363bc7c4c0": {
                                "create": 900000000000,
                                "delete": 900000000000,
                                "update": 900000000000
                            }
                        },
                        "tainted": false
                    },
                    "deposed": [],
                    "provider": "provider.oci"
                },
                "oci_core_subnet.bastion.0": {
                    "type": "oci_core_subnet",
                    "depends_on": [
                        "data.oci_identity_availability_domains.ADs",
                        "oci_core_route_table.RouteForComplete",
                        "oci_core_security_list.BastionSubnet",
                        "oci_core_virtual_network.cloudera_vcn"
                    ],
                    "primary": {
                        "id": "ocid1.subnet.oc1.phx.aaaaaaaar64wju3vpnivnajmcwodetfv3u2tcqfiuodvr3zeglqgbnnatvfq",
                        "attributes": {
                            "availability_domain": "YVsm:PHX-AD-1",
                            "cidr_block": "10.0.6.0/24",
                            "compartment_id": "ocid1.compartment.oc1..aaaaaaaapdd2bm7bohozrplwmcygeenb2xkwmojntn2gv4f6pzi5y6i7hmoa",
                            "defined_tags.%": "0",
                            "dhcp_options_id": "ocid1.dhcpoptions.oc1.phx.aaaaaaaa4igaatnjdluc6etm64t3uq2rr5ncexsszsvhyh7etqsm6j7flwfa",
                            "display_name": "bastion_ad0",
                            "dns_label": "bastion0",
                            "freeform_tags.%": "0",
                            "id": "ocid1.subnet.oc1.phx.aaaaaaaar64wju3vpnivnajmcwodetfv3u2tcqfiuodvr3zeglqgbnnatvfq",
                            "prohibit_public_ip_on_vnic": "false",
                            "route_table_id": "ocid1.routetable.oc1.phx.aaaaaaaamwblixih44kp6dugtfdukpytog4t2cznmhwznmry3dtmvogdb6oa",
                            "security_list_ids.#": "1",
                            "security_list_ids.4271690460": "ocid1.securitylist.oc1.phx.aaaaaaaa7ayq2fx2na4vb54rjbrmlcfvmzgsgpmsf7dgxdkrxwph3j2smcfa",
                            "state": "AVAILABLE",
                            "subnet_domain_name": "bastion0.cdhvcn.oraclevcn.com",
                            "time_created": "2018-10-04 20:38:47.305 +0000 UTC",
                            "vcn_id": "ocid1.vcn.oc1.phx.aaaaaaaaeggonc6nrsv6kyp5be45ik3nm4ibekzovuq6vejmlu4zwmhesa7a",
                            "virtual_router_ip": "10.0.6.1",
                            "virtual_router_mac": "00:00:17:C6:4A:D7"
                        },
                        "meta": {
                            "e2bfb730-ecaa-11e6-8f88-34363bc7c4c0": {
                                "create": 900000000000,
                                "delete": 900000000000,
                                "update": 900000000000
                            }
                        },
                        "tainted": false
                    },
                    "deposed": [],
                    "provider": "provider.oci"
                },
                "oci_core_subnet.bastion.1": {
                    "type": "oci_core_subnet",
                    "depends_on": [
                        "data.oci_identity_availability_domains.ADs",
                        "oci_core_route_table.RouteForComplete",
                        "oci_core_security_list.BastionSubnet",
                        "oci_core_virtual_network.cloudera_vcn"
                    ],
                    "primary": {
                        "id": "ocid1.subnet.oc1.phx.aaaaaaaakawwfnw5peagxyrf2kndsqqd7klyneepapppswr4uhkxnsyxy3ra",
                        "attributes": {
                            "availability_domain": "YVsm:PHX-AD-2",
                            "cidr_block": "10.0.7.0/24",
                            "compartment_id": "ocid1.compartment.oc1..aaaaaaaapdd2bm7bohozrplwmcygeenb2xkwmojntn2gv4f6pzi5y6i7hmoa",
                            "defined_tags.%": "0",
                            "dhcp_options_id": "ocid1.dhcpoptions.oc1.phx.aaaaaaaa4igaatnjdluc6etm64t3uq2rr5ncexsszsvhyh7etqsm6j7flwfa",
                            "display_name": "bastion_ad1",
                            "dns_label": "bastion1",
                            "freeform_tags.%": "0",
                            "id": "ocid1.subnet.oc1.phx.aaaaaaaakawwfnw5peagxyrf2kndsqqd7klyneepapppswr4uhkxnsyxy3ra",
                            "prohibit_public_ip_on_vnic": "false",
                            "route_table_id": "ocid1.routetable.oc1.phx.aaaaaaaamwblixih44kp6dugtfdukpytog4t2cznmhwznmry3dtmvogdb6oa",
                            "security_list_ids.#": "1",
                            "security_list_ids.4271690460": "ocid1.securitylist.oc1.phx.aaaaaaaa7ayq2fx2na4vb54rjbrmlcfvmzgsgpmsf7dgxdkrxwph3j2smcfa",
                            "state": "AVAILABLE",
                            "subnet_domain_name": "bastion1.cdhvcn.oraclevcn.com",
                            "time_created": "2018-10-04 20:38:50.173 +0000 UTC",
                            "vcn_id": "ocid1.vcn.oc1.phx.aaaaaaaaeggonc6nrsv6kyp5be45ik3nm4ibekzovuq6vejmlu4zwmhesa7a",
                            "virtual_router_ip": "10.0.7.1",
                            "virtual_router_mac": "00:00:17:C6:4A:D7"
                        },
                        "meta": {
                            "e2bfb730-ecaa-11e6-8f88-34363bc7c4c0": {
                                "create": 900000000000,
                                "delete": 900000000000,
                                "update": 900000000000
                            }
                        },
                        "tainted": false
                    },
                    "deposed": [],
                    "provider": "provider.oci"
                },
                "oci_core_subnet.bastion.2": {
                    "type": "oci_core_subnet",
                    "depends_on": [
                        "data.oci_identity_availability_domains.ADs",
                        "oci_core_route_table.RouteForComplete",
                        "oci_core_security_list.BastionSubnet",
                        "oci_core_virtual_network.cloudera_vcn"
                    ],
                    "primary": {
                        "id": "ocid1.subnet.oc1.phx.aaaaaaaaixwinxr5yhnk2gznzxjbzrvvrmbyfq2umdemsommhp4ezlpokvwq",
                        "attributes": {
                            "availability_domain": "YVsm:PHX-AD-3",
                            "cidr_block": "10.0.8.0/24",
                            "compartment_id": "ocid1.compartment.oc1..aaaaaaaapdd2bm7bohozrplwmcygeenb2xkwmojntn2gv4f6pzi5y6i7hmoa",
                            "defined_tags.%": "0",
                            "dhcp_options_id": "ocid1.dhcpoptions.oc1.phx.aaaaaaaa4igaatnjdluc6etm64t3uq2rr5ncexsszsvhyh7etqsm6j7flwfa",
                            "display_name": "bastion_ad2",
                            "dns_label": "bastion2",
                            "freeform_tags.%": "0",
                            "id": "ocid1.subnet.oc1.phx.aaaaaaaaixwinxr5yhnk2gznzxjbzrvvrmbyfq2umdemsommhp4ezlpokvwq",
                            "prohibit_public_ip_on_vnic": "false",
                            "route_table_id": "ocid1.routetable.oc1.phx.aaaaaaaamwblixih44kp6dugtfdukpytog4t2cznmhwznmry3dtmvogdb6oa",
                            "security_list_ids.#": "1",
                            "security_list_ids.4271690460": "ocid1.securitylist.oc1.phx.aaaaaaaa7ayq2fx2na4vb54rjbrmlcfvmzgsgpmsf7dgxdkrxwph3j2smcfa",
                            "state": "AVAILABLE",
                            "subnet_domain_name": "bastion2.cdhvcn.oraclevcn.com",
                            "time_created": "2018-10-04 20:38:48.236 +0000 UTC",
                            "vcn_id": "ocid1.vcn.oc1.phx.aaaaaaaaeggonc6nrsv6kyp5be45ik3nm4ibekzovuq6vejmlu4zwmhesa7a",
                            "virtual_router_ip": "10.0.8.1",
                            "virtual_router_mac": "00:00:17:C6:4A:D7"
                        },
                        "meta": {
                            "e2bfb730-ecaa-11e6-8f88-34363bc7c4c0": {
                                "create": 900000000000,
                                "delete": 900000000000,
                                "update": 900000000000
                            }
                        },
                        "tainted": false
                    },
                    "deposed": [],
                    "provider": "provider.oci"
                },
                "oci_core_subnet.private.0": {
                    "type": "oci_core_subnet",
                    "depends_on": [
                        "data.oci_identity_availability_domains.ADs",
                        "oci_core_route_table.RouteForComplete",
                        "oci_core_security_list.PrivateSubnet",
                        "oci_core_virtual_network.cloudera_vcn"
                    ],
                    "primary": {
                        "id": "ocid1.subnet.oc1.phx.aaaaaaaac6ztwuv6ds46hjuya76ghyla4awtxeafytkkgxxuyzix22sfgxea",
                        "attributes": {
                            "availability_domain": "YVsm:PHX-AD-1",
                            "cidr_block": "10.0.3.0/24",
                            "compartment_id": "ocid1.compartment.oc1..aaaaaaaapdd2bm7bohozrplwmcygeenb2xkwmojntn2gv4f6pzi5y6i7hmoa",
                            "defined_tags.%": "0",
                            "dhcp_options_id": "ocid1.dhcpoptions.oc1.phx.aaaaaaaa4igaatnjdluc6etm64t3uq2rr5ncexsszsvhyh7etqsm6j7flwfa",
                            "display_name": "private_ad0",
                            "dns_label": "private0",
                            "freeform_tags.%": "0",
                            "id": "ocid1.subnet.oc1.phx.aaaaaaaac6ztwuv6ds46hjuya76ghyla4awtxeafytkkgxxuyzix22sfgxea",
                            "prohibit_public_ip_on_vnic": "false",
                            "route_table_id": "ocid1.routetable.oc1.phx.aaaaaaaamwblixih44kp6dugtfdukpytog4t2cznmhwznmry3dtmvogdb6oa",
                            "security_list_ids.#": "1",
                            "security_list_ids.1718610651": "ocid1.securitylist.oc1.phx.aaaaaaaasnz3zwjgptmc5cwkvwnzfzsc5hzyh26k7csi2k7cruawpqqnhq7q",
                            "state": "AVAILABLE",
                            "subnet_domain_name": "private0.cdhvcn.oraclevcn.com",
                            "time_created": "2018-10-04 20:38:47.804 +0000 UTC",
                            "vcn_id": "ocid1.vcn.oc1.phx.aaaaaaaaeggonc6nrsv6kyp5be45ik3nm4ibekzovuq6vejmlu4zwmhesa7a",
                            "virtual_router_ip": "10.0.3.1",
                            "virtual_router_mac": "00:00:17:C6:4A:D7"
                        },
                        "meta": {
                            "e2bfb730-ecaa-11e6-8f88-34363bc7c4c0": {
                                "create": 900000000000,
                                "delete": 900000000000,
                                "update": 900000000000
                            }
                        },
                        "tainted": false
                    },
                    "deposed": [],
                    "provider": "provider.oci"
                },
                "oci_core_subnet.private.1": {
                    "type": "oci_core_subnet",
                    "depends_on": [
                        "data.oci_identity_availability_domains.ADs",
                        "oci_core_route_table.RouteForComplete",
                        "oci_core_security_list.PrivateSubnet",
                        "oci_core_virtual_network.cloudera_vcn"
                    ],
                    "primary": {
                        "id": "ocid1.subnet.oc1.phx.aaaaaaaaqc6zi7aqdrkk3bvccxrjkc74xiuddkg57xdph5x26zjrvhxaamiq",
                        "attributes": {
                            "availability_domain": "YVsm:PHX-AD-2",
                            "cidr_block": "10.0.4.0/24",
                            "compartment_id": "ocid1.compartment.oc1..aaaaaaaapdd2bm7bohozrplwmcygeenb2xkwmojntn2gv4f6pzi5y6i7hmoa",
                            "defined_tags.%": "0",
                            "dhcp_options_id": "ocid1.dhcpoptions.oc1.phx.aaaaaaaa4igaatnjdluc6etm64t3uq2rr5ncexsszsvhyh7etqsm6j7flwfa",
                            "display_name": "private_ad1",
                            "dns_label": "private1",
                            "freeform_tags.%": "0",
                            "id": "ocid1.subnet.oc1.phx.aaaaaaaaqc6zi7aqdrkk3bvccxrjkc74xiuddkg57xdph5x26zjrvhxaamiq",
                            "prohibit_public_ip_on_vnic": "false",
                            "route_table_id": "ocid1.routetable.oc1.phx.aaaaaaaamwblixih44kp6dugtfdukpytog4t2cznmhwznmry3dtmvogdb6oa",
                            "security_list_ids.#": "1",
                            "security_list_ids.1718610651": "ocid1.securitylist.oc1.phx.aaaaaaaasnz3zwjgptmc5cwkvwnzfzsc5hzyh26k7csi2k7cruawpqqnhq7q",
                            "state": "AVAILABLE",
                            "subnet_domain_name": "private1.cdhvcn.oraclevcn.com",
                            "time_created": "2018-10-04 20:38:48.547 +0000 UTC",
                            "vcn_id": "ocid1.vcn.oc1.phx.aaaaaaaaeggonc6nrsv6kyp5be45ik3nm4ibekzovuq6vejmlu4zwmhesa7a",
                            "virtual_router_ip": "10.0.4.1",
                            "virtual_router_mac": "00:00:17:C6:4A:D7"
                        },
                        "meta": {
                            "e2bfb730-ecaa-11e6-8f88-34363bc7c4c0": {
                                "create": 900000000000,
                                "delete": 900000000000,
                                "update": 900000000000
                            }
                        },
                        "tainted": false
                    },
                    "deposed": [],
                    "provider": "provider.oci"
                },
                "oci_core_subnet.private.2": {
                    "type": "oci_core_subnet",
                    "depends_on": [
                        "data.oci_identity_availability_domains.ADs",
                        "oci_core_route_table.RouteForComplete",
                        "oci_core_security_list.PrivateSubnet",
                        "oci_core_virtual_network.cloudera_vcn"
                    ],
                    "primary": {
                        "id": "ocid1.subnet.oc1.phx.aaaaaaaa7iib4wuotryxt2dndnvid3awupkxaoakf333tppedx5xvpzic2fa",
                        "attributes": {
                            "availability_domain": "YVsm:PHX-AD-3",
                            "cidr_block": "10.0.5.0/24",
                            "compartment_id": "ocid1.compartment.oc1..aaaaaaaapdd2bm7bohozrplwmcygeenb2xkwmojntn2gv4f6pzi5y6i7hmoa",
                            "defined_tags.%": "0",
                            "dhcp_options_id": "ocid1.dhcpoptions.oc1.phx.aaaaaaaa4igaatnjdluc6etm64t3uq2rr5ncexsszsvhyh7etqsm6j7flwfa",
                            "display_name": "private_ad2",
                            "dns_label": "private2",
                            "freeform_tags.%": "0",
                            "id": "ocid1.subnet.oc1.phx.aaaaaaaa7iib4wuotryxt2dndnvid3awupkxaoakf333tppedx5xvpzic2fa",
                            "prohibit_public_ip_on_vnic": "false",
                            "route_table_id": "ocid1.routetable.oc1.phx.aaaaaaaamwblixih44kp6dugtfdukpytog4t2cznmhwznmry3dtmvogdb6oa",
                            "security_list_ids.#": "1",
                            "security_list_ids.1718610651": "ocid1.securitylist.oc1.phx.aaaaaaaasnz3zwjgptmc5cwkvwnzfzsc5hzyh26k7csi2k7cruawpqqnhq7q",
                            "state": "AVAILABLE",
                            "subnet_domain_name": "private2.cdhvcn.oraclevcn.com",
                            "time_created": "2018-10-04 20:38:49.14 +0000 UTC",
                            "vcn_id": "ocid1.vcn.oc1.phx.aaaaaaaaeggonc6nrsv6kyp5be45ik3nm4ibekzovuq6vejmlu4zwmhesa7a",
                            "virtual_router_ip": "10.0.5.1",
                            "virtual_router_mac": "00:00:17:C6:4A:D7"
                        },
                        "meta": {
                            "e2bfb730-ecaa-11e6-8f88-34363bc7c4c0": {
                                "create": 900000000000,
                                "delete": 900000000000,
                                "update": 900000000000
                            }
                        },
                        "tainted": false
                    },
                    "deposed": [],
                    "provider": "provider.oci"
                },
                "oci_core_subnet.public.0": {
                    "type": "oci_core_subnet",
                    "depends_on": [
                        "data.oci_identity_availability_domains.ADs",
                        "oci_core_route_table.RouteForComplete",
                        "oci_core_security_list.PublicSubnet",
                        "oci_core_virtual_network.cloudera_vcn"
                    ],
                    "primary": {
                        "id": "ocid1.subnet.oc1.phx.aaaaaaaatjgxull6ppbgbsutsjduvoogr5nwpp72j7phb2awl74du5j2nsna",
                        "attributes": {
                            "availability_domain": "YVsm:PHX-AD-1",
                            "cidr_block": "10.0.0.0/24",
                            "compartment_id": "ocid1.compartment.oc1..aaaaaaaapdd2bm7bohozrplwmcygeenb2xkwmojntn2gv4f6pzi5y6i7hmoa",
                            "defined_tags.%": "0",
                            "dhcp_options_id": "ocid1.dhcpoptions.oc1.phx.aaaaaaaa4igaatnjdluc6etm64t3uq2rr5ncexsszsvhyh7etqsm6j7flwfa",
                            "display_name": "public_0",
                            "dns_label": "public0",
                            "freeform_tags.%": "0",
                            "id": "ocid1.subnet.oc1.phx.aaaaaaaatjgxull6ppbgbsutsjduvoogr5nwpp72j7phb2awl74du5j2nsna",
                            "prohibit_public_ip_on_vnic": "false",
                            "route_table_id": "ocid1.routetable.oc1.phx.aaaaaaaamwblixih44kp6dugtfdukpytog4t2cznmhwznmry3dtmvogdb6oa",
                            "security_list_ids.#": "1",
                            "security_list_ids.3957051314": "ocid1.securitylist.oc1.phx.aaaaaaaagdfaveaezf5l5vzpbd3b6bvxyuwfriou2qfkmk3e7l7qwryoruha",
                            "state": "AVAILABLE",
                            "subnet_domain_name": "public0.cdhvcn.oraclevcn.com",
                            "time_created": "2018-10-04 20:38:46.707 +0000 UTC",
                            "vcn_id": "ocid1.vcn.oc1.phx.aaaaaaaaeggonc6nrsv6kyp5be45ik3nm4ibekzovuq6vejmlu4zwmhesa7a",
                            "virtual_router_ip": "10.0.0.1",
                            "virtual_router_mac": "00:00:17:C6:4A:D7"
                        },
                        "meta": {
                            "e2bfb730-ecaa-11e6-8f88-34363bc7c4c0": {
                                "create": 900000000000,
                                "delete": 900000000000,
                                "update": 900000000000
                            }
                        },
                        "tainted": false
                    },
                    "deposed": [],
                    "provider": "provider.oci"
                },
                "oci_core_subnet.public.1": {
                    "type": "oci_core_subnet",
                    "depends_on": [
                        "data.oci_identity_availability_domains.ADs",
                        "oci_core_route_table.RouteForComplete",
                        "oci_core_security_list.PublicSubnet",
                        "oci_core_virtual_network.cloudera_vcn"
                    ],
                    "primary": {
                        "id": "ocid1.subnet.oc1.phx.aaaaaaaa43fqhdc35clw2a6dan4jcnjeknd2koxtgeya6vsqrmftb6vlxuza",
                        "attributes": {
                            "availability_domain": "YVsm:PHX-AD-2",
                            "cidr_block": "10.0.1.0/24",
                            "compartment_id": "ocid1.compartment.oc1..aaaaaaaapdd2bm7bohozrplwmcygeenb2xkwmojntn2gv4f6pzi5y6i7hmoa",
                            "defined_tags.%": "0",
                            "dhcp_options_id": "ocid1.dhcpoptions.oc1.phx.aaaaaaaa4igaatnjdluc6etm64t3uq2rr5ncexsszsvhyh7etqsm6j7flwfa",
                            "display_name": "public_1",
                            "dns_label": "public1",
                            "freeform_tags.%": "0",
                            "id": "ocid1.subnet.oc1.phx.aaaaaaaa43fqhdc35clw2a6dan4jcnjeknd2koxtgeya6vsqrmftb6vlxuza",
                            "prohibit_public_ip_on_vnic": "false",
                            "route_table_id": "ocid1.routetable.oc1.phx.aaaaaaaamwblixih44kp6dugtfdukpytog4t2cznmhwznmry3dtmvogdb6oa",
                            "security_list_ids.#": "1",
                            "security_list_ids.3957051314": "ocid1.securitylist.oc1.phx.aaaaaaaagdfaveaezf5l5vzpbd3b6bvxyuwfriou2qfkmk3e7l7qwryoruha",
                            "state": "AVAILABLE",
                            "subnet_domain_name": "public1.cdhvcn.oraclevcn.com",
                            "time_created": "2018-10-04 20:38:52.644 +0000 UTC",
                            "vcn_id": "ocid1.vcn.oc1.phx.aaaaaaaaeggonc6nrsv6kyp5be45ik3nm4ibekzovuq6vejmlu4zwmhesa7a",
                            "virtual_router_ip": "10.0.1.1",
                            "virtual_router_mac": "00:00:17:C6:4A:D7"
                        },
                        "meta": {
                            "e2bfb730-ecaa-11e6-8f88-34363bc7c4c0": {
                                "create": 900000000000,
                                "delete": 900000000000,
                                "update": 900000000000
                            }
                        },
                        "tainted": false
                    },
                    "deposed": [],
                    "provider": "provider.oci"
                },
                "oci_core_subnet.public.2": {
                    "type": "oci_core_subnet",
                    "depends_on": [
                        "data.oci_identity_availability_domains.ADs",
                        "oci_core_route_table.RouteForComplete",
                        "oci_core_security_list.PublicSubnet",
                        "oci_core_virtual_network.cloudera_vcn"
                    ],
                    "primary": {
                        "id": "ocid1.subnet.oc1.phx.aaaaaaaawfzr2xx5eob6ac3qve5jheulagwjtn2lqqplmwnugwwhhcoujajq",
                        "attributes": {
                            "availability_domain": "YVsm:PHX-AD-3",
                            "cidr_block": "10.0.2.0/24",
                            "compartment_id": "ocid1.compartment.oc1..aaaaaaaapdd2bm7bohozrplwmcygeenb2xkwmojntn2gv4f6pzi5y6i7hmoa",
                            "defined_tags.%": "0",
                            "dhcp_options_id": "ocid1.dhcpoptions.oc1.phx.aaaaaaaa4igaatnjdluc6etm64t3uq2rr5ncexsszsvhyh7etqsm6j7flwfa",
                            "display_name": "public_2",
                            "dns_label": "public2",
                            "freeform_tags.%": "0",
                            "id": "ocid1.subnet.oc1.phx.aaaaaaaawfzr2xx5eob6ac3qve5jheulagwjtn2lqqplmwnugwwhhcoujajq",
                            "prohibit_public_ip_on_vnic": "false",
                            "route_table_id": "ocid1.routetable.oc1.phx.aaaaaaaamwblixih44kp6dugtfdukpytog4t2cznmhwznmry3dtmvogdb6oa",
                            "security_list_ids.#": "1",
                            "security_list_ids.3957051314": "ocid1.securitylist.oc1.phx.aaaaaaaagdfaveaezf5l5vzpbd3b6bvxyuwfriou2qfkmk3e7l7qwryoruha",
                            "state": "AVAILABLE",
                            "subnet_domain_name": "public2.cdhvcn.oraclevcn.com",
                            "time_created": "2018-10-04 20:38:46.39 +0000 UTC",
                            "vcn_id": "ocid1.vcn.oc1.phx.aaaaaaaaeggonc6nrsv6kyp5be45ik3nm4ibekzovuq6vejmlu4zwmhesa7a",
                            "virtual_router_ip": "10.0.2.1",
                            "virtual_router_mac": "00:00:17:C6:4A:D7"
                        },
                        "meta": {
                            "e2bfb730-ecaa-11e6-8f88-34363bc7c4c0": {
                                "create": 900000000000,
                                "delete": 900000000000,
                                "update": 900000000000
                            }
                        },
                        "tainted": false
                    },
                    "deposed": [],
                    "provider": "provider.oci"
                },
                "oci_core_virtual_network.cloudera_vcn": {
                    "type": "oci_core_virtual_network",
                    "depends_on": [],
                    "primary": {
                        "id": "ocid1.vcn.oc1.phx.aaaaaaaaeggonc6nrsv6kyp5be45ik3nm4ibekzovuq6vejmlu4zwmhesa7a",
                        "attributes": {
                            "cidr_block": "10.0.0.0/16",
                            "compartment_id": "ocid1.compartment.oc1..aaaaaaaapdd2bm7bohozrplwmcygeenb2xkwmojntn2gv4f6pzi5y6i7hmoa",
                            "default_dhcp_options_id": "ocid1.dhcpoptions.oc1.phx.aaaaaaaa4igaatnjdluc6etm64t3uq2rr5ncexsszsvhyh7etqsm6j7flwfa",
                            "default_route_table_id": "ocid1.routetable.oc1.phx.aaaaaaaae2uva2b3ceggwyw5fij7fjudlpyw74t7et2riti5nvccreez5qyq",
                            "default_security_list_id": "ocid1.securitylist.oc1.phx.aaaaaaaapczk5yt64zubhumytkh4agnc4ref6logt2f3plcbqmgcthezqcxq",
                            "defined_tags.%": "0",
                            "display_name": "cloudera_vcn",
                            "dns_label": "cdhvcn",
                            "freeform_tags.%": "0",
                            "id": "ocid1.vcn.oc1.phx.aaaaaaaaeggonc6nrsv6kyp5be45ik3nm4ibekzovuq6vejmlu4zwmhesa7a",
                            "state": "AVAILABLE",
                            "time_created": "2018-10-04 20:38:44.4 +0000 UTC",
                            "vcn_domain_name": "cdhvcn.oraclevcn.com"
                        },
                        "meta": {
                            "e2bfb730-ecaa-11e6-8f88-34363bc7c4c0": {
                                "create": 900000000000,
                                "delete": 900000000000,
                                "update": 900000000000
                            }
                        },
                        "tainted": false
                    },
                    "deposed": [],
                    "provider": "provider.oci"
                },
                "oci_core_volume.WorkerVolume1.0": {
                    "type": "oci_core_volume",
                    "depends_on": [
                        "data.oci_identity_availability_domains.ADs"
                    ],
                    "primary": {
                        "id": "ocid1.volume.oc1.phx.abyhqljtytz4dpw6xrdrxoj7vcg53pbyfbmnwfetgs7lhqbcjqqsv7a5mhza",
                        "attributes": {
                            "availability_domain": "YVsm:PHX-AD-2",
                            "compartment_id": "ocid1.compartment.oc1..aaaaaaaapdd2bm7bohozrplwmcygeenb2xkwmojntn2gv4f6pzi5y6i7hmoa",
                            "defined_tags.%": "0",
                            "display_name": "CDH Worker 1 Volume 1",
                            "freeform_tags.%": "0",
                            "id": "ocid1.volume.oc1.phx.abyhqljtytz4dpw6xrdrxoj7vcg53pbyfbmnwfetgs7lhqbcjqqsv7a5mhza",
                            "is_hydrated": "true",
                            "size_in_gbs": "1024",
                            "size_in_mbs": "1048576",
                            "source_details.#": "0",
                            "state": "AVAILABLE",
                            "time_created": "2018-10-04 20:38:44.015 +0000 UTC"
                        },
                        "meta": {
                            "e2bfb730-ecaa-11e6-8f88-34363bc7c4c0": {
                                "create": 900000000000,
                                "delete": 900000000000,
                                "update": 900000000000
                            }
                        },
                        "tainted": false
                    },
                    "deposed": [],
                    "provider": "provider.oci"
                },
                "oci_core_volume.WorkerVolume1.1": {
                    "type": "oci_core_volume",
                    "depends_on": [
                        "data.oci_identity_availability_domains.ADs"
                    ],
                    "primary": {
                        "id": "ocid1.volume.oc1.phx.abyhqljtadxbnouwnn5qrhifgvrhvcvyq5lmzsffsfrh2xq7umbyxzf2ryxq",
                        "attributes": {
                            "availability_domain": "YVsm:PHX-AD-2",
                            "compartment_id": "ocid1.compartment.oc1..aaaaaaaapdd2bm7bohozrplwmcygeenb2xkwmojntn2gv4f6pzi5y6i7hmoa",
                            "defined_tags.%": "0",
                            "display_name": "CDH Worker 2 Volume 1",
                            "freeform_tags.%": "0",
                            "id": "ocid1.volume.oc1.phx.abyhqljtadxbnouwnn5qrhifgvrhvcvyq5lmzsffsfrh2xq7umbyxzf2ryxq",
                            "is_hydrated": "true",
                            "size_in_gbs": "1024",
                            "size_in_mbs": "1048576",
                            "source_details.#": "0",
                            "state": "AVAILABLE",
                            "time_created": "2018-10-04 20:38:44.178 +0000 UTC"
                        },
                        "meta": {
                            "e2bfb730-ecaa-11e6-8f88-34363bc7c4c0": {
                                "create": 900000000000,
                                "delete": 900000000000,
                                "update": 900000000000
                            }
                        },
                        "tainted": false
                    },
                    "deposed": [],
                    "provider": "provider.oci"
                },
                "oci_core_volume.WorkerVolume1.2": {
                    "type": "oci_core_volume",
                    "depends_on": [
                        "data.oci_identity_availability_domains.ADs"
                    ],
                    "primary": {
                        "id": "ocid1.volume.oc1.phx.abyhqljtc4bjjnmjysim6e5o4rtj25erckzxhyipfbwrs2fhhh3cerjtiela",
                        "attributes": {
                            "availability_domain": "YVsm:PHX-AD-2",
                            "compartment_id": "ocid1.compartment.oc1..aaaaaaaapdd2bm7bohozrplwmcygeenb2xkwmojntn2gv4f6pzi5y6i7hmoa",
                            "defined_tags.%": "0",
                            "display_name": "CDH Worker 3 Volume 1",
                            "freeform_tags.%": "0",
                            "id": "ocid1.volume.oc1.phx.abyhqljtc4bjjnmjysim6e5o4rtj25erckzxhyipfbwrs2fhhh3cerjtiela",
                            "is_hydrated": "true",
                            "size_in_gbs": "1024",
                            "size_in_mbs": "1048576",
                            "source_details.#": "0",
                            "state": "AVAILABLE",
                            "time_created": "2018-10-04 20:38:43.936 +0000 UTC"
                        },
                        "meta": {
                            "e2bfb730-ecaa-11e6-8f88-34363bc7c4c0": {
                                "create": 900000000000,
                                "delete": 900000000000,
                                "update": 900000000000
                            }
                        },
                        "tainted": false
                    },
                    "deposed": [],
                    "provider": "provider.oci"
                },
                "oci_core_volume_attachment.WorkerAttachment1.0": {
                    "type": "oci_core_volume_attachment",
                    "depends_on": [
                        "oci_core_instance.WorkerNode.*",
                        "oci_core_volume.WorkerVolume1.*"
                    ],
                    "primary": {
                        "id": "ocid1.volumeattachment.oc1.phx.abyhqljt27egrza4epcvpiw5wpr3ujywwqs47xyvonykxu53fixfyxz3km5a",
                        "attributes": {
                            "attachment_type": "iscsi",
                            "availability_domain": "YVsm:PHX-AD-2",
                            "compartment_id": "ocid1.compartment.oc1..aaaaaaaapdd2bm7bohozrplwmcygeenb2xkwmojntn2gv4f6pzi5y6i7hmoa",
                            "display_name": "volumeattachment20181004204149",
                            "id": "ocid1.volumeattachment.oc1.phx.abyhqljt27egrza4epcvpiw5wpr3ujywwqs47xyvonykxu53fixfyxz3km5a",
                            "instance_id": "ocid1.instance.oc1.phx.abyhqljtr26nf5pw5tbw7xkobfz5krtqtooa3dsj4vekhkiaaw42pecqyr2q",
                            "ipv4": "169.254.2.2",
                            "iqn": "iqn.2015-12.com.oracleiaas:dafb7345-40c1-4255-a5d7-1e665bf01c30",
                            "is_read_only": "false",
                            "port": "3260",
                            "state": "ATTACHED",
                            "time_created": "2018-10-04 20:41:49.655 +0000 UTC",
                            "volume_id": "ocid1.volume.oc1.phx.abyhqljtytz4dpw6xrdrxoj7vcg53pbyfbmnwfetgs7lhqbcjqqsv7a5mhza"
                        },
                        "meta": {
                            "e2bfb730-ecaa-11e6-8f88-34363bc7c4c0": {
                                "create": 900000000000,
                                "delete": 900000000000,
                                "update": 900000000000
                            }
                        },
                        "tainted": false
                    },
                    "deposed": [],
                    "provider": "provider.oci"
                },
                "oci_core_volume_attachment.WorkerAttachment1.1": {
                    "type": "oci_core_volume_attachment",
                    "depends_on": [
                        "oci_core_instance.WorkerNode.*",
                        "oci_core_volume.WorkerVolume1.*"
                    ],
                    "primary": {
                        "id": "ocid1.volumeattachment.oc1.phx.abyhqljtea3kffr6zhk4qnh4d7ozvrzdtgxlko3en35jws67kkdminkxo25q",
                        "attributes": {
                            "attachment_type": "iscsi",
                            "availability_domain": "YVsm:PHX-AD-2",
                            "compartment_id": "ocid1.compartment.oc1..aaaaaaaapdd2bm7bohozrplwmcygeenb2xkwmojntn2gv4f6pzi5y6i7hmoa",
                            "display_name": "volumeattachment20181004204149",
                            "id": "ocid1.volumeattachment.oc1.phx.abyhqljtea3kffr6zhk4qnh4d7ozvrzdtgxlko3en35jws67kkdminkxo25q",
                            "instance_id": "ocid1.instance.oc1.phx.abyhqljtgizracbjrekvracg4skg74yhdlw4wvuy4pda7ranqj3bjkfmzwnq",
                            "ipv4": "169.254.2.2",
                            "iqn": "iqn.2015-12.com.oracleiaas:ea3c7643-d9ba-42b0-8ace-f94f11059cb3",
                            "is_read_only": "false",
                            "port": "3260",
                            "state": "ATTACHED",
                            "time_created": "2018-10-04 20:41:49.567 +0000 UTC",
                            "volume_id": "ocid1.volume.oc1.phx.abyhqljtadxbnouwnn5qrhifgvrhvcvyq5lmzsffsfrh2xq7umbyxzf2ryxq"
                        },
                        "meta": {
                            "e2bfb730-ecaa-11e6-8f88-34363bc7c4c0": {
                                "create": 900000000000,
                                "delete": 900000000000,
                                "update": 900000000000
                            }
                        },
                        "tainted": false
                    },
                    "deposed": [],
                    "provider": "provider.oci"
                },
                "oci_core_volume_attachment.WorkerAttachment1.2": {
                    "type": "oci_core_volume_attachment",
                    "depends_on": [
                        "oci_core_instance.WorkerNode.*",
                        "oci_core_volume.WorkerVolume1.*"
                    ],
                    "primary": {
                        "id": "ocid1.volumeattachment.oc1.phx.abyhqljtyvfzmuishmbyz267otfd4ozgcth6r2b52m4q5pnl233wujsoza7q",
                        "attributes": {
                            "attachment_type": "iscsi",
                            "availability_domain": "YVsm:PHX-AD-2",
                            "compartment_id": "ocid1.compartment.oc1..aaaaaaaapdd2bm7bohozrplwmcygeenb2xkwmojntn2gv4f6pzi5y6i7hmoa",
                            "display_name": "volumeattachment20181004204150",
                            "id": "ocid1.volumeattachment.oc1.phx.abyhqljtyvfzmuishmbyz267otfd4ozgcth6r2b52m4q5pnl233wujsoza7q",
                            "instance_id": "ocid1.instance.oc1.phx.abyhqljtb7pzq2utsgmoalunxmcvgtdngpa7zxspht3hv4wgehtqdyj5kwsa",
                            "ipv4": "169.254.2.2",
                            "iqn": "iqn.2015-12.com.oracleiaas:183ea8fe-cf1d-4049-9cfd-ab10fee932c5",
                            "is_read_only": "false",
                            "port": "3260",
                            "state": "ATTACHED",
                            "time_created": "2018-10-04 20:41:50.334 +0000 UTC",
                            "volume_id": "ocid1.volume.oc1.phx.abyhqljtc4bjjnmjysim6e5o4rtj25erckzxhyipfbwrs2fhhh3cerjtiela"
                        },
                        "meta": {
                            "e2bfb730-ecaa-11e6-8f88-34363bc7c4c0": {
                                "create": 900000000000,
                                "delete": 900000000000,
                                "update": 900000000000
                            }
                        },
                        "tainted": false
                    },
                    "deposed": [],
                    "provider": "provider.oci"
                }
            },
            "depends_on": []
        }
    ]
}
