{
    "version": 3,
    "terraform_version": "0.11.8",
    "serial": 2,
    "lineage": "137c1ec3-d171-125a-041e-727fc6ea1316",
    "modules": [
        {
            "path": [
                "root"
            ],
            "outputs": {
                "1 - Sandbox SSH": {
                    "sensitive": false,
                    "type": "string",
                    "value": "\n\tssh -i ~/.ssh/id_rsa opc@129.146.85.164\n\n"
                },
                "2 - Cloudera Guided Demo": {
                    "sensitive": false,
                    "type": "string",
                    "value": "\t\n\thttp://129.146.85.164/\n\n"
                },
                "3 - HUE Login": {
                    "sensitive": false,
                    "type": "string",
                    "value": "\n\thttp://129.146.85.164:8888/\n\n"
                },
                "4 - Cloudera Manager Login": {
                    "sensitive": false,
                    "type": "string",
                    "value": "\n\thttp://129.146.85.164:7180/cmf/\n\n"
                }
            },
            "resources": {
                "data.oci_core_vnic.sandbox_vnic": {
                    "type": "oci_core_vnic",
                    "depends_on": [
                        "data.oci_core_vnic_attachments.sandbox_vnics"
                    ],
                    "primary": {
                        "id": "ocid1.vnic.oc1.phx.abyhqljtd2kqfbti65wx5qdhviletutu4s7rxpwdaaa67wqtasndwuezmida",
                        "attributes": {
                            "availability_domain": "YVsm:PHX-AD-2",
                            "compartment_id": "ocid1.compartment.oc1..aaaaaaaapdd2bm7bohozrplwmcygeenb2xkwmojntn2gv4f6pzi5y6i7hmoa",
                            "defined_tags.%": "0",
                            "display_name": "CDH Sandbox",
                            "freeform_tags.%": "0",
                            "hostname_label": "cdh-sandbox",
                            "id": "ocid1.vnic.oc1.phx.abyhqljtd2kqfbti65wx5qdhviletutu4s7rxpwdaaa67wqtasndwuezmida",
                            "is_primary": "true",
                            "mac_address": "00:00:17:02:3C:34",
                            "private_ip_address": "10.0.1.2",
                            "public_ip_address": "129.146.85.164",
                            "skip_source_dest_check": "false",
                            "state": "AVAILABLE",
                            "subnet_id": "ocid1.subnet.oc1.phx.aaaaaaaadjdxng7xusyf4nhfnickzjtbqwqj3nrmqak6vg3q3nbfm2qhefbq",
                            "time_created": "2018-10-04 04:10:42.608 +0000 UTC",
                            "vnic_id": "ocid1.vnic.oc1.phx.abyhqljtd2kqfbti65wx5qdhviletutu4s7rxpwdaaa67wqtasndwuezmida"
                        },
                        "meta": {},
                        "tainted": false
                    },
                    "deposed": [],
                    "provider": "provider.oci"
                },
                "data.oci_core_vnic_attachments.sandbox_vnics": {
                    "type": "oci_core_vnic_attachments",
                    "depends_on": [
                        "data.oci_identity_availability_domains.ADs",
                        "oci_core_instance.Sandbox"
                    ],
                    "primary": {
                        "id": "2018-10-04 04:12:16.853016 +0000 UTC",
                        "attributes": {
                            "availability_domain": "YVsm:PHX-AD-2",
                            "compartment_id": "ocid1.compartment.oc1..aaaaaaaapdd2bm7bohozrplwmcygeenb2xkwmojntn2gv4f6pzi5y6i7hmoa",
                            "id": "2018-10-04 04:12:16.853016 +0000 UTC",
                            "instance_id": "ocid1.instance.oc1.phx.abyhqljtyemg6vmhenrwwrecdvx2nrwhqgtrsloazhvbsxbwww5wv4swqbqa",
                            "vnic_attachments.#": "1",
                            "vnic_attachments.0.availability_domain": "YVsm:PHX-AD-2",
                            "vnic_attachments.0.compartment_id": "ocid1.compartment.oc1..aaaaaaaapdd2bm7bohozrplwmcygeenb2xkwmojntn2gv4f6pzi5y6i7hmoa",
                            "vnic_attachments.0.create_vnic_details.#": "0",
                            "vnic_attachments.0.display_name": "",
                            "vnic_attachments.0.id": "ocid1.vnicattachment.oc1.phx.abyhqljtqgod5g2dpmb4mlw37zm6tge37ynpqtbsp4zdq7dfwr7pfkotw6eq",
                            "vnic_attachments.0.instance_id": "ocid1.instance.oc1.phx.abyhqljtyemg6vmhenrwwrecdvx2nrwhqgtrsloazhvbsxbwww5wv4swqbqa",
                            "vnic_attachments.0.nic_index": "0",
                            "vnic_attachments.0.state": "ATTACHED",
                            "vnic_attachments.0.subnet_id": "ocid1.subnet.oc1.phx.aaaaaaaadjdxng7xusyf4nhfnickzjtbqwqj3nrmqak6vg3q3nbfm2qhefbq",
                            "vnic_attachments.0.time_created": "2018-10-04 04:10:43.015 +0000 UTC",
                            "vnic_attachments.0.vlan_tag": "3501",
                            "vnic_attachments.0.vnic_id": "ocid1.vnic.oc1.phx.abyhqljtd2kqfbti65wx5qdhviletutu4s7rxpwdaaa67wqtasndwuezmida"
                        },
                        "meta": {},
                        "tainted": false
                    },
                    "deposed": [],
                    "provider": "provider.oci"
                },
                "data.oci_identity_availability_domains.ADs": {
                    "type": "oci_identity_availability_domains",
                    "depends_on": [],
                    "primary": {
                        "id": "2018-10-04 04:10:25.778787 +0000 UTC",
                        "attributes": {
                            "availability_domains.#": "3",
                            "availability_domains.0.compartment_id": "ocid1.tenancy.oc1..aaaaaaaaebxriz7y7egelwfkjdbnjdvq6k5vaaxo3o35fvfzf3g7ryvxevka",
                            "availability_domains.0.name": "YVsm:PHX-AD-1",
                            "availability_domains.1.compartment_id": "ocid1.tenancy.oc1..aaaaaaaaebxriz7y7egelwfkjdbnjdvq6k5vaaxo3o35fvfzf3g7ryvxevka",
                            "availability_domains.1.name": "YVsm:PHX-AD-2",
                            "availability_domains.2.compartment_id": "ocid1.tenancy.oc1..aaaaaaaaebxriz7y7egelwfkjdbnjdvq6k5vaaxo3o35fvfzf3g7ryvxevka",
                            "availability_domains.2.name": "YVsm:PHX-AD-3",
                            "compartment_id": "ocid1.tenancy.oc1..aaaaaaaaebxriz7y7egelwfkjdbnjdvq6k5vaaxo3o35fvfzf3g7ryvxevka",
                            "id": "2018-10-04 04:10:25.778787 +0000 UTC"
                        },
                        "meta": {},
                        "tainted": false
                    },
                    "deposed": [],
                    "provider": "provider.oci"
                },
                "null_resource.cdh-setup": {
                    "type": "null_resource",
                    "depends_on": [
                        "data.oci_core_vnic.sandbox_vnic",
                        "oci_core_instance.Sandbox"
                    ],
                    "primary": {
                        "id": "6471039223364560349",
                        "attributes": {
                            "id": "6471039223364560349"
                        },
                        "meta": {},
                        "tainted": true
                    },
                    "deposed": [],
                    "provider": "provider.null"
                },
                "oci_core_instance.Sandbox": {
                    "type": "oci_core_instance",
                    "depends_on": [
                        "data.oci_identity_availability_domains.ADs",
                        "oci_core_subnet.public.*"
                    ],
                    "primary": {
                        "id": "ocid1.instance.oc1.phx.abyhqljtyemg6vmhenrwwrecdvx2nrwhqgtrsloazhvbsxbwww5wv4swqbqa",
                        "attributes": {
                            "availability_domain": "YVsm:PHX-AD-2",
                            "boot_volume_id": "ocid1.bootvolume.oc1.phx.abyhqljtagwjkslytngt56cirmcma2j7cishq4hgvc72d4hpvpep6glgk3aa",
                            "compartment_id": "ocid1.compartment.oc1..aaaaaaaapdd2bm7bohozrplwmcygeenb2xkwmojntn2gv4f6pzi5y6i7hmoa",
                            "create_vnic_details.#": "1",
                            "create_vnic_details.0.assign_public_ip": "true",
                            "create_vnic_details.0.defined_tags.%": "0",
                            "create_vnic_details.0.display_name": "CDH Sandbox",
                            "create_vnic_details.0.freeform_tags.%": "0",
                            "create_vnic_details.0.hostname_label": "cdh-sandbox",
                            "create_vnic_details.0.private_ip": "10.0.1.2",
                            "create_vnic_details.0.skip_source_dest_check": "false",
                            "create_vnic_details.0.subnet_id": "ocid1.subnet.oc1.phx.aaaaaaaadjdxng7xusyf4nhfnickzjtbqwqj3nrmqak6vg3q3nbfm2qhefbq",
                            "defined_tags.%": "0",
                            "display_name": "CDH Sandbox",
                            "fault_domain": "FAULT-DOMAIN-2",
                            "freeform_tags.%": "0",
                            "hostname_label": "cdh-sandbox",
                            "id": "ocid1.instance.oc1.phx.abyhqljtyemg6vmhenrwwrecdvx2nrwhqgtrsloazhvbsxbwww5wv4swqbqa",
                            "image": "ocid1.image.oc1.phx.aaaaaaaapnnv2phiyw7apcgtg6kmn572b2mux56ll6j6mck5xti3aw4bnwrq",
                            "launch_mode": "NATIVE",
                            "launch_options.#": "1",
                            "launch_options.0.boot_volume_type": "ISCSI",
                            "launch_options.0.firmware": "UEFI_64",
                            "launch_options.0.network_type": "VFIO",
                            "launch_options.0.remote_data_volume_type": "PARAVIRTUALIZED",
                            "metadata.%": "2",
                            "metadata.ssh_authorized_keys": "ssh-rsa AAAAB3NzaC1yc2EAAAADAQABAAABAQCl364sVMiGipqv2iJM/kF8eLfSjuk0qaSwK4bRCBYtO6j8AIEXxkKHFy4KDhosdk/iXJOB3a0kwQ60emfHBRmyYdwFEdiHKgLsDmS/AC9pyFRoDFTgqaNtlpgooVbjdWt+n0j4rJn4a4VhEZwctnN4mbIxwwfKLWjGWwjj/pb5IOGPzD24lyKaHG/PpOHdFaKQiHSftMdGwVUCCxgy/M9F6CZAH5ggu44bff5PQg4sNFnEQifUJqKbGpCpmtbTTKtZHrBx98LO3OLKVYABNRrT/oFoslnXwWKdn3vBiYsXTJjUSgDrfieAHRNfmVxpxWzjBT4zkPJm06d91zvMHhfF opc@terraform-provider",
                            "metadata.user_data": "IyEvYmluL2Jhc2gKIyMgY2xvdWQtaW5pdCBib290c3RyYXAgc2NyaXB0CiMjIHNldCBzcGVlZHVwPSIxIiB0byBieXBhc3MgaG9zdCByZWJvb3QgLSBzaG91bGQgc2V0IHNlbGludXggdG8gcGVybWlzc2l2ZSBtb2RlIGFsbG93aW5nIGZvciBmYXN0ZXIgZGVwbG95bWVudApzcGVlZHVwPSIxIgppZiBbICRzcGVlZHVwID0gIjAiIF07IHRoZW4gCglpZiBbIC1mIC9ldGMvc2VsaW51eC9jb25maWcgXTsgdGhlbgoJCXNlbGludXhjaGs9YHN1ZG8gY2F0IC9ldGMvc2VsaW51eC9jb25maWcgfCBncmVwIGVuZm9yY2luZ2AKCQlzZWxpbnV4X2Noaz1gZWNobyAtZSAkP2AKCQlpZiBbICRzZWxpbnV4X2NoayA9ICIwIiBdOyB0aGVuCgkJCXN1ZG8gc2VkIC1pLmJhayAncy9TRUxJTlVYPWVuZm9yY2luZy9TRUxJTlVYPWRpc2FibGVkL2cnIC9ldGMvc2VsaW51eC9jb25maWcKCQkJc3VkbyByZWJvb3QKCQlmaQoJZmkKZWxpZiBbICRzcGVlZHVwID0gIjEiIF07IHRoZW4gCiAgICAgICAgaWYgWyAtZiAvZXRjL3NlbGludXgvY29uZmlnIF07IHRoZW4KICAgICAgICAgICAgICAgIHNlbGludXhjaGs9YHN1ZG8gY2F0IC9ldGMvc2VsaW51eC9jb25maWcgfCBncmVwIGVuZm9yY2luZ2AKICAgICAgICAgICAgICAgIHNlbGludXhfY2hrPWBlY2hvIC1lICQ/YAogICAgICAgICAgICAgICAgaWYgWyAkc2VsaW51eF9jaGsgPSAiMCIgXTsgdGhlbgogICAgICAgICAgICAgICAgICAgICAgICBzdWRvIHNlZCAtaS5iYWsgJ3MvU0VMSU5VWD1lbmZvcmNpbmcvU0VMSU5VWD1kaXNhYmxlZC9nJyAvZXRjL3NlbGludXgvY29uZmlnCgkJCXN1ZG8gc2V0ZW5mb3JjZSAwCiAgICAgICAgICAgICAgICBmaQogICAgICAgIGZpCmZpCgojIyBDdXN0b20gQm9vdCBWb2x1bWUgRXh0ZW5zaW9uCnN1ZG8geXVtIC15IGluc3RhbGwgY2xvdWQtdXRpbHMtZ3Jvd3BhcnQKc3VkbyB5dW0gLXkgaW5zdGFsbCBnZGlzawpzdWRvIHJlYm9vdAo=",
                            "private_ip": "10.0.1.2",
                            "public_ip": "129.146.85.164",
                            "region": "phx",
                            "shape": "VM.Standard2.8",
                            "source_details.#": "1",
                            "source_details.0.boot_volume_size_in_gbs": "256",
                            "source_details.0.source_id": "ocid1.image.oc1.phx.aaaaaaaapnnv2phiyw7apcgtg6kmn572b2mux56ll6j6mck5xti3aw4bnwrq",
                            "source_details.0.source_type": "image",
                            "state": "RUNNING",
                            "subnet_id": "ocid1.subnet.oc1.phx.aaaaaaaadjdxng7xusyf4nhfnickzjtbqwqj3nrmqak6vg3q3nbfm2qhefbq",
                            "time_created": "2018-10-04 04:10:35.899 +0000 UTC"
                        },
                        "meta": {
                            "e2bfb730-ecaa-11e6-8f88-34363bc7c4c0": {
                                "create": 1800000000000,
                                "delete": 7200000000000,
                                "update": 7200000000000
                            }
                        },
                        "tainted": false
                    },
                    "deposed": [],
                    "provider": "provider.oci"
                },
                "oci_core_internet_gateway.cloudera_internet_gateway": {
                    "type": "oci_core_internet_gateway",
                    "depends_on": [
                        "oci_core_virtual_network.cloudera_vcn"
                    ],
                    "primary": {
                        "id": "ocid1.internetgateway.oc1.phx.aaaaaaaa3yyvc55vep6mdahbtsk3ezyg4d3ihnkvbivjvodwohul7wihfzoq",
                        "attributes": {
                            "compartment_id": "ocid1.compartment.oc1..aaaaaaaapdd2bm7bohozrplwmcygeenb2xkwmojntn2gv4f6pzi5y6i7hmoa",
                            "defined_tags.%": "0",
                            "display_name": "cloudera_internet_gateway",
                            "enabled": "true",
                            "freeform_tags.%": "0",
                            "id": "ocid1.internetgateway.oc1.phx.aaaaaaaa3yyvc55vep6mdahbtsk3ezyg4d3ihnkvbivjvodwohul7wihfzoq",
                            "state": "AVAILABLE",
                            "time_created": "2018-10-04 04:10:28.537 +0000 UTC",
                            "vcn_id": "ocid1.vcn.oc1.phx.aaaaaaaagcfrly36fipkuceof3s7pph7dzshnln75ab747y7ndb5s53piogq"
                        },
                        "meta": {
                            "e2bfb730-ecaa-11e6-8f88-34363bc7c4c0": {
                                "create": 900000000000,
                                "delete": 900000000000,
                                "update": 900000000000
                            }
                        },
                        "tainted": false
                    },
                    "deposed": [],
                    "provider": "provider.oci"
                },
                "oci_core_route_table.RouteForComplete": {
                    "type": "oci_core_route_table",
                    "depends_on": [
                        "oci_core_internet_gateway.cloudera_internet_gateway",
                        "oci_core_virtual_network.cloudera_vcn"
                    ],
                    "primary": {
                        "id": "ocid1.routetable.oc1.phx.aaaaaaaaqfdhzftv5lxqlbbccsnwiblzrf3nbad3lozzg2n4rtut4tb3oroq",
                        "attributes": {
                            "compartment_id": "ocid1.compartment.oc1..aaaaaaaapdd2bm7bohozrplwmcygeenb2xkwmojntn2gv4f6pzi5y6i7hmoa",
                            "defined_tags.%": "0",
                            "display_name": "RouteTableForComplete",
                            "freeform_tags.%": "0",
                            "id": "ocid1.routetable.oc1.phx.aaaaaaaaqfdhzftv5lxqlbbccsnwiblzrf3nbad3lozzg2n4rtut4tb3oroq",
                            "route_rules.#": "1",
                            "route_rules.3205146169.cidr_block": "0.0.0.0/0",
                            "route_rules.3205146169.destination": "0.0.0.0/0",
                            "route_rules.3205146169.destination_type": "CIDR_BLOCK",
                            "route_rules.3205146169.network_entity_id": "ocid1.internetgateway.oc1.phx.aaaaaaaa3yyvc55vep6mdahbtsk3ezyg4d3ihnkvbivjvodwohul7wihfzoq",
                            "state": "AVAILABLE",
                            "time_created": "2018-10-04 04:10:29.456 +0000 UTC",
                            "vcn_id": "ocid1.vcn.oc1.phx.aaaaaaaagcfrly36fipkuceof3s7pph7dzshnln75ab747y7ndb5s53piogq"
                        },
                        "meta": {
                            "e2bfb730-ecaa-11e6-8f88-34363bc7c4c0": {
                                "create": 900000000000,
                                "delete": 900000000000,
                                "update": 900000000000
                            }
                        },
                        "tainted": false
                    },
                    "deposed": [],
                    "provider": "provider.oci"
                },
                "oci_core_security_list.PublicSubnet": {
                    "type": "oci_core_security_list",
                    "depends_on": [
                        "oci_core_virtual_network.cloudera_vcn"
                    ],
                    "primary": {
                        "id": "ocid1.securitylist.oc1.phx.aaaaaaaa2vuyafxohcnk2f5upzbg363usbtdr5cpkl7y2nlnplv2uij4uwwq",
                        "attributes": {
                            "compartment_id": "ocid1.compartment.oc1..aaaaaaaapdd2bm7bohozrplwmcygeenb2xkwmojntn2gv4f6pzi5y6i7hmoa",
                            "defined_tags.%": "0",
                            "display_name": "Public Subnet",
                            "egress_security_rules.#": "1",
                            "egress_security_rules.1420396200.destination": "0.0.0.0/0",
                            "egress_security_rules.1420396200.destination_type": "CIDR_BLOCK",
                            "egress_security_rules.1420396200.icmp_options.#": "0",
                            "egress_security_rules.1420396200.protocol": "6",
                            "egress_security_rules.1420396200.stateless": "false",
                            "egress_security_rules.1420396200.tcp_options.#": "0",
                            "egress_security_rules.1420396200.udp_options.#": "0",
                            "freeform_tags.%": "0",
                            "id": "ocid1.securitylist.oc1.phx.aaaaaaaa2vuyafxohcnk2f5upzbg363usbtdr5cpkl7y2nlnplv2uij4uwwq",
                            "ingress_security_rules.#": "5",
                            "ingress_security_rules.1967597605.icmp_options.#": "0",
                            "ingress_security_rules.1967597605.protocol": "6",
                            "ingress_security_rules.1967597605.source": "0.0.0.0/0",
                            "ingress_security_rules.1967597605.source_type": "CIDR_BLOCK",
                            "ingress_security_rules.1967597605.stateless": "false",
                            "ingress_security_rules.1967597605.tcp_options.#": "1",
                            "ingress_security_rules.1967597605.tcp_options.0.max": "7180",
                            "ingress_security_rules.1967597605.tcp_options.0.min": "7180",
                            "ingress_security_rules.1967597605.tcp_options.0.source_port_range.#": "0",
                            "ingress_security_rules.1967597605.udp_options.#": "0",
                            "ingress_security_rules.3057867092.icmp_options.#": "0",
                            "ingress_security_rules.3057867092.protocol": "6",
                            "ingress_security_rules.3057867092.source": "10.0.0.0/16",
                            "ingress_security_rules.3057867092.source_type": "CIDR_BLOCK",
                            "ingress_security_rules.3057867092.stateless": "false",
                            "ingress_security_rules.3057867092.tcp_options.#": "0",
                            "ingress_security_rules.3057867092.udp_options.#": "0",
                            "ingress_security_rules.3861548008.icmp_options.#": "0",
                            "ingress_security_rules.3861548008.protocol": "6",
                            "ingress_security_rules.3861548008.source": "0.0.0.0/0",
                            "ingress_security_rules.3861548008.source_type": "CIDR_BLOCK",
                            "ingress_security_rules.3861548008.stateless": "false",
                            "ingress_security_rules.3861548008.tcp_options.#": "1",
                            "ingress_security_rules.3861548008.tcp_options.0.max": "80",
                            "ingress_security_rules.3861548008.tcp_options.0.min": "80",
                            "ingress_security_rules.3861548008.tcp_options.0.source_port_range.#": "0",
                            "ingress_security_rules.3861548008.udp_options.#": "0",
                            "ingress_security_rules.47193274.icmp_options.#": "0",
                            "ingress_security_rules.47193274.protocol": "6",
                            "ingress_security_rules.47193274.source": "0.0.0.0/0",
                            "ingress_security_rules.47193274.source_type": "CIDR_BLOCK",
                            "ingress_security_rules.47193274.stateless": "false",
                            "ingress_security_rules.47193274.tcp_options.#": "1",
                            "ingress_security_rules.47193274.tcp_options.0.max": "22",
                            "ingress_security_rules.47193274.tcp_options.0.min": "22",
                            "ingress_security_rules.47193274.tcp_options.0.source_port_range.#": "0",
                            "ingress_security_rules.47193274.udp_options.#": "0",
                            "ingress_security_rules.746707399.icmp_options.#": "0",
                            "ingress_security_rules.746707399.protocol": "6",
                            "ingress_security_rules.746707399.source": "0.0.0.0/0",
                            "ingress_security_rules.746707399.source_type": "CIDR_BLOCK",
                            "ingress_security_rules.746707399.stateless": "false",
                            "ingress_security_rules.746707399.tcp_options.#": "1",
                            "ingress_security_rules.746707399.tcp_options.0.max": "8888",
                            "ingress_security_rules.746707399.tcp_options.0.min": "8888",
                            "ingress_security_rules.746707399.tcp_options.0.source_port_range.#": "0",
                            "ingress_security_rules.746707399.udp_options.#": "0",
                            "state": "AVAILABLE",
                            "time_created": "2018-10-04 04:10:28.847 +0000 UTC",
                            "vcn_id": "ocid1.vcn.oc1.phx.aaaaaaaagcfrly36fipkuceof3s7pph7dzshnln75ab747y7ndb5s53piogq"
                        },
                        "meta": {
                            "e2bfb730-ecaa-11e6-8f88-34363bc7c4c0": {
                                "create": 900000000000,
                                "delete": 900000000000,
                                "update": 900000000000
                            }
                        },
                        "tainted": false
                    },
                    "deposed": [],
                    "provider": "provider.oci"
                },
                "oci_core_subnet.public.0": {
                    "type": "oci_core_subnet",
                    "depends_on": [
                        "data.oci_identity_availability_domains.ADs",
                        "oci_core_route_table.RouteForComplete",
                        "oci_core_security_list.PublicSubnet",
                        "oci_core_virtual_network.cloudera_vcn"
                    ],
                    "primary": {
                        "id": "ocid1.subnet.oc1.phx.aaaaaaaap55endykfpd447kfb7v2xwxuuzybm4obk2glhhnkapw6pozhoy5q",
                        "attributes": {
                            "availability_domain": "YVsm:PHX-AD-1",
                            "cidr_block": "10.0.0.0/24",
                            "compartment_id": "ocid1.compartment.oc1..aaaaaaaapdd2bm7bohozrplwmcygeenb2xkwmojntn2gv4f6pzi5y6i7hmoa",
                            "defined_tags.%": "0",
                            "dhcp_options_id": "ocid1.dhcpoptions.oc1.phx.aaaaaaaabsr2reqgmwdd2a6ubbqxgr4oxczztn7lewrtmq62ceoupuqjgixa",
                            "display_name": "public_ad1",
                            "dns_label": "public1",
                            "freeform_tags.%": "0",
                            "id": "ocid1.subnet.oc1.phx.aaaaaaaap55endykfpd447kfb7v2xwxuuzybm4obk2glhhnkapw6pozhoy5q",
                            "prohibit_public_ip_on_vnic": "false",
                            "route_table_id": "ocid1.routetable.oc1.phx.aaaaaaaaqfdhzftv5lxqlbbccsnwiblzrf3nbad3lozzg2n4rtut4tb3oroq",
                            "security_list_ids.#": "1",
                            "security_list_ids.55252490": "ocid1.securitylist.oc1.phx.aaaaaaaa2vuyafxohcnk2f5upzbg363usbtdr5cpkl7y2nlnplv2uij4uwwq",
                            "state": "AVAILABLE",
                            "subnet_domain_name": "public1.cdhvcn.oraclevcn.com",
                            "time_created": "2018-10-04 04:10:31.029 +0000 UTC",
                            "vcn_id": "ocid1.vcn.oc1.phx.aaaaaaaagcfrly36fipkuceof3s7pph7dzshnln75ab747y7ndb5s53piogq",
                            "virtual_router_ip": "10.0.0.1",
                            "virtual_router_mac": "00:00:17:9C:F1:99"
                        },
                        "meta": {
                            "e2bfb730-ecaa-11e6-8f88-34363bc7c4c0": {
                                "create": 900000000000,
                                "delete": 900000000000,
                                "update": 900000000000
                            }
                        },
                        "tainted": false
                    },
                    "deposed": [],
                    "provider": "provider.oci"
                },
                "oci_core_subnet.public.1": {
                    "type": "oci_core_subnet",
                    "depends_on": [
                        "data.oci_identity_availability_domains.ADs",
                        "oci_core_route_table.RouteForComplete",
                        "oci_core_security_list.PublicSubnet",
                        "oci_core_virtual_network.cloudera_vcn"
                    ],
                    "primary": {
                        "id": "ocid1.subnet.oc1.phx.aaaaaaaadjdxng7xusyf4nhfnickzjtbqwqj3nrmqak6vg3q3nbfm2qhefbq",
                        "attributes": {
                            "availability_domain": "YVsm:PHX-AD-2",
                            "cidr_block": "10.0.1.0/24",
                            "compartment_id": "ocid1.compartment.oc1..aaaaaaaapdd2bm7bohozrplwmcygeenb2xkwmojntn2gv4f6pzi5y6i7hmoa",
                            "defined_tags.%": "0",
                            "dhcp_options_id": "ocid1.dhcpoptions.oc1.phx.aaaaaaaabsr2reqgmwdd2a6ubbqxgr4oxczztn7lewrtmq62ceoupuqjgixa",
                            "display_name": "public_ad2",
                            "dns_label": "public2",
                            "freeform_tags.%": "0",
                            "id": "ocid1.subnet.oc1.phx.aaaaaaaadjdxng7xusyf4nhfnickzjtbqwqj3nrmqak6vg3q3nbfm2qhefbq",
                            "prohibit_public_ip_on_vnic": "false",
                            "route_table_id": "ocid1.routetable.oc1.phx.aaaaaaaaqfdhzftv5lxqlbbccsnwiblzrf3nbad3lozzg2n4rtut4tb3oroq",
                            "security_list_ids.#": "1",
                            "security_list_ids.55252490": "ocid1.securitylist.oc1.phx.aaaaaaaa2vuyafxohcnk2f5upzbg363usbtdr5cpkl7y2nlnplv2uij4uwwq",
                            "state": "AVAILABLE",
                            "subnet_domain_name": "public2.cdhvcn.oraclevcn.com",
                            "time_created": "2018-10-04 04:10:31.772 +0000 UTC",
                            "vcn_id": "ocid1.vcn.oc1.phx.aaaaaaaagcfrly36fipkuceof3s7pph7dzshnln75ab747y7ndb5s53piogq",
                            "virtual_router_ip": "10.0.1.1",
                            "virtual_router_mac": "00:00:17:9C:F1:99"
                        },
                        "meta": {
                            "e2bfb730-ecaa-11e6-8f88-34363bc7c4c0": {
                                "create": 900000000000,
                                "delete": 900000000000,
                                "update": 900000000000
                            }
                        },
                        "tainted": false
                    },
                    "deposed": [],
                    "provider": "provider.oci"
                },
                "oci_core_subnet.public.2": {
                    "type": "oci_core_subnet",
                    "depends_on": [
                        "data.oci_identity_availability_domains.ADs",
                        "oci_core_route_table.RouteForComplete",
                        "oci_core_security_list.PublicSubnet",
                        "oci_core_virtual_network.cloudera_vcn"
                    ],
                    "primary": {
                        "id": "ocid1.subnet.oc1.phx.aaaaaaaai77waylotidut7hxegor743bowrpvm24ogdd2nhsolxr5t44kwzq",
                        "attributes": {
                            "availability_domain": "YVsm:PHX-AD-3",
                            "cidr_block": "10.0.2.0/24",
                            "compartment_id": "ocid1.compartment.oc1..aaaaaaaapdd2bm7bohozrplwmcygeenb2xkwmojntn2gv4f6pzi5y6i7hmoa",
                            "defined_tags.%": "0",
                            "dhcp_options_id": "ocid1.dhcpoptions.oc1.phx.aaaaaaaabsr2reqgmwdd2a6ubbqxgr4oxczztn7lewrtmq62ceoupuqjgixa",
                            "display_name": "public_ad3",
                            "dns_label": "public3",
                            "freeform_tags.%": "0",
                            "id": "ocid1.subnet.oc1.phx.aaaaaaaai77waylotidut7hxegor743bowrpvm24ogdd2nhsolxr5t44kwzq",
                            "prohibit_public_ip_on_vnic": "false",
                            "route_table_id": "ocid1.routetable.oc1.phx.aaaaaaaaqfdhzftv5lxqlbbccsnwiblzrf3nbad3lozzg2n4rtut4tb3oroq",
                            "security_list_ids.#": "1",
                            "security_list_ids.55252490": "ocid1.securitylist.oc1.phx.aaaaaaaa2vuyafxohcnk2f5upzbg363usbtdr5cpkl7y2nlnplv2uij4uwwq",
                            "state": "AVAILABLE",
                            "subnet_domain_name": "public3.cdhvcn.oraclevcn.com",
                            "time_created": "2018-10-04 04:10:31.361 +0000 UTC",
                            "vcn_id": "ocid1.vcn.oc1.phx.aaaaaaaagcfrly36fipkuceof3s7pph7dzshnln75ab747y7ndb5s53piogq",
                            "virtual_router_ip": "10.0.2.1",
                            "virtual_router_mac": "00:00:17:9C:F1:99"
                        },
                        "meta": {
                            "e2bfb730-ecaa-11e6-8f88-34363bc7c4c0": {
                                "create": 900000000000,
                                "delete": 900000000000,
                                "update": 900000000000
                            }
                        },
                        "tainted": false
                    },
                    "deposed": [],
                    "provider": "provider.oci"
                },
                "oci_core_virtual_network.cloudera_vcn": {
                    "type": "oci_core_virtual_network",
                    "depends_on": [],
                    "primary": {
                        "id": "ocid1.vcn.oc1.phx.aaaaaaaagcfrly36fipkuceof3s7pph7dzshnln75ab747y7ndb5s53piogq",
                        "attributes": {
                            "cidr_block": "10.0.0.0/16",
                            "compartment_id": "ocid1.compartment.oc1..aaaaaaaapdd2bm7bohozrplwmcygeenb2xkwmojntn2gv4f6pzi5y6i7hmoa",
                            "default_dhcp_options_id": "ocid1.dhcpoptions.oc1.phx.aaaaaaaabsr2reqgmwdd2a6ubbqxgr4oxczztn7lewrtmq62ceoupuqjgixa",
                            "default_route_table_id": "ocid1.routetable.oc1.phx.aaaaaaaa6oyjfvf32n73wnpqiuwffbwjskbi4g4wguyg5fzzuhizxvz6eefa",
                            "default_security_list_id": "ocid1.securitylist.oc1.phx.aaaaaaaaitf3o24suioaa2mh2h5fkeqos5vkl57ds3dp4vmh2rjobingtajq",
                            "defined_tags.%": "0",
                            "display_name": "cloudera_vcn",
                            "dns_label": "cdhvcn",
                            "freeform_tags.%": "0",
                            "id": "ocid1.vcn.oc1.phx.aaaaaaaagcfrly36fipkuceof3s7pph7dzshnln75ab747y7ndb5s53piogq",
                            "state": "AVAILABLE",
                            "time_created": "2018-10-04 04:10:27.946 +0000 UTC",
                            "vcn_domain_name": "cdhvcn.oraclevcn.com"
                        },
                        "meta": {
                            "e2bfb730-ecaa-11e6-8f88-34363bc7c4c0": {
                                "create": 900000000000,
                                "delete": 900000000000,
                                "update": 900000000000
                            }
                        },
                        "tainted": false
                    },
                    "deposed": [],
                    "provider": "provider.oci"
                }
            },
            "depends_on": []
        }
    ]
}
