{
    "version": 3,
    "terraform_version": "0.11.8",
    "serial": 22,
    "lineage": "634a879c-8276-460e-e9dd-07cb78ce236a",
    "modules": [
        {
            "path": [
                "root"
            ],
            "outputs": {
                "1 - Bastion SSH Login": {
                    "sensitive": false,
                    "type": "string",
                    "value": "\n\tssh -i ~/.ssh/id_rsa opc@129.146.86.165\n\n"
                },
                "2 - Bastion Commands after SSH login to watch installation process": {
                    "sensitive": false,
                    "type": "string",
                    "value": "\n\tsudo su -\n\tscreen -r\n\n"
                },
                "3 - Cloudera Manager Login Available after ~15m": {
                    "sensitive": false,
                    "type": "string",
                    "value": "\n\thttp://129.146.9.143:7180/cmf/\n\n"
                },
                "INFO - Data Node Shape": {
                    "sensitive": false,
                    "type": "string",
                    "value": "BM.Standard1.36\n"
                }
            },
            "resources": {
                "data.oci_core_vnic.bastion_vnic": {
                    "type": "oci_core_vnic",
                    "depends_on": [
                        "data.oci_core_vnic_attachments.bastion_vnics"
                    ],
                    "primary": {
                        "id": "ocid1.vnic.oc1.phx.abyhqljtkrfbofcb2ufszaxvkw5lucaeudzvyqh37nkb6c7xfrq5oyr63fda",
                        "attributes": {
                            "availability_domain": "YVsm:PHX-AD-2",
                            "compartment_id": "ocid1.compartment.oc1..aaaaaaaapdd2bm7bohozrplwmcygeenb2xkwmojntn2gv4f6pzi5y6i7hmoa",
                            "defined_tags.%": "0",
                            "display_name": "CDH Bastion",
                            "freeform_tags.%": "0",
                            "hostname_label": "cdh-bastion",
                            "id": "ocid1.vnic.oc1.phx.abyhqljtkrfbofcb2ufszaxvkw5lucaeudzvyqh37nkb6c7xfrq5oyr63fda",
                            "is_primary": "true",
                            "mac_address": "00:00:17:02:D0:EC",
                            "private_ip_address": "10.0.7.2",
                            "public_ip_address": "129.146.86.165",
                            "skip_source_dest_check": "false",
                            "state": "AVAILABLE",
                            "subnet_id": "ocid1.subnet.oc1.phx.aaaaaaaakizka7crt5ljo6355jzsqjoaih45ztszkfxqtivneyuwlkgtaesq",
                            "time_created": "2018-10-04 16:57:39.079 +0000 UTC",
                            "vnic_id": "ocid1.vnic.oc1.phx.abyhqljtkrfbofcb2ufszaxvkw5lucaeudzvyqh37nkb6c7xfrq5oyr63fda"
                        },
                        "meta": {},
                        "tainted": false
                    },
                    "deposed": [],
                    "provider": "provider.oci"
                },
                "data.oci_core_vnic.utility_node_vnic": {
                    "type": "oci_core_vnic",
                    "depends_on": [
                        "data.oci_core_vnic_attachments.utility_node_vnics"
                    ],
                    "primary": {
                        "id": "ocid1.vnic.oc1.phx.abyhqljtr2fbexxxt3kscmqabb7fi3kwhcsd4lrkhy3z4dj744q2ns66gnqq",
                        "attributes": {
                            "availability_domain": "YVsm:PHX-AD-2",
                            "compartment_id": "ocid1.compartment.oc1..aaaaaaaapdd2bm7bohozrplwmcygeenb2xkwmojntn2gv4f6pzi5y6i7hmoa",
                            "defined_tags.%": "0",
                            "display_name": "CDH Utility1",
                            "freeform_tags.%": "0",
                            "hostname_label": "cdh-utility1",
                            "id": "ocid1.vnic.oc1.phx.abyhqljtr2fbexxxt3kscmqabb7fi3kwhcsd4lrkhy3z4dj744q2ns66gnqq",
                            "is_primary": "true",
                            "mac_address": "00:00:17:02:6F:57",
                            "private_ip_address": "10.0.1.2",
                            "public_ip_address": "129.146.9.143",
                            "skip_source_dest_check": "false",
                            "state": "AVAILABLE",
                            "subnet_id": "ocid1.subnet.oc1.phx.aaaaaaaamlztklldujsuhd3djudhoqpopi7loiv2n4cv6geslmf6t5742z7q",
                            "time_created": "2018-10-04 16:57:38.819 +0000 UTC",
                            "vnic_id": "ocid1.vnic.oc1.phx.abyhqljtr2fbexxxt3kscmqabb7fi3kwhcsd4lrkhy3z4dj744q2ns66gnqq"
                        },
                        "meta": {},
                        "tainted": false
                    },
                    "deposed": [],
                    "provider": "provider.oci"
                },
                "data.oci_core_vnic_attachments.bastion_vnics": {
                    "type": "oci_core_vnic_attachments",
                    "depends_on": [
                        "data.oci_identity_availability_domains.ADs",
                        "oci_core_instance.Bastion"
                    ],
                    "primary": {
                        "id": "2018-10-04 16:59:19.426661 +0000 UTC",
                        "attributes": {
                            "availability_domain": "YVsm:PHX-AD-2",
                            "compartment_id": "ocid1.compartment.oc1..aaaaaaaapdd2bm7bohozrplwmcygeenb2xkwmojntn2gv4f6pzi5y6i7hmoa",
                            "id": "2018-10-04 16:59:19.426661 +0000 UTC",
                            "instance_id": "ocid1.instance.oc1.phx.abyhqljtrhf2go2odfu6slwjwtmzydaoabq3u4dpckcbspbj2npbuzvgac6a",
                            "vnic_attachments.#": "1",
                            "vnic_attachments.0.availability_domain": "YVsm:PHX-AD-2",
                            "vnic_attachments.0.compartment_id": "ocid1.compartment.oc1..aaaaaaaapdd2bm7bohozrplwmcygeenb2xkwmojntn2gv4f6pzi5y6i7hmoa",
                            "vnic_attachments.0.create_vnic_details.#": "0",
                            "vnic_attachments.0.display_name": "",
                            "vnic_attachments.0.id": "ocid1.vnicattachment.oc1.phx.abyhqljtjuqnkh6oxc446bvnz7gu5uz64med57luan7uwyp7lubv67wxaddq",
                            "vnic_attachments.0.instance_id": "ocid1.instance.oc1.phx.abyhqljtrhf2go2odfu6slwjwtmzydaoabq3u4dpckcbspbj2npbuzvgac6a",
                            "vnic_attachments.0.nic_index": "0",
                            "vnic_attachments.0.state": "ATTACHED",
                            "vnic_attachments.0.subnet_id": "ocid1.subnet.oc1.phx.aaaaaaaakizka7crt5ljo6355jzsqjoaih45ztszkfxqtivneyuwlkgtaesq",
                            "vnic_attachments.0.time_created": "2018-10-04 16:57:39.458 +0000 UTC",
                            "vnic_attachments.0.vlan_tag": "2422",
                            "vnic_attachments.0.vnic_id": "ocid1.vnic.oc1.phx.abyhqljtkrfbofcb2ufszaxvkw5lucaeudzvyqh37nkb6c7xfrq5oyr63fda"
                        },
                        "meta": {},
                        "tainted": false
                    },
                    "deposed": [],
                    "provider": "provider.oci"
                },
                "data.oci_core_vnic_attachments.utility_node_vnics": {
                    "type": "oci_core_vnic_attachments",
                    "depends_on": [
                        "data.oci_identity_availability_domains.ADs",
                        "oci_core_instance.UtilityNode"
                    ],
                    "primary": {
                        "id": "2018-10-04 16:59:09.308014 +0000 UTC",
                        "attributes": {
                            "availability_domain": "YVsm:PHX-AD-2",
                            "compartment_id": "ocid1.compartment.oc1..aaaaaaaapdd2bm7bohozrplwmcygeenb2xkwmojntn2gv4f6pzi5y6i7hmoa",
                            "id": "2018-10-04 16:59:09.308014 +0000 UTC",
                            "instance_id": "ocid1.instance.oc1.phx.abyhqljt72jgtptujgmivsdruj7icetcteu72juy2voe2tli5oy5yizixzfa",
                            "vnic_attachments.#": "1",
                            "vnic_attachments.0.availability_domain": "YVsm:PHX-AD-2",
                            "vnic_attachments.0.compartment_id": "ocid1.compartment.oc1..aaaaaaaapdd2bm7bohozrplwmcygeenb2xkwmojntn2gv4f6pzi5y6i7hmoa",
                            "vnic_attachments.0.create_vnic_details.#": "0",
                            "vnic_attachments.0.display_name": "",
                            "vnic_attachments.0.id": "ocid1.vnicattachment.oc1.phx.abyhqljtshrqptowmitqonbrspvqq3zocbhi4etdxkhjdcx4er6n25nynswq",
                            "vnic_attachments.0.instance_id": "ocid1.instance.oc1.phx.abyhqljt72jgtptujgmivsdruj7icetcteu72juy2voe2tli5oy5yizixzfa",
                            "vnic_attachments.0.nic_index": "0",
                            "vnic_attachments.0.state": "ATTACHED",
                            "vnic_attachments.0.subnet_id": "ocid1.subnet.oc1.phx.aaaaaaaamlztklldujsuhd3djudhoqpopi7loiv2n4cv6geslmf6t5742z7q",
                            "vnic_attachments.0.time_created": "2018-10-04 16:57:39.242 +0000 UTC",
                            "vnic_attachments.0.vlan_tag": "572",
                            "vnic_attachments.0.vnic_id": "ocid1.vnic.oc1.phx.abyhqljtr2fbexxxt3kscmqabb7fi3kwhcsd4lrkhy3z4dj744q2ns66gnqq"
                        },
                        "meta": {},
                        "tainted": false
                    },
                    "deposed": [],
                    "provider": "provider.oci"
                },
                "data.oci_identity_availability_domains.ADs": {
                    "type": "oci_identity_availability_domains",
                    "depends_on": [],
                    "primary": {
                        "id": "2018-10-04 16:57:23.732763 +0000 UTC",
                        "attributes": {
                            "availability_domains.#": "3",
                            "availability_domains.0.compartment_id": "ocid1.tenancy.oc1..aaaaaaaaebxriz7y7egelwfkjdbnjdvq6k5vaaxo3o35fvfzf3g7ryvxevka",
                            "availability_domains.0.name": "YVsm:PHX-AD-1",
                            "availability_domains.1.compartment_id": "ocid1.tenancy.oc1..aaaaaaaaebxriz7y7egelwfkjdbnjdvq6k5vaaxo3o35fvfzf3g7ryvxevka",
                            "availability_domains.1.name": "YVsm:PHX-AD-2",
                            "availability_domains.2.compartment_id": "ocid1.tenancy.oc1..aaaaaaaaebxriz7y7egelwfkjdbnjdvq6k5vaaxo3o35fvfzf3g7ryvxevka",
                            "availability_domains.2.name": "YVsm:PHX-AD-3",
                            "compartment_id": "ocid1.tenancy.oc1..aaaaaaaaebxriz7y7egelwfkjdbnjdvq6k5vaaxo3o35fvfzf3g7ryvxevka",
                            "id": "2018-10-04 16:57:23.732763 +0000 UTC"
                        },
                        "meta": {},
                        "tainted": false
                    },
                    "deposed": [],
                    "provider": "provider.oci"
                },
                "null_resource.cdh-setup": {
                    "type": "null_resource",
                    "depends_on": [
                        "data.oci_core_vnic.bastion_vnic",
                        "oci_core_instance.Bastion",
                        "oci_core_instance.DataCollector",
                        "oci_core_instance.MasterNode",
                        "oci_core_instance.UtilityNode",
                        "oci_core_instance.WorkerNode"
                    ],
                    "primary": {
                        "id": "3919050396216617843",
                        "attributes": {
                            "id": "3919050396216617843"
                        },
                        "meta": {},
                        "tainted": true
                    },
                    "deposed": [],
                    "provider": "provider.null"
                },
                "oci_core_instance.Bastion": {
                    "type": "oci_core_instance",
                    "depends_on": [
                        "data.oci_identity_availability_domains.ADs",
                        "oci_core_subnet.bastion.*"
                    ],
                    "primary": {
                        "id": "ocid1.instance.oc1.phx.abyhqljtrhf2go2odfu6slwjwtmzydaoabq3u4dpckcbspbj2npbuzvgac6a",
                        "attributes": {
                            "availability_domain": "YVsm:PHX-AD-2",
                            "boot_volume_id": "ocid1.bootvolume.oc1.phx.abyhqljtjbvpyjzxjstybjlv7uk3wzjvapk6qhk7eadwz5o7bjndrfvhwora",
                            "compartment_id": "ocid1.compartment.oc1..aaaaaaaapdd2bm7bohozrplwmcygeenb2xkwmojntn2gv4f6pzi5y6i7hmoa",
                            "create_vnic_details.#": "1",
                            "create_vnic_details.0.assign_public_ip": "true",
                            "create_vnic_details.0.defined_tags.%": "0",
                            "create_vnic_details.0.display_name": "CDH Bastion",
                            "create_vnic_details.0.freeform_tags.%": "0",
                            "create_vnic_details.0.hostname_label": "cdh-bastion",
                            "create_vnic_details.0.private_ip": "10.0.7.2",
                            "create_vnic_details.0.skip_source_dest_check": "false",
                            "create_vnic_details.0.subnet_id": "ocid1.subnet.oc1.phx.aaaaaaaakizka7crt5ljo6355jzsqjoaih45ztszkfxqtivneyuwlkgtaesq",
                            "defined_tags.%": "0",
                            "display_name": "CDH Bastion",
                            "fault_domain": "FAULT-DOMAIN-1",
                            "freeform_tags.%": "0",
                            "hostname_label": "cdh-bastion",
                            "id": "ocid1.instance.oc1.phx.abyhqljtrhf2go2odfu6slwjwtmzydaoabq3u4dpckcbspbj2npbuzvgac6a",
                            "image": "ocid1.image.oc1.phx.aaaaaaaapnnv2phiyw7apcgtg6kmn572b2mux56ll6j6mck5xti3aw4bnwrq",
                            "launch_mode": "NATIVE",
                            "launch_options.#": "1",
                            "launch_options.0.boot_volume_type": "ISCSI",
                            "launch_options.0.firmware": "UEFI_64",
                            "launch_options.0.network_type": "VFIO",
                            "launch_options.0.remote_data_volume_type": "PARAVIRTUALIZED",
                            "metadata.%": "2",
                            "metadata.ssh_authorized_keys": "ssh-rsa AAAAB3NzaC1yc2EAAAADAQABAAABAQCl364sVMiGipqv2iJM/kF8eLfSjuk0qaSwK4bRCBYtO6j8AIEXxkKHFy4KDhosdk/iXJOB3a0kwQ60emfHBRmyYdwFEdiHKgLsDmS/AC9pyFRoDFTgqaNtlpgooVbjdWt+n0j4rJn4a4VhEZwctnN4mbIxwwfKLWjGWwjj/pb5IOGPzD24lyKaHG/PpOHdFaKQiHSftMdGwVUCCxgy/M9F6CZAH5ggu44bff5PQg4sNFnEQifUJqKbGpCpmtbTTKtZHrBx98LO3OLKVYABNRrT/oFoslnXwWKdn3vBiYsXTJjUSgDrfieAHRNfmVxpxWzjBT4zkPJm06d91zvMHhfF opc@terraform-provider",
                            "metadata.user_data": "IyEvYmluL2Jhc2gKIyMgY2xvdWQtaW5pdCBib290c3RyYXAgc2NyaXB0CiMjIFN0b3AgU1NIRCB0byBwcmV2ZW50IHJlbW90ZSBleGVjdXRpb24gZHVyaW5nIHRoaXMgcHJvY2VzcwpzeXN0ZW1jdGwgc3RvcCBzc2hkCiMjIHNldCBzcGVlZHVwPSIxIiB0byBieXBhc3MgaG9zdCByZWJvb3QgLSBzaG91bGQgc2V0IHNlbGludXggdG8gcGVybWlzc2l2ZSBtb2RlIGFsbG93aW5nIGZvciBmYXN0ZXIgZGVwbG95bWVudApzcGVlZHVwPSIxIgppZiBbICRzcGVlZHVwID0gIjAiIF07IHRoZW4gCglpZiBbIC1mIC9ldGMvc2VsaW51eC9jb25maWcgXTsgdGhlbgoJCXNlbGludXhjaGs9YHN1ZG8gY2F0IC9ldGMvc2VsaW51eC9jb25maWcgfCBncmVwIGVuZm9yY2luZ2AKCQlzZWxpbnV4X2Noaz1gZWNobyAtZSAkP2AKCQlpZiBbICRzZWxpbnV4X2NoayA9ICIwIiBdOyB0aGVuCgkJCXN1ZG8gc2VkIC1pLmJhayAncy9TRUxJTlVYPWVuZm9yY2luZy9TRUxJTlVYPWRpc2FibGVkL2cnIC9ldGMvc2VsaW51eC9jb25maWcKCQkJc3VkbyByZWJvb3QKCQlmaQoJZmkKZWxpZiBbICRzcGVlZHVwID0gIjEiIF07IHRoZW4gCiAgICAgICAgaWYgWyAtZiAvZXRjL3NlbGludXgvY29uZmlnIF07IHRoZW4KICAgICAgICAgICAgICAgIHNlbGludXhjaGs9YHN1ZG8gY2F0IC9ldGMvc2VsaW51eC9jb25maWcgfCBncmVwIGVuZm9yY2luZ2AKICAgICAgICAgICAgICAgIHNlbGludXhfY2hrPWBlY2hvIC1lICQ/YAogICAgICAgICAgICAgICAgaWYgWyAkc2VsaW51eF9jaGsgPSAiMCIgXTsgdGhlbgogICAgICAgICAgICAgICAgICAgICAgICBzdWRvIHNlZCAtaS5iYWsgJ3MvU0VMSU5VWD1lbmZvcmNpbmcvU0VMSU5VWD1kaXNhYmxlZC9nJyAvZXRjL3NlbGludXgvY29uZmlnCgkJCXN1ZG8gc2V0ZW5mb3JjZSAwCiAgICAgICAgICAgICAgICBmaQogICAgICAgIGZpCmZpCgojIyBDdXN0b20gQm9vdCBWb2x1bWUgRXh0ZW5zaW9uCnN1ZG8geXVtIC15IGluc3RhbGwgY2xvdWQtdXRpbHMtZ3Jvd3BhcnQKc3VkbyB5dW0gLXkgaW5zdGFsbCBnZGlzawplY2hvICIwIiA+IC9ob21lL29wYy8uZG9uZQpzdWRvIHJlYm9vdAo=",
                            "private_ip": "10.0.7.2",
                            "public_ip": "129.146.86.165",
                            "region": "phx",
                            "shape": "VM.Standard1.8",
                            "source_details.#": "1",
                            "source_details.0.boot_volume_size_in_gbs": "256",
                            "source_details.0.source_id": "ocid1.image.oc1.phx.aaaaaaaapnnv2phiyw7apcgtg6kmn572b2mux56ll6j6mck5xti3aw4bnwrq",
                            "source_details.0.source_type": "image",
                            "state": "RUNNING",
                            "subnet_id": "ocid1.subnet.oc1.phx.aaaaaaaakizka7crt5ljo6355jzsqjoaih45ztszkfxqtivneyuwlkgtaesq",
                            "time_created": "2018-10-04 16:57:36.427 +0000 UTC"
                        },
                        "meta": {
                            "e2bfb730-ecaa-11e6-8f88-34363bc7c4c0": {
                                "create": 1800000000000,
                                "delete": 7200000000000,
                                "update": 7200000000000
                            }
                        },
                        "tainted": false
                    },
                    "deposed": [],
                    "provider": "provider.oci"
                },
                "oci_core_instance.DataCollector": {
                    "type": "oci_core_instance",
                    "depends_on": [
                        "data.oci_identity_availability_domains.ADs",
                        "oci_core_subnet.private.*"
                    ],
                    "primary": {
                        "id": "ocid1.instance.oc1.phx.abyhqljtelidwn5y3lwmxxwljhyi5ksh2gxyeetlsd5jojaucpsoodcajkza",
                        "attributes": {
                            "availability_domain": "YVsm:PHX-AD-2",
                            "boot_volume_id": "ocid1.bootvolume.oc1.phx.abyhqljtdj6ztkf2m3vxg437oq3ytlxcutrl6jxyts3wavtijwvu3eunlprq",
                            "compartment_id": "ocid1.compartment.oc1..aaaaaaaapdd2bm7bohozrplwmcygeenb2xkwmojntn2gv4f6pzi5y6i7hmoa",
                            "create_vnic_details.#": "1",
                            "create_vnic_details.0.assign_public_ip": "true",
                            "create_vnic_details.0.defined_tags.%": "0",
                            "create_vnic_details.0.display_name": "DataCollector",
                            "create_vnic_details.0.freeform_tags.%": "0",
                            "create_vnic_details.0.hostname_label": "datacollector",
                            "create_vnic_details.0.private_ip": "10.0.4.2",
                            "create_vnic_details.0.skip_source_dest_check": "false",
                            "create_vnic_details.0.subnet_id": "ocid1.subnet.oc1.phx.aaaaaaaac4uyg7d4y6ix7bpjniasqdquapgbawk4on45ghkgjibbqogb5l6a",
                            "defined_tags.%": "0",
                            "display_name": "DataCollector",
                            "fault_domain": "FAULT-DOMAIN-3",
                            "freeform_tags.%": "0",
                            "hostname_label": "datacollector",
                            "id": "ocid1.instance.oc1.phx.abyhqljtelidwn5y3lwmxxwljhyi5ksh2gxyeetlsd5jojaucpsoodcajkza",
                            "image": "ocid1.image.oc1.phx.aaaaaaaapnnv2phiyw7apcgtg6kmn572b2mux56ll6j6mck5xti3aw4bnwrq",
                            "launch_mode": "NATIVE",
                            "launch_options.#": "1",
                            "launch_options.0.boot_volume_type": "ISCSI",
                            "launch_options.0.firmware": "UEFI_64",
                            "launch_options.0.network_type": "VFIO",
                            "launch_options.0.remote_data_volume_type": "PARAVIRTUALIZED",
                            "metadata.%": "2",
                            "metadata.ssh_authorized_keys": "ssh-rsa AAAAB3NzaC1yc2EAAAADAQABAAABAQCl364sVMiGipqv2iJM/kF8eLfSjuk0qaSwK4bRCBYtO6j8AIEXxkKHFy4KDhosdk/iXJOB3a0kwQ60emfHBRmyYdwFEdiHKgLsDmS/AC9pyFRoDFTgqaNtlpgooVbjdWt+n0j4rJn4a4VhEZwctnN4mbIxwwfKLWjGWwjj/pb5IOGPzD24lyKaHG/PpOHdFaKQiHSftMdGwVUCCxgy/M9F6CZAH5ggu44bff5PQg4sNFnEQifUJqKbGpCpmtbTTKtZHrBx98LO3OLKVYABNRrT/oFoslnXwWKdn3vBiYsXTJjUSgDrfieAHRNfmVxpxWzjBT4zkPJm06d91zvMHhfF opc@terraform-provider",
                            "metadata.user_data": "IyEvYmluL2Jhc2gKIyMgY2xvdWQtaW5pdCBib290c3RyYXAgc2NyaXB0CiMjIFN0b3AgU1NIRCB0byBwcmV2ZW50IHJlbW90ZSBleGVjdXRpb24gZHVyaW5nIHRoaXMgcHJvY2VzcwpzeXN0ZW1jdGwgc3RvcCBzc2hkCiMjIHNldCBzcGVlZHVwPSIxIiB0byBieXBhc3MgaG9zdCByZWJvb3QgLSBzaG91bGQgc2V0IHNlbGludXggdG8gcGVybWlzc2l2ZSBtb2RlIGFsbG93aW5nIGZvciBmYXN0ZXIgZGVwbG95bWVudApzcGVlZHVwPSIxIgppZiBbICRzcGVlZHVwID0gIjAiIF07IHRoZW4gCglpZiBbIC1mIC9ldGMvc2VsaW51eC9jb25maWcgXTsgdGhlbgoJCXNlbGludXhjaGs9YHN1ZG8gY2F0IC9ldGMvc2VsaW51eC9jb25maWcgfCBncmVwIGVuZm9yY2luZ2AKCQlzZWxpbnV4X2Noaz1gZWNobyAtZSAkP2AKCQlpZiBbICRzZWxpbnV4X2NoayA9ICIwIiBdOyB0aGVuCgkJCXN1ZG8gc2VkIC1pLmJhayAncy9TRUxJTlVYPWVuZm9yY2luZy9TRUxJTlVYPWRpc2FibGVkL2cnIC9ldGMvc2VsaW51eC9jb25maWcKCQkJc3VkbyByZWJvb3QKCQlmaQoJZmkKZWxpZiBbICRzcGVlZHVwID0gIjEiIF07IHRoZW4gCiAgICAgICAgaWYgWyAtZiAvZXRjL3NlbGludXgvY29uZmlnIF07IHRoZW4KICAgICAgICAgICAgICAgIHNlbGludXhjaGs9YHN1ZG8gY2F0IC9ldGMvc2VsaW51eC9jb25maWcgfCBncmVwIGVuZm9yY2luZ2AKICAgICAgICAgICAgICAgIHNlbGludXhfY2hrPWBlY2hvIC1lICQ/YAogICAgICAgICAgICAgICAgaWYgWyAkc2VsaW51eF9jaGsgPSAiMCIgXTsgdGhlbgogICAgICAgICAgICAgICAgICAgICAgICBzdWRvIHNlZCAtaS5iYWsgJ3MvU0VMSU5VWD1lbmZvcmNpbmcvU0VMSU5VWD1kaXNhYmxlZC9nJyAvZXRjL3NlbGludXgvY29uZmlnCgkJCXN1ZG8gc2V0ZW5mb3JjZSAwCiAgICAgICAgICAgICAgICBmaQogICAgICAgIGZpCmZpCgojIyBDdXN0b20gQm9vdCBWb2x1bWUgRXh0ZW5zaW9uCnN1ZG8geXVtIC15IGluc3RhbGwgY2xvdWQtdXRpbHMtZ3Jvd3BhcnQKc3VkbyB5dW0gLXkgaW5zdGFsbCBnZGlzawplY2hvICIwIiA+IC9ob21lL29wYy8uZG9uZQpzdWRvIHJlYm9vdAo=",
                            "private_ip": "10.0.4.2",
                            "public_ip": "129.146.133.228",
                            "region": "phx",
                            "shape": "VM.Standard1.2",
                            "source_details.#": "1",
                            "source_details.0.boot_volume_size_in_gbs": "256",
                            "source_details.0.source_id": "ocid1.image.oc1.phx.aaaaaaaapnnv2phiyw7apcgtg6kmn572b2mux56ll6j6mck5xti3aw4bnwrq",
                            "source_details.0.source_type": "image",
                            "state": "RUNNING",
                            "subnet_id": "ocid1.subnet.oc1.phx.aaaaaaaac4uyg7d4y6ix7bpjniasqdquapgbawk4on45ghkgjibbqogb5l6a",
                            "time_created": "2018-10-04 16:57:37.44 +0000 UTC"
                        },
                        "meta": {
                            "e2bfb730-ecaa-11e6-8f88-34363bc7c4c0": {
                                "create": 1800000000000,
                                "delete": 7200000000000,
                                "update": 7200000000000
                            }
                        },
                        "tainted": false
                    },
                    "deposed": [],
                    "provider": "provider.oci"
                },
                "oci_core_instance.UtilityNode": {
                    "type": "oci_core_instance",
                    "depends_on": [
                        "data.oci_identity_availability_domains.ADs",
                        "oci_core_subnet.public.*"
                    ],
                    "primary": {
                        "id": "ocid1.instance.oc1.phx.abyhqljt72jgtptujgmivsdruj7icetcteu72juy2voe2tli5oy5yizixzfa",
                        "attributes": {
                            "availability_domain": "YVsm:PHX-AD-2",
                            "boot_volume_id": "ocid1.bootvolume.oc1.phx.abyhqljtzwvvigy2w2fupzzd5eev57wuhbhsc6d64ct7exwwitdfjofoqf5q",
                            "compartment_id": "ocid1.compartment.oc1..aaaaaaaapdd2bm7bohozrplwmcygeenb2xkwmojntn2gv4f6pzi5y6i7hmoa",
                            "create_vnic_details.#": "1",
                            "create_vnic_details.0.assign_public_ip": "true",
                            "create_vnic_details.0.defined_tags.%": "0",
                            "create_vnic_details.0.display_name": "CDH Utility1",
                            "create_vnic_details.0.freeform_tags.%": "0",
                            "create_vnic_details.0.hostname_label": "cdh-utility1",
                            "create_vnic_details.0.private_ip": "10.0.1.2",
                            "create_vnic_details.0.skip_source_dest_check": "false",
                            "create_vnic_details.0.subnet_id": "ocid1.subnet.oc1.phx.aaaaaaaamlztklldujsuhd3djudhoqpopi7loiv2n4cv6geslmf6t5742z7q",
                            "defined_tags.%": "0",
                            "display_name": "CDH Utility1",
                            "fault_domain": "FAULT-DOMAIN-1",
                            "freeform_tags.%": "0",
                            "hostname_label": "cdh-utility1",
                            "id": "ocid1.instance.oc1.phx.abyhqljt72jgtptujgmivsdruj7icetcteu72juy2voe2tli5oy5yizixzfa",
                            "image": "ocid1.image.oc1.phx.aaaaaaaapnnv2phiyw7apcgtg6kmn572b2mux56ll6j6mck5xti3aw4bnwrq",
                            "launch_mode": "NATIVE",
                            "launch_options.#": "1",
                            "launch_options.0.boot_volume_type": "ISCSI",
                            "launch_options.0.firmware": "UEFI_64",
                            "launch_options.0.network_type": "VFIO",
                            "launch_options.0.remote_data_volume_type": "PARAVIRTUALIZED",
                            "metadata.%": "2",
                            "metadata.ssh_authorized_keys": "ssh-rsa AAAAB3NzaC1yc2EAAAADAQABAAABAQCl364sVMiGipqv2iJM/kF8eLfSjuk0qaSwK4bRCBYtO6j8AIEXxkKHFy4KDhosdk/iXJOB3a0kwQ60emfHBRmyYdwFEdiHKgLsDmS/AC9pyFRoDFTgqaNtlpgooVbjdWt+n0j4rJn4a4VhEZwctnN4mbIxwwfKLWjGWwjj/pb5IOGPzD24lyKaHG/PpOHdFaKQiHSftMdGwVUCCxgy/M9F6CZAH5ggu44bff5PQg4sNFnEQifUJqKbGpCpmtbTTKtZHrBx98LO3OLKVYABNRrT/oFoslnXwWKdn3vBiYsXTJjUSgDrfieAHRNfmVxpxWzjBT4zkPJm06d91zvMHhfF opc@terraform-provider",
                            "metadata.user_data": "IyEvYmluL2Jhc2gKIyMgY2xvdWQtaW5pdCBib290c3RyYXAgc2NyaXB0CiMjIFN0b3AgU1NIRCB0byBwcmV2ZW50IHJlbW90ZSBleGVjdXRpb24gZHVyaW5nIHRoaXMgcHJvY2VzcwpzeXN0ZW1jdGwgc3RvcCBzc2hkCiMjIHNldCBzcGVlZHVwPSIxIiB0byBieXBhc3MgaG9zdCByZWJvb3QgLSBzaG91bGQgc2V0IHNlbGludXggdG8gcGVybWlzc2l2ZSBtb2RlIGFsbG93aW5nIGZvciBmYXN0ZXIgZGVwbG95bWVudApzcGVlZHVwPSIxIgppZiBbICRzcGVlZHVwID0gIjAiIF07IHRoZW4gCglpZiBbIC1mIC9ldGMvc2VsaW51eC9jb25maWcgXTsgdGhlbgoJCXNlbGludXhjaGs9YHN1ZG8gY2F0IC9ldGMvc2VsaW51eC9jb25maWcgfCBncmVwIGVuZm9yY2luZ2AKCQlzZWxpbnV4X2Noaz1gZWNobyAtZSAkP2AKCQlpZiBbICRzZWxpbnV4X2NoayA9ICIwIiBdOyB0aGVuCgkJCXN1ZG8gc2VkIC1pLmJhayAncy9TRUxJTlVYPWVuZm9yY2luZy9TRUxJTlVYPWRpc2FibGVkL2cnIC9ldGMvc2VsaW51eC9jb25maWcKCQkJc3VkbyByZWJvb3QKCQlmaQoJZmkKZWxpZiBbICRzcGVlZHVwID0gIjEiIF07IHRoZW4gCiAgICAgICAgaWYgWyAtZiAvZXRjL3NlbGludXgvY29uZmlnIF07IHRoZW4KICAgICAgICAgICAgICAgIHNlbGludXhjaGs9YHN1ZG8gY2F0IC9ldGMvc2VsaW51eC9jb25maWcgfCBncmVwIGVuZm9yY2luZ2AKICAgICAgICAgICAgICAgIHNlbGludXhfY2hrPWBlY2hvIC1lICQ/YAogICAgICAgICAgICAgICAgaWYgWyAkc2VsaW51eF9jaGsgPSAiMCIgXTsgdGhlbgogICAgICAgICAgICAgICAgICAgICAgICBzdWRvIHNlZCAtaS5iYWsgJ3MvU0VMSU5VWD1lbmZvcmNpbmcvU0VMSU5VWD1kaXNhYmxlZC9nJyAvZXRjL3NlbGludXgvY29uZmlnCgkJCXN1ZG8gc2V0ZW5mb3JjZSAwCiAgICAgICAgICAgICAgICBmaQogICAgICAgIGZpCmZpCgojIyBDdXN0b20gQm9vdCBWb2x1bWUgRXh0ZW5zaW9uCnN1ZG8geXVtIC15IGluc3RhbGwgY2xvdWQtdXRpbHMtZ3Jvd3BhcnQKc3VkbyB5dW0gLXkgaW5zdGFsbCBnZGlzawplY2hvICIwIiA+IC9ob21lL29wYy8uZG9uZQpzdWRvIHJlYm9vdAo=",
                            "private_ip": "10.0.1.2",
                            "public_ip": "129.146.9.143",
                            "region": "phx",
                            "shape": "VM.Standard1.8",
                            "source_details.#": "1",
                            "source_details.0.boot_volume_size_in_gbs": "256",
                            "source_details.0.source_id": "ocid1.image.oc1.phx.aaaaaaaapnnv2phiyw7apcgtg6kmn572b2mux56ll6j6mck5xti3aw4bnwrq",
                            "source_details.0.source_type": "image",
                            "state": "RUNNING",
                            "subnet_id": "ocid1.subnet.oc1.phx.aaaaaaaamlztklldujsuhd3djudhoqpopi7loiv2n4cv6geslmf6t5742z7q",
                            "time_created": "2018-10-04 16:57:36.201 +0000 UTC"
                        },
                        "meta": {
                            "e2bfb730-ecaa-11e6-8f88-34363bc7c4c0": {
                                "create": 1800000000000,
                                "delete": 7200000000000,
                                "update": 7200000000000
                            }
                        },
                        "tainted": false
                    },
                    "deposed": [],
                    "provider": "provider.oci"
                },
                "oci_core_instance.WorkerNode.0": {
                    "type": "oci_core_instance",
                    "depends_on": [
                        "data.oci_identity_availability_domains.ADs",
                        "oci_core_subnet.private.*"
                    ],
                    "primary": {
                        "id": "ocid1.instance.oc1.phx.abyhqljtehew2ciwtv4lufvlz4ad4y5gtvfh5gpa5aalh37voylg5pkwgefa",
                        "attributes": {
                            "availability_domain": "YVsm:PHX-AD-2",
                            "boot_volume_id": "ocid1.bootvolume.oc1.phx.abyhqljt5z7an2exa73h7nkzeuwrrvcovlludsmfx2fdfyepkphir633s7fa",
                            "compartment_id": "ocid1.compartment.oc1..aaaaaaaapdd2bm7bohozrplwmcygeenb2xkwmojntn2gv4f6pzi5y6i7hmoa",
                            "create_vnic_details.#": "1",
                            "create_vnic_details.0.assign_public_ip": "true",
                            "create_vnic_details.0.defined_tags.%": "0",
                            "create_vnic_details.0.display_name": "CDH Worker 1",
                            "create_vnic_details.0.freeform_tags.%": "0",
                            "create_vnic_details.0.hostname_label": "cdh-worker-1",
                            "create_vnic_details.0.private_ip": "10.0.4.5",
                            "create_vnic_details.0.skip_source_dest_check": "false",
                            "create_vnic_details.0.subnet_id": "ocid1.subnet.oc1.phx.aaaaaaaac4uyg7d4y6ix7bpjniasqdquapgbawk4on45ghkgjibbqogb5l6a",
                            "defined_tags.%": "0",
                            "display_name": "CDH Worker 1",
                            "fault_domain": "FAULT-DOMAIN-3",
                            "freeform_tags.%": "0",
                            "hostname_label": "cdh-worker-1",
                            "id": "ocid1.instance.oc1.phx.abyhqljtehew2ciwtv4lufvlz4ad4y5gtvfh5gpa5aalh37voylg5pkwgefa",
                            "image": "ocid1.image.oc1.phx.aaaaaaaapnnv2phiyw7apcgtg6kmn572b2mux56ll6j6mck5xti3aw4bnwrq",
                            "launch_mode": "NATIVE",
                            "launch_options.#": "1",
                            "launch_options.0.boot_volume_type": "ISCSI",
                            "launch_options.0.firmware": "UEFI_64",
                            "launch_options.0.network_type": "VFIO",
                            "launch_options.0.remote_data_volume_type": "ISCSI",
                            "metadata.%": "2",
                            "metadata.ssh_authorized_keys": "ssh-rsa AAAAB3NzaC1yc2EAAAADAQABAAABAQCl364sVMiGipqv2iJM/kF8eLfSjuk0qaSwK4bRCBYtO6j8AIEXxkKHFy4KDhosdk/iXJOB3a0kwQ60emfHBRmyYdwFEdiHKgLsDmS/AC9pyFRoDFTgqaNtlpgooVbjdWt+n0j4rJn4a4VhEZwctnN4mbIxwwfKLWjGWwjj/pb5IOGPzD24lyKaHG/PpOHdFaKQiHSftMdGwVUCCxgy/M9F6CZAH5ggu44bff5PQg4sNFnEQifUJqKbGpCpmtbTTKtZHrBx98LO3OLKVYABNRrT/oFoslnXwWKdn3vBiYsXTJjUSgDrfieAHRNfmVxpxWzjBT4zkPJm06d91zvMHhfF opc@terraform-provider",
                            "metadata.user_data": "IyEvYmluL2Jhc2gKIyMgY2xvdWQtaW5pdCBib290c3RyYXAgc2NyaXB0CiMjIFN0b3AgU1NIRCB0byBwcmV2ZW50IHJlbW90ZSBleGVjdXRpb24gZHVyaW5nIHRoaXMgcHJvY2VzcwpzeXN0ZW1jdGwgc3RvcCBzc2hkCiMjIHNldCBzcGVlZHVwPSIxIiB0byBieXBhc3MgaG9zdCByZWJvb3QgLSBzaG91bGQgc2V0IHNlbGludXggdG8gcGVybWlzc2l2ZSBtb2RlIGFsbG93aW5nIGZvciBmYXN0ZXIgZGVwbG95bWVudApzcGVlZHVwPSIxIgppZiBbICRzcGVlZHVwID0gIjAiIF07IHRoZW4gCglpZiBbIC1mIC9ldGMvc2VsaW51eC9jb25maWcgXTsgdGhlbgoJCXNlbGludXhjaGs9YHN1ZG8gY2F0IC9ldGMvc2VsaW51eC9jb25maWcgfCBncmVwIGVuZm9yY2luZ2AKCQlzZWxpbnV4X2Noaz1gZWNobyAtZSAkP2AKCQlpZiBbICRzZWxpbnV4X2NoayA9ICIwIiBdOyB0aGVuCgkJCXN1ZG8gc2VkIC1pLmJhayAncy9TRUxJTlVYPWVuZm9yY2luZy9TRUxJTlVYPWRpc2FibGVkL2cnIC9ldGMvc2VsaW51eC9jb25maWcKCQkJc3VkbyByZWJvb3QKCQlmaQoJZmkKZWxpZiBbICRzcGVlZHVwID0gIjEiIF07IHRoZW4gCiAgICAgICAgaWYgWyAtZiAvZXRjL3NlbGludXgvY29uZmlnIF07IHRoZW4KICAgICAgICAgICAgICAgIHNlbGludXhjaGs9YHN1ZG8gY2F0IC9ldGMvc2VsaW51eC9jb25maWcgfCBncmVwIGVuZm9yY2luZ2AKICAgICAgICAgICAgICAgIHNlbGludXhfY2hrPWBlY2hvIC1lICQ/YAogICAgICAgICAgICAgICAgaWYgWyAkc2VsaW51eF9jaGsgPSAiMCIgXTsgdGhlbgogICAgICAgICAgICAgICAgICAgICAgICBzdWRvIHNlZCAtaS5iYWsgJ3MvU0VMSU5VWD1lbmZvcmNpbmcvU0VMSU5VWD1kaXNhYmxlZC9nJyAvZXRjL3NlbGludXgvY29uZmlnCgkJCXN1ZG8gc2V0ZW5mb3JjZSAwCiAgICAgICAgICAgICAgICBmaQogICAgICAgIGZpCmZpCgojIyBDdXN0b20gQm9vdCBWb2x1bWUgRXh0ZW5zaW9uCnN1ZG8geXVtIC15IGluc3RhbGwgY2xvdWQtdXRpbHMtZ3Jvd3BhcnQKc3VkbyB5dW0gLXkgaW5zdGFsbCBnZGlzawplY2hvICIwIiA+IC9ob21lL29wYy8uZG9uZQpzdWRvIHJlYm9vdAo=",
                            "private_ip": "10.0.4.5",
                            "public_ip": "129.146.128.53",
                            "region": "phx",
                            "shape": "BM.Standard1.36",
                            "source_details.#": "1",
                            "source_details.0.boot_volume_size_in_gbs": "256",
                            "source_details.0.source_id": "ocid1.image.oc1.phx.aaaaaaaapnnv2phiyw7apcgtg6kmn572b2mux56ll6j6mck5xti3aw4bnwrq",
                            "source_details.0.source_type": "image",
                            "state": "RUNNING",
                            "subnet_id": "ocid1.subnet.oc1.phx.aaaaaaaac4uyg7d4y6ix7bpjniasqdquapgbawk4on45ghkgjibbqogb5l6a",
                            "time_created": "2018-10-04 16:57:37.678 +0000 UTC"
                        },
                        "meta": {
                            "e2bfb730-ecaa-11e6-8f88-34363bc7c4c0": {
                                "create": 1800000000000,
                                "delete": 7200000000000,
                                "update": 7200000000000
                            }
                        },
                        "tainted": false
                    },
                    "deposed": [],
                    "provider": "provider.oci"
                },
                "oci_core_instance.WorkerNode.1": {
                    "type": "oci_core_instance",
                    "depends_on": [
                        "data.oci_identity_availability_domains.ADs",
                        "oci_core_subnet.private.*"
                    ],
                    "primary": {
                        "id": "ocid1.instance.oc1.phx.abyhqljtosvly5tt5pz3xatta6xxpucch7qs3ecvqa52gmc2cqu7avbqpcea",
                        "attributes": {
                            "availability_domain": "YVsm:PHX-AD-2",
                            "boot_volume_id": "ocid1.bootvolume.oc1.phx.abyhqljtpdr6j2nr44pzqxi7gssyiju6gsfvnga62py5lezv3xtp7nm37afq",
                            "compartment_id": "ocid1.compartment.oc1..aaaaaaaapdd2bm7bohozrplwmcygeenb2xkwmojntn2gv4f6pzi5y6i7hmoa",
                            "create_vnic_details.#": "1",
                            "create_vnic_details.0.assign_public_ip": "true",
                            "create_vnic_details.0.defined_tags.%": "0",
                            "create_vnic_details.0.display_name": "CDH Worker 2",
                            "create_vnic_details.0.freeform_tags.%": "0",
                            "create_vnic_details.0.hostname_label": "cdh-worker-2",
                            "create_vnic_details.0.private_ip": "10.0.4.4",
                            "create_vnic_details.0.skip_source_dest_check": "false",
                            "create_vnic_details.0.subnet_id": "ocid1.subnet.oc1.phx.aaaaaaaac4uyg7d4y6ix7bpjniasqdquapgbawk4on45ghkgjibbqogb5l6a",
                            "defined_tags.%": "0",
                            "display_name": "CDH Worker 2",
                            "fault_domain": "FAULT-DOMAIN-3",
                            "freeform_tags.%": "0",
                            "hostname_label": "cdh-worker-2",
                            "id": "ocid1.instance.oc1.phx.abyhqljtosvly5tt5pz3xatta6xxpucch7qs3ecvqa52gmc2cqu7avbqpcea",
                            "image": "ocid1.image.oc1.phx.aaaaaaaapnnv2phiyw7apcgtg6kmn572b2mux56ll6j6mck5xti3aw4bnwrq",
                            "launch_mode": "NATIVE",
                            "launch_options.#": "1",
                            "launch_options.0.boot_volume_type": "ISCSI",
                            "launch_options.0.firmware": "UEFI_64",
                            "launch_options.0.network_type": "VFIO",
                            "launch_options.0.remote_data_volume_type": "ISCSI",
                            "metadata.%": "2",
                            "metadata.ssh_authorized_keys": "ssh-rsa AAAAB3NzaC1yc2EAAAADAQABAAABAQCl364sVMiGipqv2iJM/kF8eLfSjuk0qaSwK4bRCBYtO6j8AIEXxkKHFy4KDhosdk/iXJOB3a0kwQ60emfHBRmyYdwFEdiHKgLsDmS/AC9pyFRoDFTgqaNtlpgooVbjdWt+n0j4rJn4a4VhEZwctnN4mbIxwwfKLWjGWwjj/pb5IOGPzD24lyKaHG/PpOHdFaKQiHSftMdGwVUCCxgy/M9F6CZAH5ggu44bff5PQg4sNFnEQifUJqKbGpCpmtbTTKtZHrBx98LO3OLKVYABNRrT/oFoslnXwWKdn3vBiYsXTJjUSgDrfieAHRNfmVxpxWzjBT4zkPJm06d91zvMHhfF opc@terraform-provider",
                            "metadata.user_data": "IyEvYmluL2Jhc2gKIyMgY2xvdWQtaW5pdCBib290c3RyYXAgc2NyaXB0CiMjIFN0b3AgU1NIRCB0byBwcmV2ZW50IHJlbW90ZSBleGVjdXRpb24gZHVyaW5nIHRoaXMgcHJvY2VzcwpzeXN0ZW1jdGwgc3RvcCBzc2hkCiMjIHNldCBzcGVlZHVwPSIxIiB0byBieXBhc3MgaG9zdCByZWJvb3QgLSBzaG91bGQgc2V0IHNlbGludXggdG8gcGVybWlzc2l2ZSBtb2RlIGFsbG93aW5nIGZvciBmYXN0ZXIgZGVwbG95bWVudApzcGVlZHVwPSIxIgppZiBbICRzcGVlZHVwID0gIjAiIF07IHRoZW4gCglpZiBbIC1mIC9ldGMvc2VsaW51eC9jb25maWcgXTsgdGhlbgoJCXNlbGludXhjaGs9YHN1ZG8gY2F0IC9ldGMvc2VsaW51eC9jb25maWcgfCBncmVwIGVuZm9yY2luZ2AKCQlzZWxpbnV4X2Noaz1gZWNobyAtZSAkP2AKCQlpZiBbICRzZWxpbnV4X2NoayA9ICIwIiBdOyB0aGVuCgkJCXN1ZG8gc2VkIC1pLmJhayAncy9TRUxJTlVYPWVuZm9yY2luZy9TRUxJTlVYPWRpc2FibGVkL2cnIC9ldGMvc2VsaW51eC9jb25maWcKCQkJc3VkbyByZWJvb3QKCQlmaQoJZmkKZWxpZiBbICRzcGVlZHVwID0gIjEiIF07IHRoZW4gCiAgICAgICAgaWYgWyAtZiAvZXRjL3NlbGludXgvY29uZmlnIF07IHRoZW4KICAgICAgICAgICAgICAgIHNlbGludXhjaGs9YHN1ZG8gY2F0IC9ldGMvc2VsaW51eC9jb25maWcgfCBncmVwIGVuZm9yY2luZ2AKICAgICAgICAgICAgICAgIHNlbGludXhfY2hrPWBlY2hvIC1lICQ/YAogICAgICAgICAgICAgICAgaWYgWyAkc2VsaW51eF9jaGsgPSAiMCIgXTsgdGhlbgogICAgICAgICAgICAgICAgICAgICAgICBzdWRvIHNlZCAtaS5iYWsgJ3MvU0VMSU5VWD1lbmZvcmNpbmcvU0VMSU5VWD1kaXNhYmxlZC9nJyAvZXRjL3NlbGludXgvY29uZmlnCgkJCXN1ZG8gc2V0ZW5mb3JjZSAwCiAgICAgICAgICAgICAgICBmaQogICAgICAgIGZpCmZpCgojIyBDdXN0b20gQm9vdCBWb2x1bWUgRXh0ZW5zaW9uCnN1ZG8geXVtIC15IGluc3RhbGwgY2xvdWQtdXRpbHMtZ3Jvd3BhcnQKc3VkbyB5dW0gLXkgaW5zdGFsbCBnZGlzawplY2hvICIwIiA+IC9ob21lL29wYy8uZG9uZQpzdWRvIHJlYm9vdAo=",
                            "private_ip": "10.0.4.4",
                            "public_ip": "129.146.86.230",
                            "region": "phx",
                            "shape": "BM.Standard1.36",
                            "source_details.#": "1",
                            "source_details.0.boot_volume_size_in_gbs": "256",
                            "source_details.0.source_id": "ocid1.image.oc1.phx.aaaaaaaapnnv2phiyw7apcgtg6kmn572b2mux56ll6j6mck5xti3aw4bnwrq",
                            "source_details.0.source_type": "image",
                            "state": "RUNNING",
                            "subnet_id": "ocid1.subnet.oc1.phx.aaaaaaaac4uyg7d4y6ix7bpjniasqdquapgbawk4on45ghkgjibbqogb5l6a",
                            "time_created": "2018-10-04 16:57:38.166 +0000 UTC"
                        },
                        "meta": {
                            "e2bfb730-ecaa-11e6-8f88-34363bc7c4c0": {
                                "create": 1800000000000,
                                "delete": 7200000000000,
                                "update": 7200000000000
                            }
                        },
                        "tainted": false
                    },
                    "deposed": [],
                    "provider": "provider.oci"
                },
                "oci_core_instance.WorkerNode.2": {
                    "type": "oci_core_instance",
                    "depends_on": [
                        "data.oci_identity_availability_domains.ADs",
                        "oci_core_subnet.private.*"
                    ],
                    "primary": {
                        "id": "ocid1.instance.oc1.phx.abyhqljtcrjrnitikj6jpp3ihfeefkldjtevp3momufwxjhwqwnixi2v6vxq",
                        "attributes": {
                            "availability_domain": "YVsm:PHX-AD-2",
                            "boot_volume_id": "ocid1.bootvolume.oc1.phx.abyhqljthqyroilt7hgpyagqgf2lkpawyskkxxmhimphnhe4adchiq2ifhga",
                            "compartment_id": "ocid1.compartment.oc1..aaaaaaaapdd2bm7bohozrplwmcygeenb2xkwmojntn2gv4f6pzi5y6i7hmoa",
                            "create_vnic_details.#": "1",
                            "create_vnic_details.0.assign_public_ip": "true",
                            "create_vnic_details.0.defined_tags.%": "0",
                            "create_vnic_details.0.display_name": "CDH Worker 3",
                            "create_vnic_details.0.freeform_tags.%": "0",
                            "create_vnic_details.0.hostname_label": "cdh-worker-3",
                            "create_vnic_details.0.private_ip": "10.0.4.3",
                            "create_vnic_details.0.skip_source_dest_check": "false",
                            "create_vnic_details.0.subnet_id": "ocid1.subnet.oc1.phx.aaaaaaaac4uyg7d4y6ix7bpjniasqdquapgbawk4on45ghkgjibbqogb5l6a",
                            "defined_tags.%": "0",
                            "display_name": "CDH Worker 3",
                            "fault_domain": "FAULT-DOMAIN-3",
                            "freeform_tags.%": "0",
                            "hostname_label": "cdh-worker-3",
                            "id": "ocid1.instance.oc1.phx.abyhqljtcrjrnitikj6jpp3ihfeefkldjtevp3momufwxjhwqwnixi2v6vxq",
                            "image": "ocid1.image.oc1.phx.aaaaaaaapnnv2phiyw7apcgtg6kmn572b2mux56ll6j6mck5xti3aw4bnwrq",
                            "launch_mode": "NATIVE",
                            "launch_options.#": "1",
                            "launch_options.0.boot_volume_type": "ISCSI",
                            "launch_options.0.firmware": "UEFI_64",
                            "launch_options.0.network_type": "VFIO",
                            "launch_options.0.remote_data_volume_type": "ISCSI",
                            "metadata.%": "2",
                            "metadata.ssh_authorized_keys": "ssh-rsa AAAAB3NzaC1yc2EAAAADAQABAAABAQCl364sVMiGipqv2iJM/kF8eLfSjuk0qaSwK4bRCBYtO6j8AIEXxkKHFy4KDhosdk/iXJOB3a0kwQ60emfHBRmyYdwFEdiHKgLsDmS/AC9pyFRoDFTgqaNtlpgooVbjdWt+n0j4rJn4a4VhEZwctnN4mbIxwwfKLWjGWwjj/pb5IOGPzD24lyKaHG/PpOHdFaKQiHSftMdGwVUCCxgy/M9F6CZAH5ggu44bff5PQg4sNFnEQifUJqKbGpCpmtbTTKtZHrBx98LO3OLKVYABNRrT/oFoslnXwWKdn3vBiYsXTJjUSgDrfieAHRNfmVxpxWzjBT4zkPJm06d91zvMHhfF opc@terraform-provider",
                            "metadata.user_data": "IyEvYmluL2Jhc2gKIyMgY2xvdWQtaW5pdCBib290c3RyYXAgc2NyaXB0CiMjIFN0b3AgU1NIRCB0byBwcmV2ZW50IHJlbW90ZSBleGVjdXRpb24gZHVyaW5nIHRoaXMgcHJvY2VzcwpzeXN0ZW1jdGwgc3RvcCBzc2hkCiMjIHNldCBzcGVlZHVwPSIxIiB0byBieXBhc3MgaG9zdCByZWJvb3QgLSBzaG91bGQgc2V0IHNlbGludXggdG8gcGVybWlzc2l2ZSBtb2RlIGFsbG93aW5nIGZvciBmYXN0ZXIgZGVwbG95bWVudApzcGVlZHVwPSIxIgppZiBbICRzcGVlZHVwID0gIjAiIF07IHRoZW4gCglpZiBbIC1mIC9ldGMvc2VsaW51eC9jb25maWcgXTsgdGhlbgoJCXNlbGludXhjaGs9YHN1ZG8gY2F0IC9ldGMvc2VsaW51eC9jb25maWcgfCBncmVwIGVuZm9yY2luZ2AKCQlzZWxpbnV4X2Noaz1gZWNobyAtZSAkP2AKCQlpZiBbICRzZWxpbnV4X2NoayA9ICIwIiBdOyB0aGVuCgkJCXN1ZG8gc2VkIC1pLmJhayAncy9TRUxJTlVYPWVuZm9yY2luZy9TRUxJTlVYPWRpc2FibGVkL2cnIC9ldGMvc2VsaW51eC9jb25maWcKCQkJc3VkbyByZWJvb3QKCQlmaQoJZmkKZWxpZiBbICRzcGVlZHVwID0gIjEiIF07IHRoZW4gCiAgICAgICAgaWYgWyAtZiAvZXRjL3NlbGludXgvY29uZmlnIF07IHRoZW4KICAgICAgICAgICAgICAgIHNlbGludXhjaGs9YHN1ZG8gY2F0IC9ldGMvc2VsaW51eC9jb25maWcgfCBncmVwIGVuZm9yY2luZ2AKICAgICAgICAgICAgICAgIHNlbGludXhfY2hrPWBlY2hvIC1lICQ/YAogICAgICAgICAgICAgICAgaWYgWyAkc2VsaW51eF9jaGsgPSAiMCIgXTsgdGhlbgogICAgICAgICAgICAgICAgICAgICAgICBzdWRvIHNlZCAtaS5iYWsgJ3MvU0VMSU5VWD1lbmZvcmNpbmcvU0VMSU5VWD1kaXNhYmxlZC9nJyAvZXRjL3NlbGludXgvY29uZmlnCgkJCXN1ZG8gc2V0ZW5mb3JjZSAwCiAgICAgICAgICAgICAgICBmaQogICAgICAgIGZpCmZpCgojIyBDdXN0b20gQm9vdCBWb2x1bWUgRXh0ZW5zaW9uCnN1ZG8geXVtIC15IGluc3RhbGwgY2xvdWQtdXRpbHMtZ3Jvd3BhcnQKc3VkbyB5dW0gLXkgaW5zdGFsbCBnZGlzawplY2hvICIwIiA+IC9ob21lL29wYy8uZG9uZQpzdWRvIHJlYm9vdAo=",
                            "private_ip": "10.0.4.3",
                            "public_ip": "129.146.138.210",
                            "region": "phx",
                            "shape": "BM.Standard1.36",
                            "source_details.#": "1",
                            "source_details.0.boot_volume_size_in_gbs": "256",
                            "source_details.0.source_id": "ocid1.image.oc1.phx.aaaaaaaapnnv2phiyw7apcgtg6kmn572b2mux56ll6j6mck5xti3aw4bnwrq",
                            "source_details.0.source_type": "image",
                            "state": "RUNNING",
                            "subnet_id": "ocid1.subnet.oc1.phx.aaaaaaaac4uyg7d4y6ix7bpjniasqdquapgbawk4on45ghkgjibbqogb5l6a",
                            "time_created": "2018-10-04 16:57:37.42 +0000 UTC"
                        },
                        "meta": {
                            "e2bfb730-ecaa-11e6-8f88-34363bc7c4c0": {
                                "create": 1800000000000,
                                "delete": 7200000000000,
                                "update": 7200000000000
                            }
                        },
                        "tainted": false
                    },
                    "deposed": [],
                    "provider": "provider.oci"
                },
                "oci_core_internet_gateway.cloudera_internet_gateway": {
                    "type": "oci_core_internet_gateway",
                    "depends_on": [
                        "oci_core_virtual_network.cloudera_vcn"
                    ],
                    "primary": {
                        "id": "ocid1.internetgateway.oc1.phx.aaaaaaaahr2b23275j2s2i753jhkqo7hubfeifosz3z2urunw25alh5ul6fa",
                        "attributes": {
                            "compartment_id": "ocid1.compartment.oc1..aaaaaaaapdd2bm7bohozrplwmcygeenb2xkwmojntn2gv4f6pzi5y6i7hmoa",
                            "defined_tags.%": "0",
                            "display_name": "cloudera_internet_gateway",
                            "enabled": "true",
                            "freeform_tags.%": "0",
                            "id": "ocid1.internetgateway.oc1.phx.aaaaaaaahr2b23275j2s2i753jhkqo7hubfeifosz3z2urunw25alh5ul6fa",
                            "state": "AVAILABLE",
                            "time_created": "2018-10-04 16:57:31.599 +0000 UTC",
                            "vcn_id": "ocid1.vcn.oc1.phx.aaaaaaaap5qv4f65yobvn56qgbxykbil7cvjljfhsjeddphzoyppcirwhoca"
                        },
                        "meta": {
                            "e2bfb730-ecaa-11e6-8f88-34363bc7c4c0": {
                                "create": 900000000000,
                                "delete": 900000000000,
                                "update": 900000000000
                            }
                        },
                        "tainted": false
                    },
                    "deposed": [],
                    "provider": "provider.oci"
                },
                "oci_core_route_table.RouteForComplete": {
                    "type": "oci_core_route_table",
                    "depends_on": [
                        "oci_core_internet_gateway.cloudera_internet_gateway",
                        "oci_core_virtual_network.cloudera_vcn"
                    ],
                    "primary": {
                        "id": "ocid1.routetable.oc1.phx.aaaaaaaaj3xnebmoxxhozfxabjydins2ylffxb2pbkzt7igvqmgns2lbfa7a",
                        "attributes": {
                            "compartment_id": "ocid1.compartment.oc1..aaaaaaaapdd2bm7bohozrplwmcygeenb2xkwmojntn2gv4f6pzi5y6i7hmoa",
                            "defined_tags.%": "0",
                            "display_name": "RouteTableForComplete",
                            "freeform_tags.%": "0",
                            "id": "ocid1.routetable.oc1.phx.aaaaaaaaj3xnebmoxxhozfxabjydins2ylffxb2pbkzt7igvqmgns2lbfa7a",
                            "route_rules.#": "1",
                            "route_rules.399579243.cidr_block": "0.0.0.0/0",
                            "route_rules.399579243.destination": "0.0.0.0/0",
                            "route_rules.399579243.destination_type": "CIDR_BLOCK",
                            "route_rules.399579243.network_entity_id": "ocid1.internetgateway.oc1.phx.aaaaaaaahr2b23275j2s2i753jhkqo7hubfeifosz3z2urunw25alh5ul6fa",
                            "state": "AVAILABLE",
                            "time_created": "2018-10-04 16:57:32.179 +0000 UTC",
                            "vcn_id": "ocid1.vcn.oc1.phx.aaaaaaaap5qv4f65yobvn56qgbxykbil7cvjljfhsjeddphzoyppcirwhoca"
                        },
                        "meta": {
                            "e2bfb730-ecaa-11e6-8f88-34363bc7c4c0": {
                                "create": 900000000000,
                                "delete": 900000000000,
                                "update": 900000000000
                            }
                        },
                        "tainted": false
                    },
                    "deposed": [],
                    "provider": "provider.oci"
                },
                "oci_core_security_list.BastionSubnet": {
                    "type": "oci_core_security_list",
                    "depends_on": [
                        "oci_core_virtual_network.cloudera_vcn"
                    ],
                    "primary": {
                        "id": "ocid1.securitylist.oc1.phx.aaaaaaaa4utgdelaxohah5bmdrh53qaqesdydnr33t2fpkoivogdml5y2mbq",
                        "attributes": {
                            "compartment_id": "ocid1.compartment.oc1..aaaaaaaapdd2bm7bohozrplwmcygeenb2xkwmojntn2gv4f6pzi5y6i7hmoa",
                            "defined_tags.%": "0",
                            "display_name": "Bastion",
                            "egress_security_rules.#": "1",
                            "egress_security_rules.1420396200.destination": "0.0.0.0/0",
                            "egress_security_rules.1420396200.destination_type": "CIDR_BLOCK",
                            "egress_security_rules.1420396200.icmp_options.#": "0",
                            "egress_security_rules.1420396200.protocol": "6",
                            "egress_security_rules.1420396200.stateless": "false",
                            "egress_security_rules.1420396200.tcp_options.#": "0",
                            "egress_security_rules.1420396200.udp_options.#": "0",
                            "freeform_tags.%": "0",
                            "id": "ocid1.securitylist.oc1.phx.aaaaaaaa4utgdelaxohah5bmdrh53qaqesdydnr33t2fpkoivogdml5y2mbq",
                            "ingress_security_rules.#": "2",
                            "ingress_security_rules.3057867092.icmp_options.#": "0",
                            "ingress_security_rules.3057867092.protocol": "6",
                            "ingress_security_rules.3057867092.source": "10.0.0.0/16",
                            "ingress_security_rules.3057867092.source_type": "CIDR_BLOCK",
                            "ingress_security_rules.3057867092.stateless": "false",
                            "ingress_security_rules.3057867092.tcp_options.#": "0",
                            "ingress_security_rules.3057867092.udp_options.#": "0",
                            "ingress_security_rules.47193274.icmp_options.#": "0",
                            "ingress_security_rules.47193274.protocol": "6",
                            "ingress_security_rules.47193274.source": "0.0.0.0/0",
                            "ingress_security_rules.47193274.source_type": "CIDR_BLOCK",
                            "ingress_security_rules.47193274.stateless": "false",
                            "ingress_security_rules.47193274.tcp_options.#": "1",
                            "ingress_security_rules.47193274.tcp_options.0.max": "22",
                            "ingress_security_rules.47193274.tcp_options.0.min": "22",
                            "ingress_security_rules.47193274.tcp_options.0.source_port_range.#": "0",
                            "ingress_security_rules.47193274.udp_options.#": "0",
                            "state": "AVAILABLE",
                            "time_created": "2018-10-04 16:57:31.79 +0000 UTC",
                            "vcn_id": "ocid1.vcn.oc1.phx.aaaaaaaap5qv4f65yobvn56qgbxykbil7cvjljfhsjeddphzoyppcirwhoca"
                        },
                        "meta": {
                            "e2bfb730-ecaa-11e6-8f88-34363bc7c4c0": {
                                "create": 900000000000,
                                "delete": 900000000000,
                                "update": 900000000000
                            }
                        },
                        "tainted": false
                    },
                    "deposed": [],
                    "provider": "provider.oci"
                },
                "oci_core_security_list.PrivateSubnet": {
                    "type": "oci_core_security_list",
                    "depends_on": [
                        "oci_core_virtual_network.cloudera_vcn"
                    ],
                    "primary": {
                        "id": "ocid1.securitylist.oc1.phx.aaaaaaaaqhtbhx4tim6t6nn5lyjs46egvkmfsatf7mn3dxv5zx3d3rwyv5qq",
                        "attributes": {
                            "compartment_id": "ocid1.compartment.oc1..aaaaaaaapdd2bm7bohozrplwmcygeenb2xkwmojntn2gv4f6pzi5y6i7hmoa",
                            "defined_tags.%": "0",
                            "display_name": "Private",
                            "egress_security_rules.#": "2",
                            "egress_security_rules.1420396200.destination": "0.0.0.0/0",
                            "egress_security_rules.1420396200.destination_type": "CIDR_BLOCK",
                            "egress_security_rules.1420396200.icmp_options.#": "0",
                            "egress_security_rules.1420396200.protocol": "6",
                            "egress_security_rules.1420396200.stateless": "false",
                            "egress_security_rules.1420396200.tcp_options.#": "0",
                            "egress_security_rules.1420396200.udp_options.#": "0",
                            "egress_security_rules.3950006738.destination": "10.0.0.0/16",
                            "egress_security_rules.3950006738.destination_type": "CIDR_BLOCK",
                            "egress_security_rules.3950006738.icmp_options.#": "0",
                            "egress_security_rules.3950006738.protocol": "6",
                            "egress_security_rules.3950006738.stateless": "false",
                            "egress_security_rules.3950006738.tcp_options.#": "0",
                            "egress_security_rules.3950006738.udp_options.#": "0",
                            "freeform_tags.%": "0",
                            "id": "ocid1.securitylist.oc1.phx.aaaaaaaaqhtbhx4tim6t6nn5lyjs46egvkmfsatf7mn3dxv5zx3d3rwyv5qq",
                            "ingress_security_rules.#": "1",
                            "ingress_security_rules.3057867092.icmp_options.#": "0",
                            "ingress_security_rules.3057867092.protocol": "6",
                            "ingress_security_rules.3057867092.source": "10.0.0.0/16",
                            "ingress_security_rules.3057867092.source_type": "CIDR_BLOCK",
                            "ingress_security_rules.3057867092.stateless": "false",
                            "ingress_security_rules.3057867092.tcp_options.#": "0",
                            "ingress_security_rules.3057867092.udp_options.#": "0",
                            "state": "AVAILABLE",
                            "time_created": "2018-10-04 16:57:31.857 +0000 UTC",
                            "vcn_id": "ocid1.vcn.oc1.phx.aaaaaaaap5qv4f65yobvn56qgbxykbil7cvjljfhsjeddphzoyppcirwhoca"
                        },
                        "meta": {
                            "e2bfb730-ecaa-11e6-8f88-34363bc7c4c0": {
                                "create": 900000000000,
                                "delete": 900000000000,
                                "update": 900000000000
                            }
                        },
                        "tainted": false
                    },
                    "deposed": [],
                    "provider": "provider.oci"
                },
                "oci_core_security_list.PublicSubnet": {
                    "type": "oci_core_security_list",
                    "depends_on": [
                        "oci_core_virtual_network.cloudera_vcn"
                    ],
                    "primary": {
                        "id": "ocid1.securitylist.oc1.phx.aaaaaaaaye3tehhfynyjqu4bxkatxir3iai4ekbkmmifnlaippnjhpy3cp6a",
                        "attributes": {
                            "compartment_id": "ocid1.compartment.oc1..aaaaaaaapdd2bm7bohozrplwmcygeenb2xkwmojntn2gv4f6pzi5y6i7hmoa",
                            "defined_tags.%": "0",
                            "display_name": "Public Subnet",
                            "egress_security_rules.#": "1",
                            "egress_security_rules.1420396200.destination": "0.0.0.0/0",
                            "egress_security_rules.1420396200.destination_type": "CIDR_BLOCK",
                            "egress_security_rules.1420396200.icmp_options.#": "0",
                            "egress_security_rules.1420396200.protocol": "6",
                            "egress_security_rules.1420396200.stateless": "false",
                            "egress_security_rules.1420396200.tcp_options.#": "0",
                            "egress_security_rules.1420396200.udp_options.#": "0",
                            "freeform_tags.%": "0",
                            "id": "ocid1.securitylist.oc1.phx.aaaaaaaaye3tehhfynyjqu4bxkatxir3iai4ekbkmmifnlaippnjhpy3cp6a",
                            "ingress_security_rules.#": "6",
                            "ingress_security_rules.1391285040.icmp_options.#": "0",
                            "ingress_security_rules.1391285040.protocol": "6",
                            "ingress_security_rules.1391285040.source": "0.0.0.0/0",
                            "ingress_security_rules.1391285040.source_type": "CIDR_BLOCK",
                            "ingress_security_rules.1391285040.stateless": "false",
                            "ingress_security_rules.1391285040.tcp_options.#": "1",
                            "ingress_security_rules.1391285040.tcp_options.0.max": "8088",
                            "ingress_security_rules.1391285040.tcp_options.0.min": "8088",
                            "ingress_security_rules.1391285040.tcp_options.0.source_port_range.#": "0",
                            "ingress_security_rules.1391285040.udp_options.#": "0",
                            "ingress_security_rules.1967597605.icmp_options.#": "0",
                            "ingress_security_rules.1967597605.protocol": "6",
                            "ingress_security_rules.1967597605.source": "0.0.0.0/0",
                            "ingress_security_rules.1967597605.source_type": "CIDR_BLOCK",
                            "ingress_security_rules.1967597605.stateless": "false",
                            "ingress_security_rules.1967597605.tcp_options.#": "1",
                            "ingress_security_rules.1967597605.tcp_options.0.max": "7180",
                            "ingress_security_rules.1967597605.tcp_options.0.min": "7180",
                            "ingress_security_rules.1967597605.tcp_options.0.source_port_range.#": "0",
                            "ingress_security_rules.1967597605.udp_options.#": "0",
                            "ingress_security_rules.2733757676.icmp_options.#": "0",
                            "ingress_security_rules.2733757676.protocol": "6",
                            "ingress_security_rules.2733757676.source": "0.0.0.0/0",
                            "ingress_security_rules.2733757676.source_type": "CIDR_BLOCK",
                            "ingress_security_rules.2733757676.stateless": "false",
                            "ingress_security_rules.2733757676.tcp_options.#": "1",
                            "ingress_security_rules.2733757676.tcp_options.0.max": "18630",
                            "ingress_security_rules.2733757676.tcp_options.0.min": "18630",
                            "ingress_security_rules.2733757676.tcp_options.0.source_port_range.#": "0",
                            "ingress_security_rules.2733757676.udp_options.#": "0",
                            "ingress_security_rules.3057867092.icmp_options.#": "0",
                            "ingress_security_rules.3057867092.protocol": "6",
                            "ingress_security_rules.3057867092.source": "10.0.0.0/16",
                            "ingress_security_rules.3057867092.source_type": "CIDR_BLOCK",
                            "ingress_security_rules.3057867092.stateless": "false",
                            "ingress_security_rules.3057867092.tcp_options.#": "0",
                            "ingress_security_rules.3057867092.udp_options.#": "0",
                            "ingress_security_rules.47193274.icmp_options.#": "0",
                            "ingress_security_rules.47193274.protocol": "6",
                            "ingress_security_rules.47193274.source": "0.0.0.0/0",
                            "ingress_security_rules.47193274.source_type": "CIDR_BLOCK",
                            "ingress_security_rules.47193274.stateless": "false",
                            "ingress_security_rules.47193274.tcp_options.#": "1",
                            "ingress_security_rules.47193274.tcp_options.0.max": "22",
                            "ingress_security_rules.47193274.tcp_options.0.min": "22",
                            "ingress_security_rules.47193274.tcp_options.0.source_port_range.#": "0",
                            "ingress_security_rules.47193274.udp_options.#": "0",
                            "ingress_security_rules.892700061.icmp_options.#": "0",
                            "ingress_security_rules.892700061.protocol": "6",
                            "ingress_security_rules.892700061.source": "0.0.0.0/0",
                            "ingress_security_rules.892700061.source_type": "CIDR_BLOCK",
                            "ingress_security_rules.892700061.stateless": "false",
                            "ingress_security_rules.892700061.tcp_options.#": "1",
                            "ingress_security_rules.892700061.tcp_options.0.max": "19888",
                            "ingress_security_rules.892700061.tcp_options.0.min": "19888",
                            "ingress_security_rules.892700061.tcp_options.0.source_port_range.#": "0",
                            "ingress_security_rules.892700061.udp_options.#": "0",
                            "state": "AVAILABLE",
                            "time_created": "2018-10-04 16:57:32.03 +0000 UTC",
                            "vcn_id": "ocid1.vcn.oc1.phx.aaaaaaaap5qv4f65yobvn56qgbxykbil7cvjljfhsjeddphzoyppcirwhoca"
                        },
                        "meta": {
                            "e2bfb730-ecaa-11e6-8f88-34363bc7c4c0": {
                                "create": 900000000000,
                                "delete": 900000000000,
                                "update": 900000000000
                            }
                        },
                        "tainted": false
                    },
                    "deposed": [],
                    "provider": "provider.oci"
                },
                "oci_core_subnet.bastion.0": {
                    "type": "oci_core_subnet",
                    "depends_on": [
                        "data.oci_identity_availability_domains.ADs",
                        "oci_core_route_table.RouteForComplete",
                        "oci_core_security_list.BastionSubnet",
                        "oci_core_virtual_network.cloudera_vcn"
                    ],
                    "primary": {
                        "id": "ocid1.subnet.oc1.phx.aaaaaaaabewuty2ek3tt3lgwefkodkoovxumqw2b4mr5xefhoncnb2pl54bq",
                        "attributes": {
                            "availability_domain": "YVsm:PHX-AD-1",
                            "cidr_block": "10.0.6.0/24",
                            "compartment_id": "ocid1.compartment.oc1..aaaaaaaapdd2bm7bohozrplwmcygeenb2xkwmojntn2gv4f6pzi5y6i7hmoa",
                            "defined_tags.%": "0",
                            "dhcp_options_id": "ocid1.dhcpoptions.oc1.phx.aaaaaaaaibmzykpxr3lqswwhvjqi232keknlejo2l6orwojyt7st5iwpk3ta",
                            "display_name": "bastion_ad0",
                            "dns_label": "bastion0",
                            "freeform_tags.%": "0",
                            "id": "ocid1.subnet.oc1.phx.aaaaaaaabewuty2ek3tt3lgwefkodkoovxumqw2b4mr5xefhoncnb2pl54bq",
                            "prohibit_public_ip_on_vnic": "false",
                            "route_table_id": "ocid1.routetable.oc1.phx.aaaaaaaaj3xnebmoxxhozfxabjydins2ylffxb2pbkzt7igvqmgns2lbfa7a",
                            "security_list_ids.#": "1",
                            "security_list_ids.189430447": "ocid1.securitylist.oc1.phx.aaaaaaaa4utgdelaxohah5bmdrh53qaqesdydnr33t2fpkoivogdml5y2mbq",
                            "state": "AVAILABLE",
                            "subnet_domain_name": "bastion0.cdhvcn.oraclevcn.com",
                            "time_created": "2018-10-04 16:57:33.45 +0000 UTC",
                            "vcn_id": "ocid1.vcn.oc1.phx.aaaaaaaap5qv4f65yobvn56qgbxykbil7cvjljfhsjeddphzoyppcirwhoca",
                            "virtual_router_ip": "10.0.6.1",
                            "virtual_router_mac": "00:00:17:87:E0:91"
                        },
                        "meta": {
                            "e2bfb730-ecaa-11e6-8f88-34363bc7c4c0": {
                                "create": 900000000000,
                                "delete": 900000000000,
                                "update": 900000000000
                            }
                        },
                        "tainted": false
                    },
                    "deposed": [],
                    "provider": "provider.oci"
                },
                "oci_core_subnet.bastion.1": {
                    "type": "oci_core_subnet",
                    "depends_on": [
                        "data.oci_identity_availability_domains.ADs",
                        "oci_core_route_table.RouteForComplete",
                        "oci_core_security_list.BastionSubnet",
                        "oci_core_virtual_network.cloudera_vcn"
                    ],
                    "primary": {
                        "id": "ocid1.subnet.oc1.phx.aaaaaaaakizka7crt5ljo6355jzsqjoaih45ztszkfxqtivneyuwlkgtaesq",
                        "attributes": {
                            "availability_domain": "YVsm:PHX-AD-2",
                            "cidr_block": "10.0.7.0/24",
                            "compartment_id": "ocid1.compartment.oc1..aaaaaaaapdd2bm7bohozrplwmcygeenb2xkwmojntn2gv4f6pzi5y6i7hmoa",
                            "defined_tags.%": "0",
                            "dhcp_options_id": "ocid1.dhcpoptions.oc1.phx.aaaaaaaaibmzykpxr3lqswwhvjqi232keknlejo2l6orwojyt7st5iwpk3ta",
                            "display_name": "bastion_ad1",
                            "dns_label": "bastion1",
                            "freeform_tags.%": "0",
                            "id": "ocid1.subnet.oc1.phx.aaaaaaaakizka7crt5ljo6355jzsqjoaih45ztszkfxqtivneyuwlkgtaesq",
                            "prohibit_public_ip_on_vnic": "false",
                            "route_table_id": "ocid1.routetable.oc1.phx.aaaaaaaaj3xnebmoxxhozfxabjydins2ylffxb2pbkzt7igvqmgns2lbfa7a",
                            "security_list_ids.#": "1",
                            "security_list_ids.189430447": "ocid1.securitylist.oc1.phx.aaaaaaaa4utgdelaxohah5bmdrh53qaqesdydnr33t2fpkoivogdml5y2mbq",
                            "state": "AVAILABLE",
                            "subnet_domain_name": "bastion1.cdhvcn.oraclevcn.com",
                            "time_created": "2018-10-04 16:57:33.666 +0000 UTC",
                            "vcn_id": "ocid1.vcn.oc1.phx.aaaaaaaap5qv4f65yobvn56qgbxykbil7cvjljfhsjeddphzoyppcirwhoca",
                            "virtual_router_ip": "10.0.7.1",
                            "virtual_router_mac": "00:00:17:87:E0:91"
                        },
                        "meta": {
                            "e2bfb730-ecaa-11e6-8f88-34363bc7c4c0": {
                                "create": 900000000000,
                                "delete": 900000000000,
                                "update": 900000000000
                            }
                        },
                        "tainted": false
                    },
                    "deposed": [],
                    "provider": "provider.oci"
                },
                "oci_core_subnet.bastion.2": {
                    "type": "oci_core_subnet",
                    "depends_on": [
                        "data.oci_identity_availability_domains.ADs",
                        "oci_core_route_table.RouteForComplete",
                        "oci_core_security_list.BastionSubnet",
                        "oci_core_virtual_network.cloudera_vcn"
                    ],
                    "primary": {
                        "id": "ocid1.subnet.oc1.phx.aaaaaaaa73jbtf7oatwsyjhccqlf7kd7jvu6v7hugpd6d2fjvtyzatfkhl7q",
                        "attributes": {
                            "availability_domain": "YVsm:PHX-AD-3",
                            "cidr_block": "10.0.8.0/24",
                            "compartment_id": "ocid1.compartment.oc1..aaaaaaaapdd2bm7bohozrplwmcygeenb2xkwmojntn2gv4f6pzi5y6i7hmoa",
                            "defined_tags.%": "0",
                            "dhcp_options_id": "ocid1.dhcpoptions.oc1.phx.aaaaaaaaibmzykpxr3lqswwhvjqi232keknlejo2l6orwojyt7st5iwpk3ta",
                            "display_name": "bastion_ad2",
                            "dns_label": "bastion2",
                            "freeform_tags.%": "0",
                            "id": "ocid1.subnet.oc1.phx.aaaaaaaa73jbtf7oatwsyjhccqlf7kd7jvu6v7hugpd6d2fjvtyzatfkhl7q",
                            "prohibit_public_ip_on_vnic": "false",
                            "route_table_id": "ocid1.routetable.oc1.phx.aaaaaaaaj3xnebmoxxhozfxabjydins2ylffxb2pbkzt7igvqmgns2lbfa7a",
                            "security_list_ids.#": "1",
                            "security_list_ids.189430447": "ocid1.securitylist.oc1.phx.aaaaaaaa4utgdelaxohah5bmdrh53qaqesdydnr33t2fpkoivogdml5y2mbq",
                            "state": "AVAILABLE",
                            "subnet_domain_name": "bastion2.cdhvcn.oraclevcn.com",
                            "time_created": "2018-10-04 16:57:34.055 +0000 UTC",
                            "vcn_id": "ocid1.vcn.oc1.phx.aaaaaaaap5qv4f65yobvn56qgbxykbil7cvjljfhsjeddphzoyppcirwhoca",
                            "virtual_router_ip": "10.0.8.1",
                            "virtual_router_mac": "00:00:17:87:E0:91"
                        },
                        "meta": {
                            "e2bfb730-ecaa-11e6-8f88-34363bc7c4c0": {
                                "create": 900000000000,
                                "delete": 900000000000,
                                "update": 900000000000
                            }
                        },
                        "tainted": false
                    },
                    "deposed": [],
                    "provider": "provider.oci"
                },
                "oci_core_subnet.private.0": {
                    "type": "oci_core_subnet",
                    "depends_on": [
                        "data.oci_identity_availability_domains.ADs",
                        "oci_core_route_table.RouteForComplete",
                        "oci_core_security_list.PrivateSubnet",
                        "oci_core_virtual_network.cloudera_vcn"
                    ],
                    "primary": {
                        "id": "ocid1.subnet.oc1.phx.aaaaaaaaplgis57sgz5ggj3fcaefbknawjknfmx5l2qi3qbu5ljrp23kab4a",
                        "attributes": {
                            "availability_domain": "YVsm:PHX-AD-1",
                            "cidr_block": "10.0.3.0/24",
                            "compartment_id": "ocid1.compartment.oc1..aaaaaaaapdd2bm7bohozrplwmcygeenb2xkwmojntn2gv4f6pzi5y6i7hmoa",
                            "defined_tags.%": "0",
                            "dhcp_options_id": "ocid1.dhcpoptions.oc1.phx.aaaaaaaaibmzykpxr3lqswwhvjqi232keknlejo2l6orwojyt7st5iwpk3ta",
                            "display_name": "private_ad0",
                            "dns_label": "private0",
                            "freeform_tags.%": "0",
                            "id": "ocid1.subnet.oc1.phx.aaaaaaaaplgis57sgz5ggj3fcaefbknawjknfmx5l2qi3qbu5ljrp23kab4a",
                            "prohibit_public_ip_on_vnic": "false",
                            "route_table_id": "ocid1.routetable.oc1.phx.aaaaaaaaj3xnebmoxxhozfxabjydins2ylffxb2pbkzt7igvqmgns2lbfa7a",
                            "security_list_ids.#": "1",
                            "security_list_ids.647907414": "ocid1.securitylist.oc1.phx.aaaaaaaaqhtbhx4tim6t6nn5lyjs46egvkmfsatf7mn3dxv5zx3d3rwyv5qq",
                            "state": "AVAILABLE",
                            "subnet_domain_name": "private0.cdhvcn.oraclevcn.com",
                            "time_created": "2018-10-04 16:57:34.639 +0000 UTC",
                            "vcn_id": "ocid1.vcn.oc1.phx.aaaaaaaap5qv4f65yobvn56qgbxykbil7cvjljfhsjeddphzoyppcirwhoca",
                            "virtual_router_ip": "10.0.3.1",
                            "virtual_router_mac": "00:00:17:87:E0:91"
                        },
                        "meta": {
                            "e2bfb730-ecaa-11e6-8f88-34363bc7c4c0": {
                                "create": 900000000000,
                                "delete": 900000000000,
                                "update": 900000000000
                            }
                        },
                        "tainted": false
                    },
                    "deposed": [],
                    "provider": "provider.oci"
                },
                "oci_core_subnet.private.1": {
                    "type": "oci_core_subnet",
                    "depends_on": [
                        "data.oci_identity_availability_domains.ADs",
                        "oci_core_route_table.RouteForComplete",
                        "oci_core_security_list.PrivateSubnet",
                        "oci_core_virtual_network.cloudera_vcn"
                    ],
                    "primary": {
                        "id": "ocid1.subnet.oc1.phx.aaaaaaaac4uyg7d4y6ix7bpjniasqdquapgbawk4on45ghkgjibbqogb5l6a",
                        "attributes": {
                            "availability_domain": "YVsm:PHX-AD-2",
                            "cidr_block": "10.0.4.0/24",
                            "compartment_id": "ocid1.compartment.oc1..aaaaaaaapdd2bm7bohozrplwmcygeenb2xkwmojntn2gv4f6pzi5y6i7hmoa",
                            "defined_tags.%": "0",
                            "dhcp_options_id": "ocid1.dhcpoptions.oc1.phx.aaaaaaaaibmzykpxr3lqswwhvjqi232keknlejo2l6orwojyt7st5iwpk3ta",
                            "display_name": "private_ad1",
                            "dns_label": "private1",
                            "freeform_tags.%": "0",
                            "id": "ocid1.subnet.oc1.phx.aaaaaaaac4uyg7d4y6ix7bpjniasqdquapgbawk4on45ghkgjibbqogb5l6a",
                            "prohibit_public_ip_on_vnic": "false",
                            "route_table_id": "ocid1.routetable.oc1.phx.aaaaaaaaj3xnebmoxxhozfxabjydins2ylffxb2pbkzt7igvqmgns2lbfa7a",
                            "security_list_ids.#": "1",
                            "security_list_ids.647907414": "ocid1.securitylist.oc1.phx.aaaaaaaaqhtbhx4tim6t6nn5lyjs46egvkmfsatf7mn3dxv5zx3d3rwyv5qq",
                            "state": "AVAILABLE",
                            "subnet_domain_name": "private1.cdhvcn.oraclevcn.com",
                            "time_created": "2018-10-04 16:57:34.873 +0000 UTC",
                            "vcn_id": "ocid1.vcn.oc1.phx.aaaaaaaap5qv4f65yobvn56qgbxykbil7cvjljfhsjeddphzoyppcirwhoca",
                            "virtual_router_ip": "10.0.4.1",
                            "virtual_router_mac": "00:00:17:87:E0:91"
                        },
                        "meta": {
                            "e2bfb730-ecaa-11e6-8f88-34363bc7c4c0": {
                                "create": 900000000000,
                                "delete": 900000000000,
                                "update": 900000000000
                            }
                        },
                        "tainted": false
                    },
                    "deposed": [],
                    "provider": "provider.oci"
                },
                "oci_core_subnet.private.2": {
                    "type": "oci_core_subnet",
                    "depends_on": [
                        "data.oci_identity_availability_domains.ADs",
                        "oci_core_route_table.RouteForComplete",
                        "oci_core_security_list.PrivateSubnet",
                        "oci_core_virtual_network.cloudera_vcn"
                    ],
                    "primary": {
                        "id": "ocid1.subnet.oc1.phx.aaaaaaaad735ad6566wey5gxyt7bvg43gfxs4kruqijznlunlzkhqnkz4osa",
                        "attributes": {
                            "availability_domain": "YVsm:PHX-AD-3",
                            "cidr_block": "10.0.5.0/24",
                            "compartment_id": "ocid1.compartment.oc1..aaaaaaaapdd2bm7bohozrplwmcygeenb2xkwmojntn2gv4f6pzi5y6i7hmoa",
                            "defined_tags.%": "0",
                            "dhcp_options_id": "ocid1.dhcpoptions.oc1.phx.aaaaaaaaibmzykpxr3lqswwhvjqi232keknlejo2l6orwojyt7st5iwpk3ta",
                            "display_name": "private_ad2",
                            "dns_label": "private2",
                            "freeform_tags.%": "0",
                            "id": "ocid1.subnet.oc1.phx.aaaaaaaad735ad6566wey5gxyt7bvg43gfxs4kruqijznlunlzkhqnkz4osa",
                            "prohibit_public_ip_on_vnic": "false",
                            "route_table_id": "ocid1.routetable.oc1.phx.aaaaaaaaj3xnebmoxxhozfxabjydins2ylffxb2pbkzt7igvqmgns2lbfa7a",
                            "security_list_ids.#": "1",
                            "security_list_ids.647907414": "ocid1.securitylist.oc1.phx.aaaaaaaaqhtbhx4tim6t6nn5lyjs46egvkmfsatf7mn3dxv5zx3d3rwyv5qq",
                            "state": "AVAILABLE",
                            "subnet_domain_name": "private2.cdhvcn.oraclevcn.com",
                            "time_created": "2018-10-04 16:57:35.285 +0000 UTC",
                            "vcn_id": "ocid1.vcn.oc1.phx.aaaaaaaap5qv4f65yobvn56qgbxykbil7cvjljfhsjeddphzoyppcirwhoca",
                            "virtual_router_ip": "10.0.5.1",
                            "virtual_router_mac": "00:00:17:87:E0:91"
                        },
                        "meta": {
                            "e2bfb730-ecaa-11e6-8f88-34363bc7c4c0": {
                                "create": 900000000000,
                                "delete": 900000000000,
                                "update": 900000000000
                            }
                        },
                        "tainted": false
                    },
                    "deposed": [],
                    "provider": "provider.oci"
                },
                "oci_core_subnet.public.0": {
                    "type": "oci_core_subnet",
                    "depends_on": [
                        "data.oci_identity_availability_domains.ADs",
                        "oci_core_route_table.RouteForComplete",
                        "oci_core_security_list.PublicSubnet",
                        "oci_core_virtual_network.cloudera_vcn"
                    ],
                    "primary": {
                        "id": "ocid1.subnet.oc1.phx.aaaaaaaa7qx4l6x7jut546l27dnywmlvoe2abnmv5njargkfilcg5e74h2qa",
                        "attributes": {
                            "availability_domain": "YVsm:PHX-AD-1",
                            "cidr_block": "10.0.0.0/24",
                            "compartment_id": "ocid1.compartment.oc1..aaaaaaaapdd2bm7bohozrplwmcygeenb2xkwmojntn2gv4f6pzi5y6i7hmoa",
                            "defined_tags.%": "0",
                            "dhcp_options_id": "ocid1.dhcpoptions.oc1.phx.aaaaaaaaibmzykpxr3lqswwhvjqi232keknlejo2l6orwojyt7st5iwpk3ta",
                            "display_name": "public_0",
                            "dns_label": "public0",
                            "freeform_tags.%": "0",
                            "id": "ocid1.subnet.oc1.phx.aaaaaaaa7qx4l6x7jut546l27dnywmlvoe2abnmv5njargkfilcg5e74h2qa",
                            "prohibit_public_ip_on_vnic": "false",
                            "route_table_id": "ocid1.routetable.oc1.phx.aaaaaaaaj3xnebmoxxhozfxabjydins2ylffxb2pbkzt7igvqmgns2lbfa7a",
                            "security_list_ids.#": "1",
                            "security_list_ids.3851210421": "ocid1.securitylist.oc1.phx.aaaaaaaaye3tehhfynyjqu4bxkatxir3iai4ekbkmmifnlaippnjhpy3cp6a",
                            "state": "AVAILABLE",
                            "subnet_domain_name": "public0.cdhvcn.oraclevcn.com",
                            "time_created": "2018-10-04 16:57:32.922 +0000 UTC",
                            "vcn_id": "ocid1.vcn.oc1.phx.aaaaaaaap5qv4f65yobvn56qgbxykbil7cvjljfhsjeddphzoyppcirwhoca",
                            "virtual_router_ip": "10.0.0.1",
                            "virtual_router_mac": "00:00:17:87:E0:91"
                        },
                        "meta": {
                            "e2bfb730-ecaa-11e6-8f88-34363bc7c4c0": {
                                "create": 900000000000,
                                "delete": 900000000000,
                                "update": 900000000000
                            }
                        },
                        "tainted": false
                    },
                    "deposed": [],
                    "provider": "provider.oci"
                },
                "oci_core_subnet.public.1": {
                    "type": "oci_core_subnet",
                    "depends_on": [
                        "data.oci_identity_availability_domains.ADs",
                        "oci_core_route_table.RouteForComplete",
                        "oci_core_security_list.PublicSubnet",
                        "oci_core_virtual_network.cloudera_vcn"
                    ],
                    "primary": {
                        "id": "ocid1.subnet.oc1.phx.aaaaaaaamlztklldujsuhd3djudhoqpopi7loiv2n4cv6geslmf6t5742z7q",
                        "attributes": {
                            "availability_domain": "YVsm:PHX-AD-2",
                            "cidr_block": "10.0.1.0/24",
                            "compartment_id": "ocid1.compartment.oc1..aaaaaaaapdd2bm7bohozrplwmcygeenb2xkwmojntn2gv4f6pzi5y6i7hmoa",
                            "defined_tags.%": "0",
                            "dhcp_options_id": "ocid1.dhcpoptions.oc1.phx.aaaaaaaaibmzykpxr3lqswwhvjqi232keknlejo2l6orwojyt7st5iwpk3ta",
                            "display_name": "public_1",
                            "dns_label": "public1",
                            "freeform_tags.%": "0",
                            "id": "ocid1.subnet.oc1.phx.aaaaaaaamlztklldujsuhd3djudhoqpopi7loiv2n4cv6geslmf6t5742z7q",
                            "prohibit_public_ip_on_vnic": "false",
                            "route_table_id": "ocid1.routetable.oc1.phx.aaaaaaaaj3xnebmoxxhozfxabjydins2ylffxb2pbkzt7igvqmgns2lbfa7a",
                            "security_list_ids.#": "1",
                            "security_list_ids.3851210421": "ocid1.securitylist.oc1.phx.aaaaaaaaye3tehhfynyjqu4bxkatxir3iai4ekbkmmifnlaippnjhpy3cp6a",
                            "state": "AVAILABLE",
                            "subnet_domain_name": "public1.cdhvcn.oraclevcn.com",
                            "time_created": "2018-10-04 16:57:33.275 +0000 UTC",
                            "vcn_id": "ocid1.vcn.oc1.phx.aaaaaaaap5qv4f65yobvn56qgbxykbil7cvjljfhsjeddphzoyppcirwhoca",
                            "virtual_router_ip": "10.0.1.1",
                            "virtual_router_mac": "00:00:17:87:E0:91"
                        },
                        "meta": {
                            "e2bfb730-ecaa-11e6-8f88-34363bc7c4c0": {
                                "create": 900000000000,
                                "delete": 900000000000,
                                "update": 900000000000
                            }
                        },
                        "tainted": false
                    },
                    "deposed": [],
                    "provider": "provider.oci"
                },
                "oci_core_subnet.public.2": {
                    "type": "oci_core_subnet",
                    "depends_on": [
                        "data.oci_identity_availability_domains.ADs",
                        "oci_core_route_table.RouteForComplete",
                        "oci_core_security_list.PublicSubnet",
                        "oci_core_virtual_network.cloudera_vcn"
                    ],
                    "primary": {
                        "id": "ocid1.subnet.oc1.phx.aaaaaaaazz7rijgjfp3z3fma2ym5ynzayl5kihiyxt7hyuvs7rgsx57ornwa",
                        "attributes": {
                            "availability_domain": "YVsm:PHX-AD-3",
                            "cidr_block": "10.0.2.0/24",
                            "compartment_id": "ocid1.compartment.oc1..aaaaaaaapdd2bm7bohozrplwmcygeenb2xkwmojntn2gv4f6pzi5y6i7hmoa",
                            "defined_tags.%": "0",
                            "dhcp_options_id": "ocid1.dhcpoptions.oc1.phx.aaaaaaaaibmzykpxr3lqswwhvjqi232keknlejo2l6orwojyt7st5iwpk3ta",
                            "display_name": "public_2",
                            "dns_label": "public2",
                            "freeform_tags.%": "0",
                            "id": "ocid1.subnet.oc1.phx.aaaaaaaazz7rijgjfp3z3fma2ym5ynzayl5kihiyxt7hyuvs7rgsx57ornwa",
                            "prohibit_public_ip_on_vnic": "false",
                            "route_table_id": "ocid1.routetable.oc1.phx.aaaaaaaaj3xnebmoxxhozfxabjydins2ylffxb2pbkzt7igvqmgns2lbfa7a",
                            "security_list_ids.#": "1",
                            "security_list_ids.3851210421": "ocid1.securitylist.oc1.phx.aaaaaaaaye3tehhfynyjqu4bxkatxir3iai4ekbkmmifnlaippnjhpy3cp6a",
                            "state": "AVAILABLE",
                            "subnet_domain_name": "public2.cdhvcn.oraclevcn.com",
                            "time_created": "2018-10-04 16:57:34.406 +0000 UTC",
                            "vcn_id": "ocid1.vcn.oc1.phx.aaaaaaaap5qv4f65yobvn56qgbxykbil7cvjljfhsjeddphzoyppcirwhoca",
                            "virtual_router_ip": "10.0.2.1",
                            "virtual_router_mac": "00:00:17:87:E0:91"
                        },
                        "meta": {
                            "e2bfb730-ecaa-11e6-8f88-34363bc7c4c0": {
                                "create": 900000000000,
                                "delete": 900000000000,
                                "update": 900000000000
                            }
                        },
                        "tainted": false
                    },
                    "deposed": [],
                    "provider": "provider.oci"
                },
                "oci_core_virtual_network.cloudera_vcn": {
                    "type": "oci_core_virtual_network",
                    "depends_on": [],
                    "primary": {
                        "id": "ocid1.vcn.oc1.phx.aaaaaaaap5qv4f65yobvn56qgbxykbil7cvjljfhsjeddphzoyppcirwhoca",
                        "attributes": {
                            "cidr_block": "10.0.0.0/16",
                            "compartment_id": "ocid1.compartment.oc1..aaaaaaaapdd2bm7bohozrplwmcygeenb2xkwmojntn2gv4f6pzi5y6i7hmoa",
                            "default_dhcp_options_id": "ocid1.dhcpoptions.oc1.phx.aaaaaaaaibmzykpxr3lqswwhvjqi232keknlejo2l6orwojyt7st5iwpk3ta",
                            "default_route_table_id": "ocid1.routetable.oc1.phx.aaaaaaaawc6rpbrawdukv562yf6feiamn6tvq7bgokoogjnzgylp5e5t3vcq",
                            "default_security_list_id": "ocid1.securitylist.oc1.phx.aaaaaaaaxgsqrb3ueqvmn3twzk6sjzeuvmzc7lq5on2wz2dnafzijjpksgsq",
                            "defined_tags.%": "0",
                            "display_name": "cloudera_vcn",
                            "dns_label": "cdhvcn",
                            "freeform_tags.%": "0",
                            "id": "ocid1.vcn.oc1.phx.aaaaaaaap5qv4f65yobvn56qgbxykbil7cvjljfhsjeddphzoyppcirwhoca",
                            "state": "AVAILABLE",
                            "time_created": "2018-10-04 16:57:31.082 +0000 UTC",
                            "vcn_domain_name": "cdhvcn.oraclevcn.com"
                        },
                        "meta": {
                            "e2bfb730-ecaa-11e6-8f88-34363bc7c4c0": {
                                "create": 900000000000,
                                "delete": 900000000000,
                                "update": 900000000000
                            }
                        },
                        "tainted": false
                    },
                    "deposed": [],
                    "provider": "provider.oci"
                },
                "oci_core_volume.WorkerVolume1.0": {
                    "type": "oci_core_volume",
                    "depends_on": [
                        "data.oci_identity_availability_domains.ADs"
                    ],
                    "primary": {
                        "id": "ocid1.volume.oc1.phx.abyhqljtobxeqzbvtml6of6ner6ughalr3teus2tzrtowdkv7xsvmlk3onha",
                        "attributes": {
                            "availability_domain": "YVsm:PHX-AD-2",
                            "compartment_id": "ocid1.compartment.oc1..aaaaaaaapdd2bm7bohozrplwmcygeenb2xkwmojntn2gv4f6pzi5y6i7hmoa",
                            "defined_tags.%": "0",
                            "display_name": "CDH Worker 1 Volume 1",
                            "freeform_tags.%": "0",
                            "id": "ocid1.volume.oc1.phx.abyhqljtobxeqzbvtml6of6ner6ughalr3teus2tzrtowdkv7xsvmlk3onha",
                            "is_hydrated": "true",
                            "size_in_gbs": "1024",
                            "size_in_mbs": "1048576",
                            "source_details.#": "0",
                            "state": "AVAILABLE",
                            "time_created": "2018-10-04 16:57:31.088 +0000 UTC"
                        },
                        "meta": {
                            "e2bfb730-ecaa-11e6-8f88-34363bc7c4c0": {
                                "create": 900000000000,
                                "delete": 900000000000,
                                "update": 900000000000
                            }
                        },
                        "tainted": false
                    },
                    "deposed": [],
                    "provider": "provider.oci"
                },
                "oci_core_volume.WorkerVolume1.1": {
                    "type": "oci_core_volume",
                    "depends_on": [
                        "data.oci_identity_availability_domains.ADs"
                    ],
                    "primary": {
                        "id": "ocid1.volume.oc1.phx.abyhqljtyqarrmkoxrv4x5zctgeoic2i557hoyi6ggkny6ddhisotsncle3q",
                        "attributes": {
                            "availability_domain": "YVsm:PHX-AD-2",
                            "compartment_id": "ocid1.compartment.oc1..aaaaaaaapdd2bm7bohozrplwmcygeenb2xkwmojntn2gv4f6pzi5y6i7hmoa",
                            "defined_tags.%": "0",
                            "display_name": "CDH Worker 2 Volume 1",
                            "freeform_tags.%": "0",
                            "id": "ocid1.volume.oc1.phx.abyhqljtyqarrmkoxrv4x5zctgeoic2i557hoyi6ggkny6ddhisotsncle3q",
                            "is_hydrated": "true",
                            "size_in_gbs": "1024",
                            "size_in_mbs": "1048576",
                            "source_details.#": "0",
                            "state": "AVAILABLE",
                            "time_created": "2018-10-04 16:57:31.013 +0000 UTC"
                        },
                        "meta": {
                            "e2bfb730-ecaa-11e6-8f88-34363bc7c4c0": {
                                "create": 900000000000,
                                "delete": 900000000000,
                                "update": 900000000000
                            }
                        },
                        "tainted": false
                    },
                    "deposed": [],
                    "provider": "provider.oci"
                },
                "oci_core_volume.WorkerVolume1.2": {
                    "type": "oci_core_volume",
                    "depends_on": [
                        "data.oci_identity_availability_domains.ADs"
                    ],
                    "primary": {
                        "id": "ocid1.volume.oc1.phx.abyhqljtfhuqhhx2qhmjj74xsukg5xo2g4syswitova2hpyqyxxxaqu5ae2q",
                        "attributes": {
                            "availability_domain": "YVsm:PHX-AD-2",
                            "compartment_id": "ocid1.compartment.oc1..aaaaaaaapdd2bm7bohozrplwmcygeenb2xkwmojntn2gv4f6pzi5y6i7hmoa",
                            "defined_tags.%": "0",
                            "display_name": "CDH Worker 3 Volume 1",
                            "freeform_tags.%": "0",
                            "id": "ocid1.volume.oc1.phx.abyhqljtfhuqhhx2qhmjj74xsukg5xo2g4syswitova2hpyqyxxxaqu5ae2q",
                            "is_hydrated": "true",
                            "size_in_gbs": "1024",
                            "size_in_mbs": "1048576",
                            "source_details.#": "0",
                            "state": "AVAILABLE",
                            "time_created": "2018-10-04 16:57:31.159 +0000 UTC"
                        },
                        "meta": {
                            "e2bfb730-ecaa-11e6-8f88-34363bc7c4c0": {
                                "create": 900000000000,
                                "delete": 900000000000,
                                "update": 900000000000
                            }
                        },
                        "tainted": false
                    },
                    "deposed": [],
                    "provider": "provider.oci"
                },
                "oci_core_volume_attachment.WorkerAttachment1.0": {
                    "type": "oci_core_volume_attachment",
                    "depends_on": [
                        "oci_core_instance.WorkerNode.*",
                        "oci_core_volume.WorkerVolume1.*"
                    ],
                    "primary": {
                        "id": "ocid1.volumeattachment.oc1.phx.abyhqljtqb4tnb4ptp36tolgvketrlpruw66vsi4dgu27ctxk5t5o4wbvhgq",
                        "attributes": {
                            "attachment_type": "iscsi",
                            "availability_domain": "YVsm:PHX-AD-2",
                            "compartment_id": "ocid1.compartment.oc1..aaaaaaaapdd2bm7bohozrplwmcygeenb2xkwmojntn2gv4f6pzi5y6i7hmoa",
                            "display_name": "volumeattachment20181004170055",
                            "id": "ocid1.volumeattachment.oc1.phx.abyhqljtqb4tnb4ptp36tolgvketrlpruw66vsi4dgu27ctxk5t5o4wbvhgq",
                            "instance_id": "ocid1.instance.oc1.phx.abyhqljtehew2ciwtv4lufvlz4ad4y5gtvfh5gpa5aalh37voylg5pkwgefa",
                            "ipv4": "169.254.2.2",
                            "iqn": "iqn.2015-12.com.oracleiaas:55baefd3-5b3c-4493-8d3d-ee09554b9709",
                            "is_read_only": "false",
                            "port": "3260",
                            "state": "ATTACHED",
                            "time_created": "2018-10-04 17:00:55.372 +0000 UTC",
                            "volume_id": "ocid1.volume.oc1.phx.abyhqljtobxeqzbvtml6of6ner6ughalr3teus2tzrtowdkv7xsvmlk3onha"
                        },
                        "meta": {
                            "e2bfb730-ecaa-11e6-8f88-34363bc7c4c0": {
                                "create": 900000000000,
                                "delete": 900000000000,
                                "update": 900000000000
                            }
                        },
                        "tainted": false
                    },
                    "deposed": [],
                    "provider": "provider.oci"
                },
                "oci_core_volume_attachment.WorkerAttachment1.1": {
                    "type": "oci_core_volume_attachment",
                    "depends_on": [
                        "oci_core_instance.WorkerNode.*",
                        "oci_core_volume.WorkerVolume1.*"
                    ],
                    "primary": {
                        "id": "ocid1.volumeattachment.oc1.phx.abyhqljt3k4vsnaq64xfbhcjmfotp3slwcijjrvknzu6xcyyq4stcw5nlgfa",
                        "attributes": {
                            "attachment_type": "iscsi",
                            "availability_domain": "YVsm:PHX-AD-2",
                            "compartment_id": "ocid1.compartment.oc1..aaaaaaaapdd2bm7bohozrplwmcygeenb2xkwmojntn2gv4f6pzi5y6i7hmoa",
                            "display_name": "volumeattachment20181004170055",
                            "id": "ocid1.volumeattachment.oc1.phx.abyhqljt3k4vsnaq64xfbhcjmfotp3slwcijjrvknzu6xcyyq4stcw5nlgfa",
                            "instance_id": "ocid1.instance.oc1.phx.abyhqljtosvly5tt5pz3xatta6xxpucch7qs3ecvqa52gmc2cqu7avbqpcea",
                            "ipv4": "169.254.2.2",
                            "iqn": "iqn.2015-12.com.oracleiaas:75fc260b-69c4-453d-88d6-70c582566221",
                            "is_read_only": "false",
                            "port": "3260",
                            "state": "ATTACHED",
                            "time_created": "2018-10-04 17:00:55.678 +0000 UTC",
                            "volume_id": "ocid1.volume.oc1.phx.abyhqljtyqarrmkoxrv4x5zctgeoic2i557hoyi6ggkny6ddhisotsncle3q"
                        },
                        "meta": {
                            "e2bfb730-ecaa-11e6-8f88-34363bc7c4c0": {
                                "create": 900000000000,
                                "delete": 900000000000,
                                "update": 900000000000
                            }
                        },
                        "tainted": false
                    },
                    "deposed": [],
                    "provider": "provider.oci"
                },
                "oci_core_volume_attachment.WorkerAttachment1.2": {
                    "type": "oci_core_volume_attachment",
                    "depends_on": [
                        "oci_core_instance.WorkerNode.*",
                        "oci_core_volume.WorkerVolume1.*"
                    ],
                    "primary": {
                        "id": "ocid1.volumeattachment.oc1.phx.abyhqljtyixh4n2fuehvlzd2ldikzinmwtabie2jcxlkrjdndfffj33jcwhq",
                        "attributes": {
                            "attachment_type": "iscsi",
                            "availability_domain": "YVsm:PHX-AD-2",
                            "compartment_id": "ocid1.compartment.oc1..aaaaaaaapdd2bm7bohozrplwmcygeenb2xkwmojntn2gv4f6pzi5y6i7hmoa",
                            "display_name": "volumeattachment20181004170054",
                            "id": "ocid1.volumeattachment.oc1.phx.abyhqljtyixh4n2fuehvlzd2ldikzinmwtabie2jcxlkrjdndfffj33jcwhq",
                            "instance_id": "ocid1.instance.oc1.phx.abyhqljtcrjrnitikj6jpp3ihfeefkldjtevp3momufwxjhwqwnixi2v6vxq",
                            "ipv4": "169.254.2.2",
                            "iqn": "iqn.2015-12.com.oracleiaas:d48a306f-9e88-4075-84ed-7c44edcbd1cf",
                            "is_read_only": "false",
                            "port": "3260",
                            "state": "ATTACHED",
                            "time_created": "2018-10-04 17:00:54.385 +0000 UTC",
                            "volume_id": "ocid1.volume.oc1.phx.abyhqljtfhuqhhx2qhmjj74xsukg5xo2g4syswitova2hpyqyxxxaqu5ae2q"
                        },
                        "meta": {
                            "e2bfb730-ecaa-11e6-8f88-34363bc7c4c0": {
                                "create": 900000000000,
                                "delete": 900000000000,
                                "update": 900000000000
                            }
                        },
                        "tainted": false
                    },
                    "deposed": [],
                    "provider": "provider.oci"
                }
            },
            "depends_on": []
        }
    ]
}
