{
    "version": 3,
    "terraform_version": "0.11.8",
    "serial": 2,
    "lineage": "634a879c-8276-460e-e9dd-07cb78ce236a",
    "modules": [
        {
            "path": [
                "root"
            ],
            "outputs": {
                "1 - Bastion SSH Login": {
                    "sensitive": false,
                    "type": "string",
                    "value": "\n\tssh -i ~/.ssh/id_rsa opc@129.146.143.178\n\n"
                },
                "2 - Bastion Commands after SSH login to watch installation process": {
                    "sensitive": false,
                    "type": "string",
                    "value": "\n\tsudo su -\n\tscreen -r\n\n"
                },
                "3 - Cloudera Manager Login Available after ~15m": {
                    "sensitive": false,
                    "type": "string",
                    "value": "\n\thttp://129.146.138.141:7180/cmf/\n\n"
                },
                "INFO - Data Node Shape": {
                    "sensitive": false,
                    "type": "string",
                    "value": "BM.Standard1.36\n"
                }
            },
            "resources": {
                "data.oci_core_vnic.bastion_vnic": {
                    "type": "oci_core_vnic",
                    "depends_on": [
                        "data.oci_core_vnic_attachments.bastion_vnics"
                    ],
                    "primary": {
                        "id": "ocid1.vnic.oc1.phx.abyhqljt6bf6nmq4qiiki4eag3bo5dbf2iyazfswxzr6mnry2zmqe4dgmmvq",
                        "attributes": {
                            "availability_domain": "YVsm:PHX-AD-2",
                            "compartment_id": "ocid1.compartment.oc1..aaaaaaaapdd2bm7bohozrplwmcygeenb2xkwmojntn2gv4f6pzi5y6i7hmoa",
                            "defined_tags.%": "0",
                            "display_name": "CDH Bastion",
                            "freeform_tags.%": "0",
                            "hostname_label": "cdh-bastion",
                            "id": "ocid1.vnic.oc1.phx.abyhqljt6bf6nmq4qiiki4eag3bo5dbf2iyazfswxzr6mnry2zmqe4dgmmvq",
                            "is_primary": "true",
                            "mac_address": "00:00:17:02:B0:B5",
                            "private_ip_address": "10.0.7.2",
                            "public_ip_address": "129.146.143.178",
                            "skip_source_dest_check": "false",
                            "state": "AVAILABLE",
                            "subnet_id": "ocid1.subnet.oc1.phx.aaaaaaaamxrhhutavrqgd3h3wqd7axkhzlvbfyvoedx2hkbkrfuyckbtanua",
                            "time_created": "2018-10-03 15:31:09.08 +0000 UTC",
                            "vnic_id": "ocid1.vnic.oc1.phx.abyhqljt6bf6nmq4qiiki4eag3bo5dbf2iyazfswxzr6mnry2zmqe4dgmmvq"
                        },
                        "meta": {},
                        "tainted": false
                    },
                    "deposed": [],
                    "provider": "provider.oci"
                },
                "data.oci_core_vnic.utility_node_vnic": {
                    "type": "oci_core_vnic",
                    "depends_on": [
                        "data.oci_core_vnic_attachments.utility_node_vnics"
                    ],
                    "primary": {
                        "id": "ocid1.vnic.oc1.phx.abyhqljtwgndrnrwabfynrmp56iyds7clry5s7dswnadjf3fylcobrwvxtaq",
                        "attributes": {
                            "availability_domain": "YVsm:PHX-AD-2",
                            "compartment_id": "ocid1.compartment.oc1..aaaaaaaapdd2bm7bohozrplwmcygeenb2xkwmojntn2gv4f6pzi5y6i7hmoa",
                            "defined_tags.%": "0",
                            "display_name": "CDH Utility1",
                            "freeform_tags.%": "0",
                            "hostname_label": "cdh-utility1",
                            "id": "ocid1.vnic.oc1.phx.abyhqljtwgndrnrwabfynrmp56iyds7clry5s7dswnadjf3fylcobrwvxtaq",
                            "is_primary": "true",
                            "mac_address": "00:00:17:02:F4:80",
                            "private_ip_address": "10.0.1.2",
                            "public_ip_address": "129.146.138.141",
                            "skip_source_dest_check": "false",
                            "state": "AVAILABLE",
                            "subnet_id": "ocid1.subnet.oc1.phx.aaaaaaaawjjgv2cihztkyktoaqhjhdwrvo5mzn3q4wxofy6hfqtc4lcarzoa",
                            "time_created": "2018-10-03 15:31:08.873 +0000 UTC",
                            "vnic_id": "ocid1.vnic.oc1.phx.abyhqljtwgndrnrwabfynrmp56iyds7clry5s7dswnadjf3fylcobrwvxtaq"
                        },
                        "meta": {},
                        "tainted": false
                    },
                    "deposed": [],
                    "provider": "provider.oci"
                },
                "data.oci_core_vnic_attachments.bastion_vnics": {
                    "type": "oci_core_vnic_attachments",
                    "depends_on": [
                        "data.oci_identity_availability_domains.ADs",
                        "oci_core_instance.Bastion"
                    ],
                    "primary": {
                        "id": "2018-10-03 15:32:33.037382 +0000 UTC",
                        "attributes": {
                            "availability_domain": "YVsm:PHX-AD-2",
                            "compartment_id": "ocid1.compartment.oc1..aaaaaaaapdd2bm7bohozrplwmcygeenb2xkwmojntn2gv4f6pzi5y6i7hmoa",
                            "id": "2018-10-03 15:32:33.037382 +0000 UTC",
                            "instance_id": "ocid1.instance.oc1.phx.abyhqljtm7hf6h5zknznsyurzn3f7fyi3ht343uhqkgal3d23rt5zwt37a2q",
                            "vnic_attachments.#": "1",
                            "vnic_attachments.0.availability_domain": "YVsm:PHX-AD-2",
                            "vnic_attachments.0.compartment_id": "ocid1.compartment.oc1..aaaaaaaapdd2bm7bohozrplwmcygeenb2xkwmojntn2gv4f6pzi5y6i7hmoa",
                            "vnic_attachments.0.create_vnic_details.#": "0",
                            "vnic_attachments.0.display_name": "",
                            "vnic_attachments.0.id": "ocid1.vnicattachment.oc1.phx.abyhqljtitg2oi7cqzslnxwksfmwgtcck5a4fx7jzx4xhbm4jhunok35w2ca",
                            "vnic_attachments.0.instance_id": "ocid1.instance.oc1.phx.abyhqljtm7hf6h5zknznsyurzn3f7fyi3ht343uhqkgal3d23rt5zwt37a2q",
                            "vnic_attachments.0.nic_index": "0",
                            "vnic_attachments.0.state": "ATTACHED",
                            "vnic_attachments.0.subnet_id": "ocid1.subnet.oc1.phx.aaaaaaaamxrhhutavrqgd3h3wqd7axkhzlvbfyvoedx2hkbkrfuyckbtanua",
                            "vnic_attachments.0.time_created": "2018-10-03 15:31:09.564 +0000 UTC",
                            "vnic_attachments.0.vlan_tag": "534",
                            "vnic_attachments.0.vnic_id": "ocid1.vnic.oc1.phx.abyhqljt6bf6nmq4qiiki4eag3bo5dbf2iyazfswxzr6mnry2zmqe4dgmmvq"
                        },
                        "meta": {},
                        "tainted": false
                    },
                    "deposed": [],
                    "provider": "provider.oci"
                },
                "data.oci_core_vnic_attachments.utility_node_vnics": {
                    "type": "oci_core_vnic_attachments",
                    "depends_on": [
                        "data.oci_identity_availability_domains.ADs",
                        "oci_core_instance.UtilityNode"
                    ],
                    "primary": {
                        "id": "2018-10-03 15:32:27.890864 +0000 UTC",
                        "attributes": {
                            "availability_domain": "YVsm:PHX-AD-2",
                            "compartment_id": "ocid1.compartment.oc1..aaaaaaaapdd2bm7bohozrplwmcygeenb2xkwmojntn2gv4f6pzi5y6i7hmoa",
                            "id": "2018-10-03 15:32:27.890864 +0000 UTC",
                            "instance_id": "ocid1.instance.oc1.phx.abyhqljtcks5pm5n6zmlt3okm7iqfu44ufrtbefc7aovrv3cd3bjg72qr7hq",
                            "vnic_attachments.#": "1",
                            "vnic_attachments.0.availability_domain": "YVsm:PHX-AD-2",
                            "vnic_attachments.0.compartment_id": "ocid1.compartment.oc1..aaaaaaaapdd2bm7bohozrplwmcygeenb2xkwmojntn2gv4f6pzi5y6i7hmoa",
                            "vnic_attachments.0.create_vnic_details.#": "0",
                            "vnic_attachments.0.display_name": "",
                            "vnic_attachments.0.id": "ocid1.vnicattachment.oc1.phx.abyhqljtzmypepkzvyw5ymu2zjxwnj74bq2347ffog4hov52gjb3pyv6ee4a",
                            "vnic_attachments.0.instance_id": "ocid1.instance.oc1.phx.abyhqljtcks5pm5n6zmlt3okm7iqfu44ufrtbefc7aovrv3cd3bjg72qr7hq",
                            "vnic_attachments.0.nic_index": "0",
                            "vnic_attachments.0.state": "ATTACHED",
                            "vnic_attachments.0.subnet_id": "ocid1.subnet.oc1.phx.aaaaaaaawjjgv2cihztkyktoaqhjhdwrvo5mzn3q4wxofy6hfqtc4lcarzoa",
                            "vnic_attachments.0.time_created": "2018-10-03 15:31:09.362 +0000 UTC",
                            "vnic_attachments.0.vlan_tag": "3354",
                            "vnic_attachments.0.vnic_id": "ocid1.vnic.oc1.phx.abyhqljtwgndrnrwabfynrmp56iyds7clry5s7dswnadjf3fylcobrwvxtaq"
                        },
                        "meta": {},
                        "tainted": false
                    },
                    "deposed": [],
                    "provider": "provider.oci"
                },
                "data.oci_identity_availability_domains.ADs": {
                    "type": "oci_identity_availability_domains",
                    "depends_on": [],
                    "primary": {
                        "id": "2018-10-03 15:30:41.334293 +0000 UTC",
                        "attributes": {
                            "availability_domains.#": "3",
                            "availability_domains.0.compartment_id": "ocid1.tenancy.oc1..aaaaaaaaebxriz7y7egelwfkjdbnjdvq6k5vaaxo3o35fvfzf3g7ryvxevka",
                            "availability_domains.0.name": "YVsm:PHX-AD-1",
                            "availability_domains.1.compartment_id": "ocid1.tenancy.oc1..aaaaaaaaebxriz7y7egelwfkjdbnjdvq6k5vaaxo3o35fvfzf3g7ryvxevka",
                            "availability_domains.1.name": "YVsm:PHX-AD-2",
                            "availability_domains.2.compartment_id": "ocid1.tenancy.oc1..aaaaaaaaebxriz7y7egelwfkjdbnjdvq6k5vaaxo3o35fvfzf3g7ryvxevka",
                            "availability_domains.2.name": "YVsm:PHX-AD-3",
                            "compartment_id": "ocid1.tenancy.oc1..aaaaaaaaebxriz7y7egelwfkjdbnjdvq6k5vaaxo3o35fvfzf3g7ryvxevka",
                            "id": "2018-10-03 15:30:41.334293 +0000 UTC"
                        },
                        "meta": {},
                        "tainted": false
                    },
                    "deposed": [],
                    "provider": "provider.oci"
                },
                "null_resource.cdh-setup": {
                    "type": "null_resource",
                    "depends_on": [
                        "data.oci_core_vnic.bastion_vnic",
                        "oci_core_instance.Bastion",
                        "oci_core_instance.MasterNode",
                        "oci_core_instance.UtilityNode",
                        "oci_core_instance.WorkerNode"
                    ],
                    "primary": {
                        "id": "2905948356516401116",
                        "attributes": {
                            "id": "2905948356516401116"
                        },
                        "meta": {},
                        "tainted": true
                    },
                    "deposed": [],
                    "provider": "provider.null"
                },
                "oci_core_instance.Bastion": {
                    "type": "oci_core_instance",
                    "depends_on": [
                        "data.oci_identity_availability_domains.ADs",
                        "oci_core_subnet.bastion.*"
                    ],
                    "primary": {
                        "id": "ocid1.instance.oc1.phx.abyhqljtm7hf6h5zknznsyurzn3f7fyi3ht343uhqkgal3d23rt5zwt37a2q",
                        "attributes": {
                            "availability_domain": "YVsm:PHX-AD-2",
                            "boot_volume_id": "ocid1.bootvolume.oc1.phx.abyhqljtidjrnzr4ohvdpif2pa6edgiv3uqevjtqtlhi53v4wfuuale7zfdq",
                            "compartment_id": "ocid1.compartment.oc1..aaaaaaaapdd2bm7bohozrplwmcygeenb2xkwmojntn2gv4f6pzi5y6i7hmoa",
                            "create_vnic_details.#": "1",
                            "create_vnic_details.0.assign_public_ip": "true",
                            "create_vnic_details.0.defined_tags.%": "0",
                            "create_vnic_details.0.display_name": "CDH Bastion",
                            "create_vnic_details.0.freeform_tags.%": "0",
                            "create_vnic_details.0.hostname_label": "cdh-bastion",
                            "create_vnic_details.0.private_ip": "10.0.7.2",
                            "create_vnic_details.0.skip_source_dest_check": "false",
                            "create_vnic_details.0.subnet_id": "ocid1.subnet.oc1.phx.aaaaaaaamxrhhutavrqgd3h3wqd7axkhzlvbfyvoedx2hkbkrfuyckbtanua",
                            "defined_tags.%": "0",
                            "display_name": "CDH Bastion",
                            "fault_domain": "FAULT-DOMAIN-1",
                            "freeform_tags.%": "0",
                            "hostname_label": "cdh-bastion",
                            "id": "ocid1.instance.oc1.phx.abyhqljtm7hf6h5zknznsyurzn3f7fyi3ht343uhqkgal3d23rt5zwt37a2q",
                            "image": "ocid1.image.oc1.phx.aaaaaaaapnnv2phiyw7apcgtg6kmn572b2mux56ll6j6mck5xti3aw4bnwrq",
                            "launch_mode": "NATIVE",
                            "launch_options.#": "1",
                            "launch_options.0.boot_volume_type": "ISCSI",
                            "launch_options.0.firmware": "UEFI_64",
                            "launch_options.0.network_type": "VFIO",
                            "launch_options.0.remote_data_volume_type": "PARAVIRTUALIZED",
                            "metadata.%": "2",
                            "metadata.ssh_authorized_keys": "ssh-rsa AAAAB3NzaC1yc2EAAAADAQABAAABAQCl364sVMiGipqv2iJM/kF8eLfSjuk0qaSwK4bRCBYtO6j8AIEXxkKHFy4KDhosdk/iXJOB3a0kwQ60emfHBRmyYdwFEdiHKgLsDmS/AC9pyFRoDFTgqaNtlpgooVbjdWt+n0j4rJn4a4VhEZwctnN4mbIxwwfKLWjGWwjj/pb5IOGPzD24lyKaHG/PpOHdFaKQiHSftMdGwVUCCxgy/M9F6CZAH5ggu44bff5PQg4sNFnEQifUJqKbGpCpmtbTTKtZHrBx98LO3OLKVYABNRrT/oFoslnXwWKdn3vBiYsXTJjUSgDrfieAHRNfmVxpxWzjBT4zkPJm06d91zvMHhfF opc@terraform-provider",
                            "metadata.user_data": "IyEvYmluL2Jhc2gKIyMgY2xvdWQtaW5pdCBib290c3RyYXAgc2NyaXB0CiMjIFN0b3AgU1NIRCB0byBwcmV2ZW50IHJlbW90ZSBleGVjdXRpb24gZHVyaW5nIHRoaXMgcHJvY2VzcwpzeXN0ZW1jdGwgc3RvcCBzc2hkCiMjIHNldCBzcGVlZHVwPSIxIiB0byBieXBhc3MgaG9zdCByZWJvb3QgLSBzaG91bGQgc2V0IHNlbGludXggdG8gcGVybWlzc2l2ZSBtb2RlIGFsbG93aW5nIGZvciBmYXN0ZXIgZGVwbG95bWVudApzcGVlZHVwPSIxIgppZiBbICRzcGVlZHVwID0gIjAiIF07IHRoZW4gCglpZiBbIC1mIC9ldGMvc2VsaW51eC9jb25maWcgXTsgdGhlbgoJCXNlbGludXhjaGs9YHN1ZG8gY2F0IC9ldGMvc2VsaW51eC9jb25maWcgfCBncmVwIGVuZm9yY2luZ2AKCQlzZWxpbnV4X2Noaz1gZWNobyAtZSAkP2AKCQlpZiBbICRzZWxpbnV4X2NoayA9ICIwIiBdOyB0aGVuCgkJCXN1ZG8gc2VkIC1pLmJhayAncy9TRUxJTlVYPWVuZm9yY2luZy9TRUxJTlVYPWRpc2FibGVkL2cnIC9ldGMvc2VsaW51eC9jb25maWcKCQkJc3VkbyByZWJvb3QKCQlmaQoJZmkKZWxpZiBbICRzcGVlZHVwID0gIjEiIF07IHRoZW4gCiAgICAgICAgaWYgWyAtZiAvZXRjL3NlbGludXgvY29uZmlnIF07IHRoZW4KICAgICAgICAgICAgICAgIHNlbGludXhjaGs9YHN1ZG8gY2F0IC9ldGMvc2VsaW51eC9jb25maWcgfCBncmVwIGVuZm9yY2luZ2AKICAgICAgICAgICAgICAgIHNlbGludXhfY2hrPWBlY2hvIC1lICQ/YAogICAgICAgICAgICAgICAgaWYgWyAkc2VsaW51eF9jaGsgPSAiMCIgXTsgdGhlbgogICAgICAgICAgICAgICAgICAgICAgICBzdWRvIHNlZCAtaS5iYWsgJ3MvU0VMSU5VWD1lbmZvcmNpbmcvU0VMSU5VWD1kaXNhYmxlZC9nJyAvZXRjL3NlbGludXgvY29uZmlnCgkJCXN1ZG8gc2V0ZW5mb3JjZSAwCiAgICAgICAgICAgICAgICBmaQogICAgICAgIGZpCmZpCgojIyBDdXN0b20gQm9vdCBWb2x1bWUgRXh0ZW5zaW9uCnN1ZG8geXVtIC15IGluc3RhbGwgY2xvdWQtdXRpbHMtZ3Jvd3BhcnQKc3VkbyB5dW0gLXkgaW5zdGFsbCBnZGlzawplY2hvICIwIiA+IC9ob21lL29wYy8uZG9uZQpzdWRvIHJlYm9vdAo=",
                            "private_ip": "10.0.7.2",
                            "public_ip": "129.146.143.178",
                            "region": "phx",
                            "shape": "VM.Standard1.8",
                            "source_details.#": "1",
                            "source_details.0.boot_volume_size_in_gbs": "256",
                            "source_details.0.source_id": "ocid1.image.oc1.phx.aaaaaaaapnnv2phiyw7apcgtg6kmn572b2mux56ll6j6mck5xti3aw4bnwrq",
                            "source_details.0.source_type": "image",
                            "state": "RUNNING",
                            "subnet_id": "ocid1.subnet.oc1.phx.aaaaaaaamxrhhutavrqgd3h3wqd7axkhzlvbfyvoedx2hkbkrfuyckbtanua",
                            "time_created": "2018-10-03 15:31:05.87 +0000 UTC"
                        },
                        "meta": {
                            "e2bfb730-ecaa-11e6-8f88-34363bc7c4c0": {
                                "create": 1800000000000,
                                "delete": 7200000000000,
                                "update": 7200000000000
                            }
                        },
                        "tainted": false
                    },
                    "deposed": [],
                    "provider": "provider.oci"
                },
                "oci_core_instance.UtilityNode": {
                    "type": "oci_core_instance",
                    "depends_on": [
                        "data.oci_identity_availability_domains.ADs",
                        "oci_core_subnet.public.*"
                    ],
                    "primary": {
                        "id": "ocid1.instance.oc1.phx.abyhqljtcks5pm5n6zmlt3okm7iqfu44ufrtbefc7aovrv3cd3bjg72qr7hq",
                        "attributes": {
                            "availability_domain": "YVsm:PHX-AD-2",
                            "boot_volume_id": "ocid1.bootvolume.oc1.phx.abyhqljtlpo7m523gdmobgwdancbijvoaea76lz6nowcfkxa7slw6fjtcfkq",
                            "compartment_id": "ocid1.compartment.oc1..aaaaaaaapdd2bm7bohozrplwmcygeenb2xkwmojntn2gv4f6pzi5y6i7hmoa",
                            "create_vnic_details.#": "1",
                            "create_vnic_details.0.assign_public_ip": "true",
                            "create_vnic_details.0.defined_tags.%": "0",
                            "create_vnic_details.0.display_name": "CDH Utility1",
                            "create_vnic_details.0.freeform_tags.%": "0",
                            "create_vnic_details.0.hostname_label": "cdh-utility1",
                            "create_vnic_details.0.private_ip": "10.0.1.2",
                            "create_vnic_details.0.skip_source_dest_check": "false",
                            "create_vnic_details.0.subnet_id": "ocid1.subnet.oc1.phx.aaaaaaaawjjgv2cihztkyktoaqhjhdwrvo5mzn3q4wxofy6hfqtc4lcarzoa",
                            "defined_tags.%": "0",
                            "display_name": "CDH Utility1",
                            "fault_domain": "FAULT-DOMAIN-1",
                            "freeform_tags.%": "0",
                            "hostname_label": "cdh-utility1",
                            "id": "ocid1.instance.oc1.phx.abyhqljtcks5pm5n6zmlt3okm7iqfu44ufrtbefc7aovrv3cd3bjg72qr7hq",
                            "image": "ocid1.image.oc1.phx.aaaaaaaapnnv2phiyw7apcgtg6kmn572b2mux56ll6j6mck5xti3aw4bnwrq",
                            "launch_mode": "NATIVE",
                            "launch_options.#": "1",
                            "launch_options.0.boot_volume_type": "ISCSI",
                            "launch_options.0.firmware": "UEFI_64",
                            "launch_options.0.network_type": "VFIO",
                            "launch_options.0.remote_data_volume_type": "PARAVIRTUALIZED",
                            "metadata.%": "2",
                            "metadata.ssh_authorized_keys": "ssh-rsa AAAAB3NzaC1yc2EAAAADAQABAAABAQCl364sVMiGipqv2iJM/kF8eLfSjuk0qaSwK4bRCBYtO6j8AIEXxkKHFy4KDhosdk/iXJOB3a0kwQ60emfHBRmyYdwFEdiHKgLsDmS/AC9pyFRoDFTgqaNtlpgooVbjdWt+n0j4rJn4a4VhEZwctnN4mbIxwwfKLWjGWwjj/pb5IOGPzD24lyKaHG/PpOHdFaKQiHSftMdGwVUCCxgy/M9F6CZAH5ggu44bff5PQg4sNFnEQifUJqKbGpCpmtbTTKtZHrBx98LO3OLKVYABNRrT/oFoslnXwWKdn3vBiYsXTJjUSgDrfieAHRNfmVxpxWzjBT4zkPJm06d91zvMHhfF opc@terraform-provider",
                            "metadata.user_data": "IyEvYmluL2Jhc2gKIyMgY2xvdWQtaW5pdCBib290c3RyYXAgc2NyaXB0CiMjIFN0b3AgU1NIRCB0byBwcmV2ZW50IHJlbW90ZSBleGVjdXRpb24gZHVyaW5nIHRoaXMgcHJvY2VzcwpzeXN0ZW1jdGwgc3RvcCBzc2hkCiMjIHNldCBzcGVlZHVwPSIxIiB0byBieXBhc3MgaG9zdCByZWJvb3QgLSBzaG91bGQgc2V0IHNlbGludXggdG8gcGVybWlzc2l2ZSBtb2RlIGFsbG93aW5nIGZvciBmYXN0ZXIgZGVwbG95bWVudApzcGVlZHVwPSIxIgppZiBbICRzcGVlZHVwID0gIjAiIF07IHRoZW4gCglpZiBbIC1mIC9ldGMvc2VsaW51eC9jb25maWcgXTsgdGhlbgoJCXNlbGludXhjaGs9YHN1ZG8gY2F0IC9ldGMvc2VsaW51eC9jb25maWcgfCBncmVwIGVuZm9yY2luZ2AKCQlzZWxpbnV4X2Noaz1gZWNobyAtZSAkP2AKCQlpZiBbICRzZWxpbnV4X2NoayA9ICIwIiBdOyB0aGVuCgkJCXN1ZG8gc2VkIC1pLmJhayAncy9TRUxJTlVYPWVuZm9yY2luZy9TRUxJTlVYPWRpc2FibGVkL2cnIC9ldGMvc2VsaW51eC9jb25maWcKCQkJc3VkbyByZWJvb3QKCQlmaQoJZmkKZWxpZiBbICRzcGVlZHVwID0gIjEiIF07IHRoZW4gCiAgICAgICAgaWYgWyAtZiAvZXRjL3NlbGludXgvY29uZmlnIF07IHRoZW4KICAgICAgICAgICAgICAgIHNlbGludXhjaGs9YHN1ZG8gY2F0IC9ldGMvc2VsaW51eC9jb25maWcgfCBncmVwIGVuZm9yY2luZ2AKICAgICAgICAgICAgICAgIHNlbGludXhfY2hrPWBlY2hvIC1lICQ/YAogICAgICAgICAgICAgICAgaWYgWyAkc2VsaW51eF9jaGsgPSAiMCIgXTsgdGhlbgogICAgICAgICAgICAgICAgICAgICAgICBzdWRvIHNlZCAtaS5iYWsgJ3MvU0VMSU5VWD1lbmZvcmNpbmcvU0VMSU5VWD1kaXNhYmxlZC9nJyAvZXRjL3NlbGludXgvY29uZmlnCgkJCXN1ZG8gc2V0ZW5mb3JjZSAwCiAgICAgICAgICAgICAgICBmaQogICAgICAgIGZpCmZpCgojIyBDdXN0b20gQm9vdCBWb2x1bWUgRXh0ZW5zaW9uCnN1ZG8geXVtIC15IGluc3RhbGwgY2xvdWQtdXRpbHMtZ3Jvd3BhcnQKc3VkbyB5dW0gLXkgaW5zdGFsbCBnZGlzawplY2hvICIwIiA+IC9ob21lL29wYy8uZG9uZQpzdWRvIHJlYm9vdAo=",
                            "private_ip": "10.0.1.2",
                            "public_ip": "129.146.138.141",
                            "region": "phx",
                            "shape": "VM.Standard1.8",
                            "source_details.#": "1",
                            "source_details.0.boot_volume_size_in_gbs": "256",
                            "source_details.0.source_id": "ocid1.image.oc1.phx.aaaaaaaapnnv2phiyw7apcgtg6kmn572b2mux56ll6j6mck5xti3aw4bnwrq",
                            "source_details.0.source_type": "image",
                            "state": "RUNNING",
                            "subnet_id": "ocid1.subnet.oc1.phx.aaaaaaaawjjgv2cihztkyktoaqhjhdwrvo5mzn3q4wxofy6hfqtc4lcarzoa",
                            "time_created": "2018-10-03 15:31:05.647 +0000 UTC"
                        },
                        "meta": {
                            "e2bfb730-ecaa-11e6-8f88-34363bc7c4c0": {
                                "create": 1800000000000,
                                "delete": 7200000000000,
                                "update": 7200000000000
                            }
                        },
                        "tainted": false
                    },
                    "deposed": [],
                    "provider": "provider.oci"
                },
                "oci_core_instance.WorkerNode.0": {
                    "type": "oci_core_instance",
                    "depends_on": [
                        "data.oci_identity_availability_domains.ADs",
                        "oci_core_subnet.private.*"
                    ],
                    "primary": {
                        "id": "ocid1.instance.oc1.phx.abyhqljtprcdbvrt5775deyjv57zsds26lygjyigw5ln5yqsvxy4m22irgsq",
                        "attributes": {
                            "availability_domain": "YVsm:PHX-AD-2",
                            "boot_volume_id": "ocid1.bootvolume.oc1.phx.abyhqljtijhxq3l4wokxbimt6jmo4lcmxq3hvevswqzjhbydojx43s5lbujq",
                            "compartment_id": "ocid1.compartment.oc1..aaaaaaaapdd2bm7bohozrplwmcygeenb2xkwmojntn2gv4f6pzi5y6i7hmoa",
                            "create_vnic_details.#": "1",
                            "create_vnic_details.0.assign_public_ip": "true",
                            "create_vnic_details.0.defined_tags.%": "0",
                            "create_vnic_details.0.display_name": "CDH Worker 1",
                            "create_vnic_details.0.freeform_tags.%": "0",
                            "create_vnic_details.0.hostname_label": "cdh-worker-1",
                            "create_vnic_details.0.private_ip": "10.0.4.4",
                            "create_vnic_details.0.skip_source_dest_check": "false",
                            "create_vnic_details.0.subnet_id": "ocid1.subnet.oc1.phx.aaaaaaaaw7rjp7nngkdobzdez5llso2rsccaq3c4nkjgg45nr3nrvppwwcna",
                            "defined_tags.%": "0",
                            "display_name": "CDH Worker 1",
                            "fault_domain": "FAULT-DOMAIN-1",
                            "freeform_tags.%": "0",
                            "hostname_label": "cdh-worker-1",
                            "id": "ocid1.instance.oc1.phx.abyhqljtprcdbvrt5775deyjv57zsds26lygjyigw5ln5yqsvxy4m22irgsq",
                            "image": "ocid1.image.oc1.phx.aaaaaaaapnnv2phiyw7apcgtg6kmn572b2mux56ll6j6mck5xti3aw4bnwrq",
                            "launch_mode": "NATIVE",
                            "launch_options.#": "1",
                            "launch_options.0.boot_volume_type": "ISCSI",
                            "launch_options.0.firmware": "UEFI_64",
                            "launch_options.0.network_type": "VFIO",
                            "launch_options.0.remote_data_volume_type": "ISCSI",
                            "metadata.%": "2",
                            "metadata.ssh_authorized_keys": "ssh-rsa AAAAB3NzaC1yc2EAAAADAQABAAABAQCl364sVMiGipqv2iJM/kF8eLfSjuk0qaSwK4bRCBYtO6j8AIEXxkKHFy4KDhosdk/iXJOB3a0kwQ60emfHBRmyYdwFEdiHKgLsDmS/AC9pyFRoDFTgqaNtlpgooVbjdWt+n0j4rJn4a4VhEZwctnN4mbIxwwfKLWjGWwjj/pb5IOGPzD24lyKaHG/PpOHdFaKQiHSftMdGwVUCCxgy/M9F6CZAH5ggu44bff5PQg4sNFnEQifUJqKbGpCpmtbTTKtZHrBx98LO3OLKVYABNRrT/oFoslnXwWKdn3vBiYsXTJjUSgDrfieAHRNfmVxpxWzjBT4zkPJm06d91zvMHhfF opc@terraform-provider",
                            "metadata.user_data": "IyEvYmluL2Jhc2gKIyMgY2xvdWQtaW5pdCBib290c3RyYXAgc2NyaXB0CiMjIFN0b3AgU1NIRCB0byBwcmV2ZW50IHJlbW90ZSBleGVjdXRpb24gZHVyaW5nIHRoaXMgcHJvY2VzcwpzeXN0ZW1jdGwgc3RvcCBzc2hkCiMjIHNldCBzcGVlZHVwPSIxIiB0byBieXBhc3MgaG9zdCByZWJvb3QgLSBzaG91bGQgc2V0IHNlbGludXggdG8gcGVybWlzc2l2ZSBtb2RlIGFsbG93aW5nIGZvciBmYXN0ZXIgZGVwbG95bWVudApzcGVlZHVwPSIxIgppZiBbICRzcGVlZHVwID0gIjAiIF07IHRoZW4gCglpZiBbIC1mIC9ldGMvc2VsaW51eC9jb25maWcgXTsgdGhlbgoJCXNlbGludXhjaGs9YHN1ZG8gY2F0IC9ldGMvc2VsaW51eC9jb25maWcgfCBncmVwIGVuZm9yY2luZ2AKCQlzZWxpbnV4X2Noaz1gZWNobyAtZSAkP2AKCQlpZiBbICRzZWxpbnV4X2NoayA9ICIwIiBdOyB0aGVuCgkJCXN1ZG8gc2VkIC1pLmJhayAncy9TRUxJTlVYPWVuZm9yY2luZy9TRUxJTlVYPWRpc2FibGVkL2cnIC9ldGMvc2VsaW51eC9jb25maWcKCQkJc3VkbyByZWJvb3QKCQlmaQoJZmkKZWxpZiBbICRzcGVlZHVwID0gIjEiIF07IHRoZW4gCiAgICAgICAgaWYgWyAtZiAvZXRjL3NlbGludXgvY29uZmlnIF07IHRoZW4KICAgICAgICAgICAgICAgIHNlbGludXhjaGs9YHN1ZG8gY2F0IC9ldGMvc2VsaW51eC9jb25maWcgfCBncmVwIGVuZm9yY2luZ2AKICAgICAgICAgICAgICAgIHNlbGludXhfY2hrPWBlY2hvIC1lICQ/YAogICAgICAgICAgICAgICAgaWYgWyAkc2VsaW51eF9jaGsgPSAiMCIgXTsgdGhlbgogICAgICAgICAgICAgICAgICAgICAgICBzdWRvIHNlZCAtaS5iYWsgJ3MvU0VMSU5VWD1lbmZvcmNpbmcvU0VMSU5VWD1kaXNhYmxlZC9nJyAvZXRjL3NlbGludXgvY29uZmlnCgkJCXN1ZG8gc2V0ZW5mb3JjZSAwCiAgICAgICAgICAgICAgICBmaQogICAgICAgIGZpCmZpCgojIyBDdXN0b20gQm9vdCBWb2x1bWUgRXh0ZW5zaW9uCnN1ZG8geXVtIC15IGluc3RhbGwgY2xvdWQtdXRpbHMtZ3Jvd3BhcnQKc3VkbyB5dW0gLXkgaW5zdGFsbCBnZGlzawplY2hvICIwIiA+IC9ob21lL29wYy8uZG9uZQpzdWRvIHJlYm9vdAo=",
                            "private_ip": "10.0.4.4",
                            "public_ip": "129.146.134.70",
                            "region": "phx",
                            "shape": "BM.Standard1.36",
                            "source_details.#": "1",
                            "source_details.0.boot_volume_size_in_gbs": "256",
                            "source_details.0.source_id": "ocid1.image.oc1.phx.aaaaaaaapnnv2phiyw7apcgtg6kmn572b2mux56ll6j6mck5xti3aw4bnwrq",
                            "source_details.0.source_type": "image",
                            "state": "RUNNING",
                            "subnet_id": "ocid1.subnet.oc1.phx.aaaaaaaaw7rjp7nngkdobzdez5llso2rsccaq3c4nkjgg45nr3nrvppwwcna",
                            "time_created": "2018-10-03 15:31:03.214 +0000 UTC"
                        },
                        "meta": {
                            "e2bfb730-ecaa-11e6-8f88-34363bc7c4c0": {
                                "create": 1800000000000,
                                "delete": 7200000000000,
                                "update": 7200000000000
                            }
                        },
                        "tainted": false
                    },
                    "deposed": [],
                    "provider": "provider.oci"
                },
                "oci_core_instance.WorkerNode.1": {
                    "type": "oci_core_instance",
                    "depends_on": [
                        "data.oci_identity_availability_domains.ADs",
                        "oci_core_subnet.private.*"
                    ],
                    "primary": {
                        "id": "ocid1.instance.oc1.phx.abyhqljtrbq4wgu7ulszs4ynstfuk54xebkzoxzym7egusmzmglebpnbtyaq",
                        "attributes": {
                            "availability_domain": "YVsm:PHX-AD-2",
                            "boot_volume_id": "ocid1.bootvolume.oc1.phx.abyhqljtqxayss3kcuwsigtmq43qwercwr5ycxqngcnjru5yvzwhcyt5535q",
                            "compartment_id": "ocid1.compartment.oc1..aaaaaaaapdd2bm7bohozrplwmcygeenb2xkwmojntn2gv4f6pzi5y6i7hmoa",
                            "create_vnic_details.#": "1",
                            "create_vnic_details.0.assign_public_ip": "true",
                            "create_vnic_details.0.defined_tags.%": "0",
                            "create_vnic_details.0.display_name": "CDH Worker 2",
                            "create_vnic_details.0.freeform_tags.%": "0",
                            "create_vnic_details.0.hostname_label": "cdh-worker-2",
                            "create_vnic_details.0.private_ip": "10.0.4.2",
                            "create_vnic_details.0.skip_source_dest_check": "false",
                            "create_vnic_details.0.subnet_id": "ocid1.subnet.oc1.phx.aaaaaaaaw7rjp7nngkdobzdez5llso2rsccaq3c4nkjgg45nr3nrvppwwcna",
                            "defined_tags.%": "0",
                            "display_name": "CDH Worker 2",
                            "fault_domain": "FAULT-DOMAIN-1",
                            "freeform_tags.%": "0",
                            "hostname_label": "cdh-worker-2",
                            "id": "ocid1.instance.oc1.phx.abyhqljtrbq4wgu7ulszs4ynstfuk54xebkzoxzym7egusmzmglebpnbtyaq",
                            "image": "ocid1.image.oc1.phx.aaaaaaaapnnv2phiyw7apcgtg6kmn572b2mux56ll6j6mck5xti3aw4bnwrq",
                            "launch_mode": "NATIVE",
                            "launch_options.#": "1",
                            "launch_options.0.boot_volume_type": "ISCSI",
                            "launch_options.0.firmware": "UEFI_64",
                            "launch_options.0.network_type": "VFIO",
                            "launch_options.0.remote_data_volume_type": "ISCSI",
                            "metadata.%": "2",
                            "metadata.ssh_authorized_keys": "ssh-rsa AAAAB3NzaC1yc2EAAAADAQABAAABAQCl364sVMiGipqv2iJM/kF8eLfSjuk0qaSwK4bRCBYtO6j8AIEXxkKHFy4KDhosdk/iXJOB3a0kwQ60emfHBRmyYdwFEdiHKgLsDmS/AC9pyFRoDFTgqaNtlpgooVbjdWt+n0j4rJn4a4VhEZwctnN4mbIxwwfKLWjGWwjj/pb5IOGPzD24lyKaHG/PpOHdFaKQiHSftMdGwVUCCxgy/M9F6CZAH5ggu44bff5PQg4sNFnEQifUJqKbGpCpmtbTTKtZHrBx98LO3OLKVYABNRrT/oFoslnXwWKdn3vBiYsXTJjUSgDrfieAHRNfmVxpxWzjBT4zkPJm06d91zvMHhfF opc@terraform-provider",
                            "metadata.user_data": "IyEvYmluL2Jhc2gKIyMgY2xvdWQtaW5pdCBib290c3RyYXAgc2NyaXB0CiMjIFN0b3AgU1NIRCB0byBwcmV2ZW50IHJlbW90ZSBleGVjdXRpb24gZHVyaW5nIHRoaXMgcHJvY2VzcwpzeXN0ZW1jdGwgc3RvcCBzc2hkCiMjIHNldCBzcGVlZHVwPSIxIiB0byBieXBhc3MgaG9zdCByZWJvb3QgLSBzaG91bGQgc2V0IHNlbGludXggdG8gcGVybWlzc2l2ZSBtb2RlIGFsbG93aW5nIGZvciBmYXN0ZXIgZGVwbG95bWVudApzcGVlZHVwPSIxIgppZiBbICRzcGVlZHVwID0gIjAiIF07IHRoZW4gCglpZiBbIC1mIC9ldGMvc2VsaW51eC9jb25maWcgXTsgdGhlbgoJCXNlbGludXhjaGs9YHN1ZG8gY2F0IC9ldGMvc2VsaW51eC9jb25maWcgfCBncmVwIGVuZm9yY2luZ2AKCQlzZWxpbnV4X2Noaz1gZWNobyAtZSAkP2AKCQlpZiBbICRzZWxpbnV4X2NoayA9ICIwIiBdOyB0aGVuCgkJCXN1ZG8gc2VkIC1pLmJhayAncy9TRUxJTlVYPWVuZm9yY2luZy9TRUxJTlVYPWRpc2FibGVkL2cnIC9ldGMvc2VsaW51eC9jb25maWcKCQkJc3VkbyByZWJvb3QKCQlmaQoJZmkKZWxpZiBbICRzcGVlZHVwID0gIjEiIF07IHRoZW4gCiAgICAgICAgaWYgWyAtZiAvZXRjL3NlbGludXgvY29uZmlnIF07IHRoZW4KICAgICAgICAgICAgICAgIHNlbGludXhjaGs9YHN1ZG8gY2F0IC9ldGMvc2VsaW51eC9jb25maWcgfCBncmVwIGVuZm9yY2luZ2AKICAgICAgICAgICAgICAgIHNlbGludXhfY2hrPWBlY2hvIC1lICQ/YAogICAgICAgICAgICAgICAgaWYgWyAkc2VsaW51eF9jaGsgPSAiMCIgXTsgdGhlbgogICAgICAgICAgICAgICAgICAgICAgICBzdWRvIHNlZCAtaS5iYWsgJ3MvU0VMSU5VWD1lbmZvcmNpbmcvU0VMSU5VWD1kaXNhYmxlZC9nJyAvZXRjL3NlbGludXgvY29uZmlnCgkJCXN1ZG8gc2V0ZW5mb3JjZSAwCiAgICAgICAgICAgICAgICBmaQogICAgICAgIGZpCmZpCgojIyBDdXN0b20gQm9vdCBWb2x1bWUgRXh0ZW5zaW9uCnN1ZG8geXVtIC15IGluc3RhbGwgY2xvdWQtdXRpbHMtZ3Jvd3BhcnQKc3VkbyB5dW0gLXkgaW5zdGFsbCBnZGlzawplY2hvICIwIiA+IC9ob21lL29wYy8uZG9uZQpzdWRvIHJlYm9vdAo=",
                            "private_ip": "10.0.4.2",
                            "public_ip": "129.146.80.223",
                            "region": "phx",
                            "shape": "BM.Standard1.36",
                            "source_details.#": "1",
                            "source_details.0.boot_volume_size_in_gbs": "256",
                            "source_details.0.source_id": "ocid1.image.oc1.phx.aaaaaaaapnnv2phiyw7apcgtg6kmn572b2mux56ll6j6mck5xti3aw4bnwrq",
                            "source_details.0.source_type": "image",
                            "state": "RUNNING",
                            "subnet_id": "ocid1.subnet.oc1.phx.aaaaaaaaw7rjp7nngkdobzdez5llso2rsccaq3c4nkjgg45nr3nrvppwwcna",
                            "time_created": "2018-10-03 15:31:02.744 +0000 UTC"
                        },
                        "meta": {
                            "e2bfb730-ecaa-11e6-8f88-34363bc7c4c0": {
                                "create": 1800000000000,
                                "delete": 7200000000000,
                                "update": 7200000000000
                            }
                        },
                        "tainted": false
                    },
                    "deposed": [],
                    "provider": "provider.oci"
                },
                "oci_core_instance.WorkerNode.2": {
                    "type": "oci_core_instance",
                    "depends_on": [
                        "data.oci_identity_availability_domains.ADs",
                        "oci_core_subnet.private.*"
                    ],
                    "primary": {
                        "id": "ocid1.instance.oc1.phx.abyhqljtpmdyzf42pbfjcz6ky6kntngohhwgnfu7ddv7pmpkd7hkfgcrclna",
                        "attributes": {
                            "availability_domain": "YVsm:PHX-AD-2",
                            "boot_volume_id": "ocid1.bootvolume.oc1.phx.abyhqljtvlt74vxg7o5ktp2nztvllo3sy6xkim4gwcn4x4vjndhylju37wca",
                            "compartment_id": "ocid1.compartment.oc1..aaaaaaaapdd2bm7bohozrplwmcygeenb2xkwmojntn2gv4f6pzi5y6i7hmoa",
                            "create_vnic_details.#": "1",
                            "create_vnic_details.0.assign_public_ip": "true",
                            "create_vnic_details.0.defined_tags.%": "0",
                            "create_vnic_details.0.display_name": "CDH Worker 3",
                            "create_vnic_details.0.freeform_tags.%": "0",
                            "create_vnic_details.0.hostname_label": "cdh-worker-3",
                            "create_vnic_details.0.private_ip": "10.0.4.3",
                            "create_vnic_details.0.skip_source_dest_check": "false",
                            "create_vnic_details.0.subnet_id": "ocid1.subnet.oc1.phx.aaaaaaaaw7rjp7nngkdobzdez5llso2rsccaq3c4nkjgg45nr3nrvppwwcna",
                            "defined_tags.%": "0",
                            "display_name": "CDH Worker 3",
                            "fault_domain": "FAULT-DOMAIN-1",
                            "freeform_tags.%": "0",
                            "hostname_label": "cdh-worker-3",
                            "id": "ocid1.instance.oc1.phx.abyhqljtpmdyzf42pbfjcz6ky6kntngohhwgnfu7ddv7pmpkd7hkfgcrclna",
                            "image": "ocid1.image.oc1.phx.aaaaaaaapnnv2phiyw7apcgtg6kmn572b2mux56ll6j6mck5xti3aw4bnwrq",
                            "launch_mode": "NATIVE",
                            "launch_options.#": "1",
                            "launch_options.0.boot_volume_type": "ISCSI",
                            "launch_options.0.firmware": "UEFI_64",
                            "launch_options.0.network_type": "VFIO",
                            "launch_options.0.remote_data_volume_type": "ISCSI",
                            "metadata.%": "2",
                            "metadata.ssh_authorized_keys": "ssh-rsa AAAAB3NzaC1yc2EAAAADAQABAAABAQCl364sVMiGipqv2iJM/kF8eLfSjuk0qaSwK4bRCBYtO6j8AIEXxkKHFy4KDhosdk/iXJOB3a0kwQ60emfHBRmyYdwFEdiHKgLsDmS/AC9pyFRoDFTgqaNtlpgooVbjdWt+n0j4rJn4a4VhEZwctnN4mbIxwwfKLWjGWwjj/pb5IOGPzD24lyKaHG/PpOHdFaKQiHSftMdGwVUCCxgy/M9F6CZAH5ggu44bff5PQg4sNFnEQifUJqKbGpCpmtbTTKtZHrBx98LO3OLKVYABNRrT/oFoslnXwWKdn3vBiYsXTJjUSgDrfieAHRNfmVxpxWzjBT4zkPJm06d91zvMHhfF opc@terraform-provider",
                            "metadata.user_data": "IyEvYmluL2Jhc2gKIyMgY2xvdWQtaW5pdCBib290c3RyYXAgc2NyaXB0CiMjIFN0b3AgU1NIRCB0byBwcmV2ZW50IHJlbW90ZSBleGVjdXRpb24gZHVyaW5nIHRoaXMgcHJvY2VzcwpzeXN0ZW1jdGwgc3RvcCBzc2hkCiMjIHNldCBzcGVlZHVwPSIxIiB0byBieXBhc3MgaG9zdCByZWJvb3QgLSBzaG91bGQgc2V0IHNlbGludXggdG8gcGVybWlzc2l2ZSBtb2RlIGFsbG93aW5nIGZvciBmYXN0ZXIgZGVwbG95bWVudApzcGVlZHVwPSIxIgppZiBbICRzcGVlZHVwID0gIjAiIF07IHRoZW4gCglpZiBbIC1mIC9ldGMvc2VsaW51eC9jb25maWcgXTsgdGhlbgoJCXNlbGludXhjaGs9YHN1ZG8gY2F0IC9ldGMvc2VsaW51eC9jb25maWcgfCBncmVwIGVuZm9yY2luZ2AKCQlzZWxpbnV4X2Noaz1gZWNobyAtZSAkP2AKCQlpZiBbICRzZWxpbnV4X2NoayA9ICIwIiBdOyB0aGVuCgkJCXN1ZG8gc2VkIC1pLmJhayAncy9TRUxJTlVYPWVuZm9yY2luZy9TRUxJTlVYPWRpc2FibGVkL2cnIC9ldGMvc2VsaW51eC9jb25maWcKCQkJc3VkbyByZWJvb3QKCQlmaQoJZmkKZWxpZiBbICRzcGVlZHVwID0gIjEiIF07IHRoZW4gCiAgICAgICAgaWYgWyAtZiAvZXRjL3NlbGludXgvY29uZmlnIF07IHRoZW4KICAgICAgICAgICAgICAgIHNlbGludXhjaGs9YHN1ZG8gY2F0IC9ldGMvc2VsaW51eC9jb25maWcgfCBncmVwIGVuZm9yY2luZ2AKICAgICAgICAgICAgICAgIHNlbGludXhfY2hrPWBlY2hvIC1lICQ/YAogICAgICAgICAgICAgICAgaWYgWyAkc2VsaW51eF9jaGsgPSAiMCIgXTsgdGhlbgogICAgICAgICAgICAgICAgICAgICAgICBzdWRvIHNlZCAtaS5iYWsgJ3MvU0VMSU5VWD1lbmZvcmNpbmcvU0VMSU5VWD1kaXNhYmxlZC9nJyAvZXRjL3NlbGludXgvY29uZmlnCgkJCXN1ZG8gc2V0ZW5mb3JjZSAwCiAgICAgICAgICAgICAgICBmaQogICAgICAgIGZpCmZpCgojIyBDdXN0b20gQm9vdCBWb2x1bWUgRXh0ZW5zaW9uCnN1ZG8geXVtIC15IGluc3RhbGwgY2xvdWQtdXRpbHMtZ3Jvd3BhcnQKc3VkbyB5dW0gLXkgaW5zdGFsbCBnZGlzawplY2hvICIwIiA+IC9ob21lL29wYy8uZG9uZQpzdWRvIHJlYm9vdAo=",
                            "private_ip": "10.0.4.3",
                            "public_ip": "129.146.143.116",
                            "region": "phx",
                            "shape": "BM.Standard1.36",
                            "source_details.#": "1",
                            "source_details.0.boot_volume_size_in_gbs": "256",
                            "source_details.0.source_id": "ocid1.image.oc1.phx.aaaaaaaapnnv2phiyw7apcgtg6kmn572b2mux56ll6j6mck5xti3aw4bnwrq",
                            "source_details.0.source_type": "image",
                            "state": "RUNNING",
                            "subnet_id": "ocid1.subnet.oc1.phx.aaaaaaaaw7rjp7nngkdobzdez5llso2rsccaq3c4nkjgg45nr3nrvppwwcna",
                            "time_created": "2018-10-03 15:31:03.604 +0000 UTC"
                        },
                        "meta": {
                            "e2bfb730-ecaa-11e6-8f88-34363bc7c4c0": {
                                "create": 1800000000000,
                                "delete": 7200000000000,
                                "update": 7200000000000
                            }
                        },
                        "tainted": false
                    },
                    "deposed": [],
                    "provider": "provider.oci"
                },
                "oci_core_internet_gateway.cloudera_internet_gateway": {
                    "type": "oci_core_internet_gateway",
                    "depends_on": [
                        "oci_core_virtual_network.cloudera_vcn"
                    ],
                    "primary": {
                        "id": "ocid1.internetgateway.oc1.phx.aaaaaaaa7s4dzch2q7s2goudtxaryqc7mz4hklianw7brnstro7itrszsnpa",
                        "attributes": {
                            "compartment_id": "ocid1.compartment.oc1..aaaaaaaapdd2bm7bohozrplwmcygeenb2xkwmojntn2gv4f6pzi5y6i7hmoa",
                            "defined_tags.%": "0",
                            "display_name": "cloudera_internet_gateway",
                            "enabled": "true",
                            "freeform_tags.%": "0",
                            "id": "ocid1.internetgateway.oc1.phx.aaaaaaaa7s4dzch2q7s2goudtxaryqc7mz4hklianw7brnstro7itrszsnpa",
                            "state": "AVAILABLE",
                            "time_created": "2018-10-03 15:30:58.012 +0000 UTC",
                            "vcn_id": "ocid1.vcn.oc1.phx.aaaaaaaaybyi6q2zhbnqgc2nihnj5mwv4dxd3kc62ahjhwiqhcq7o7bqehsq"
                        },
                        "meta": {
                            "e2bfb730-ecaa-11e6-8f88-34363bc7c4c0": {
                                "create": 900000000000,
                                "delete": 900000000000,
                                "update": 900000000000
                            }
                        },
                        "tainted": false
                    },
                    "deposed": [],
                    "provider": "provider.oci"
                },
                "oci_core_route_table.RouteForComplete": {
                    "type": "oci_core_route_table",
                    "depends_on": [
                        "oci_core_internet_gateway.cloudera_internet_gateway",
                        "oci_core_virtual_network.cloudera_vcn"
                    ],
                    "primary": {
                        "id": "ocid1.routetable.oc1.phx.aaaaaaaannwsvtz35ch35h3ztchai4m35h3qdosqo5mv2sxvugjkjhodt3ga",
                        "attributes": {
                            "compartment_id": "ocid1.compartment.oc1..aaaaaaaapdd2bm7bohozrplwmcygeenb2xkwmojntn2gv4f6pzi5y6i7hmoa",
                            "defined_tags.%": "0",
                            "display_name": "RouteTableForComplete",
                            "freeform_tags.%": "0",
                            "id": "ocid1.routetable.oc1.phx.aaaaaaaannwsvtz35ch35h3ztchai4m35h3qdosqo5mv2sxvugjkjhodt3ga",
                            "route_rules.#": "1",
                            "route_rules.3471225589.cidr_block": "0.0.0.0/0",
                            "route_rules.3471225589.destination": "0.0.0.0/0",
                            "route_rules.3471225589.destination_type": "CIDR_BLOCK",
                            "route_rules.3471225589.network_entity_id": "ocid1.internetgateway.oc1.phx.aaaaaaaa7s4dzch2q7s2goudtxaryqc7mz4hklianw7brnstro7itrszsnpa",
                            "state": "AVAILABLE",
                            "time_created": "2018-10-03 15:30:58.807 +0000 UTC",
                            "vcn_id": "ocid1.vcn.oc1.phx.aaaaaaaaybyi6q2zhbnqgc2nihnj5mwv4dxd3kc62ahjhwiqhcq7o7bqehsq"
                        },
                        "meta": {
                            "e2bfb730-ecaa-11e6-8f88-34363bc7c4c0": {
                                "create": 900000000000,
                                "delete": 900000000000,
                                "update": 900000000000
                            }
                        },
                        "tainted": false
                    },
                    "deposed": [],
                    "provider": "provider.oci"
                },
                "oci_core_security_list.BastionSubnet": {
                    "type": "oci_core_security_list",
                    "depends_on": [
                        "oci_core_virtual_network.cloudera_vcn"
                    ],
                    "primary": {
                        "id": "ocid1.securitylist.oc1.phx.aaaaaaaabunp4lckbad2v52i37r5hx34ihxepwetftzrlod2cvsasmikooca",
                        "attributes": {
                            "compartment_id": "ocid1.compartment.oc1..aaaaaaaapdd2bm7bohozrplwmcygeenb2xkwmojntn2gv4f6pzi5y6i7hmoa",
                            "defined_tags.%": "0",
                            "display_name": "Bastion",
                            "egress_security_rules.#": "1",
                            "egress_security_rules.1420396200.destination": "0.0.0.0/0",
                            "egress_security_rules.1420396200.destination_type": "CIDR_BLOCK",
                            "egress_security_rules.1420396200.icmp_options.#": "0",
                            "egress_security_rules.1420396200.protocol": "6",
                            "egress_security_rules.1420396200.stateless": "false",
                            "egress_security_rules.1420396200.tcp_options.#": "0",
                            "egress_security_rules.1420396200.udp_options.#": "0",
                            "freeform_tags.%": "0",
                            "id": "ocid1.securitylist.oc1.phx.aaaaaaaabunp4lckbad2v52i37r5hx34ihxepwetftzrlod2cvsasmikooca",
                            "ingress_security_rules.#": "2",
                            "ingress_security_rules.3057867092.icmp_options.#": "0",
                            "ingress_security_rules.3057867092.protocol": "6",
                            "ingress_security_rules.3057867092.source": "10.0.0.0/16",
                            "ingress_security_rules.3057867092.source_type": "CIDR_BLOCK",
                            "ingress_security_rules.3057867092.stateless": "false",
                            "ingress_security_rules.3057867092.tcp_options.#": "0",
                            "ingress_security_rules.3057867092.udp_options.#": "0",
                            "ingress_security_rules.47193274.icmp_options.#": "0",
                            "ingress_security_rules.47193274.protocol": "6",
                            "ingress_security_rules.47193274.source": "0.0.0.0/0",
                            "ingress_security_rules.47193274.source_type": "CIDR_BLOCK",
                            "ingress_security_rules.47193274.stateless": "false",
                            "ingress_security_rules.47193274.tcp_options.#": "1",
                            "ingress_security_rules.47193274.tcp_options.0.max": "22",
                            "ingress_security_rules.47193274.tcp_options.0.min": "22",
                            "ingress_security_rules.47193274.tcp_options.0.source_port_range.#": "0",
                            "ingress_security_rules.47193274.udp_options.#": "0",
                            "state": "AVAILABLE",
                            "time_created": "2018-10-03 15:30:58.086 +0000 UTC",
                            "vcn_id": "ocid1.vcn.oc1.phx.aaaaaaaaybyi6q2zhbnqgc2nihnj5mwv4dxd3kc62ahjhwiqhcq7o7bqehsq"
                        },
                        "meta": {
                            "e2bfb730-ecaa-11e6-8f88-34363bc7c4c0": {
                                "create": 900000000000,
                                "delete": 900000000000,
                                "update": 900000000000
                            }
                        },
                        "tainted": false
                    },
                    "deposed": [],
                    "provider": "provider.oci"
                },
                "oci_core_security_list.PrivateSubnet": {
                    "type": "oci_core_security_list",
                    "depends_on": [
                        "oci_core_virtual_network.cloudera_vcn"
                    ],
                    "primary": {
                        "id": "ocid1.securitylist.oc1.phx.aaaaaaaa3zcniecooemhkjt2it27dmduiibqko5gqlhtnujtjpuy2phowqyq",
                        "attributes": {
                            "compartment_id": "ocid1.compartment.oc1..aaaaaaaapdd2bm7bohozrplwmcygeenb2xkwmojntn2gv4f6pzi5y6i7hmoa",
                            "defined_tags.%": "0",
                            "display_name": "Private",
                            "egress_security_rules.#": "2",
                            "egress_security_rules.1420396200.destination": "0.0.0.0/0",
                            "egress_security_rules.1420396200.destination_type": "CIDR_BLOCK",
                            "egress_security_rules.1420396200.icmp_options.#": "0",
                            "egress_security_rules.1420396200.protocol": "6",
                            "egress_security_rules.1420396200.stateless": "false",
                            "egress_security_rules.1420396200.tcp_options.#": "0",
                            "egress_security_rules.1420396200.udp_options.#": "0",
                            "egress_security_rules.3950006738.destination": "10.0.0.0/16",
                            "egress_security_rules.3950006738.destination_type": "CIDR_BLOCK",
                            "egress_security_rules.3950006738.icmp_options.#": "0",
                            "egress_security_rules.3950006738.protocol": "6",
                            "egress_security_rules.3950006738.stateless": "false",
                            "egress_security_rules.3950006738.tcp_options.#": "0",
                            "egress_security_rules.3950006738.udp_options.#": "0",
                            "freeform_tags.%": "0",
                            "id": "ocid1.securitylist.oc1.phx.aaaaaaaa3zcniecooemhkjt2it27dmduiibqko5gqlhtnujtjpuy2phowqyq",
                            "ingress_security_rules.#": "1",
                            "ingress_security_rules.3057867092.icmp_options.#": "0",
                            "ingress_security_rules.3057867092.protocol": "6",
                            "ingress_security_rules.3057867092.source": "10.0.0.0/16",
                            "ingress_security_rules.3057867092.source_type": "CIDR_BLOCK",
                            "ingress_security_rules.3057867092.stateless": "false",
                            "ingress_security_rules.3057867092.tcp_options.#": "0",
                            "ingress_security_rules.3057867092.udp_options.#": "0",
                            "state": "AVAILABLE",
                            "time_created": "2018-10-03 15:30:57.937 +0000 UTC",
                            "vcn_id": "ocid1.vcn.oc1.phx.aaaaaaaaybyi6q2zhbnqgc2nihnj5mwv4dxd3kc62ahjhwiqhcq7o7bqehsq"
                        },
                        "meta": {
                            "e2bfb730-ecaa-11e6-8f88-34363bc7c4c0": {
                                "create": 900000000000,
                                "delete": 900000000000,
                                "update": 900000000000
                            }
                        },
                        "tainted": false
                    },
                    "deposed": [],
                    "provider": "provider.oci"
                },
                "oci_core_security_list.PublicSubnet": {
                    "type": "oci_core_security_list",
                    "depends_on": [
                        "oci_core_virtual_network.cloudera_vcn"
                    ],
                    "primary": {
                        "id": "ocid1.securitylist.oc1.phx.aaaaaaaayd4vo26hlh62ay56ojrsst6zxscgmkqiwthjhhgkp3khjlqin7xa",
                        "attributes": {
                            "compartment_id": "ocid1.compartment.oc1..aaaaaaaapdd2bm7bohozrplwmcygeenb2xkwmojntn2gv4f6pzi5y6i7hmoa",
                            "defined_tags.%": "0",
                            "display_name": "Public Subnet",
                            "egress_security_rules.#": "1",
                            "egress_security_rules.1420396200.destination": "0.0.0.0/0",
                            "egress_security_rules.1420396200.destination_type": "CIDR_BLOCK",
                            "egress_security_rules.1420396200.icmp_options.#": "0",
                            "egress_security_rules.1420396200.protocol": "6",
                            "egress_security_rules.1420396200.stateless": "false",
                            "egress_security_rules.1420396200.tcp_options.#": "0",
                            "egress_security_rules.1420396200.udp_options.#": "0",
                            "freeform_tags.%": "0",
                            "id": "ocid1.securitylist.oc1.phx.aaaaaaaayd4vo26hlh62ay56ojrsst6zxscgmkqiwthjhhgkp3khjlqin7xa",
                            "ingress_security_rules.#": "5",
                            "ingress_security_rules.1391285040.icmp_options.#": "0",
                            "ingress_security_rules.1391285040.protocol": "6",
                            "ingress_security_rules.1391285040.source": "0.0.0.0/0",
                            "ingress_security_rules.1391285040.source_type": "CIDR_BLOCK",
                            "ingress_security_rules.1391285040.stateless": "false",
                            "ingress_security_rules.1391285040.tcp_options.#": "1",
                            "ingress_security_rules.1391285040.tcp_options.0.max": "8088",
                            "ingress_security_rules.1391285040.tcp_options.0.min": "8088",
                            "ingress_security_rules.1391285040.tcp_options.0.source_port_range.#": "0",
                            "ingress_security_rules.1391285040.udp_options.#": "0",
                            "ingress_security_rules.1967597605.icmp_options.#": "0",
                            "ingress_security_rules.1967597605.protocol": "6",
                            "ingress_security_rules.1967597605.source": "0.0.0.0/0",
                            "ingress_security_rules.1967597605.source_type": "CIDR_BLOCK",
                            "ingress_security_rules.1967597605.stateless": "false",
                            "ingress_security_rules.1967597605.tcp_options.#": "1",
                            "ingress_security_rules.1967597605.tcp_options.0.max": "7180",
                            "ingress_security_rules.1967597605.tcp_options.0.min": "7180",
                            "ingress_security_rules.1967597605.tcp_options.0.source_port_range.#": "0",
                            "ingress_security_rules.1967597605.udp_options.#": "0",
                            "ingress_security_rules.3057867092.icmp_options.#": "0",
                            "ingress_security_rules.3057867092.protocol": "6",
                            "ingress_security_rules.3057867092.source": "10.0.0.0/16",
                            "ingress_security_rules.3057867092.source_type": "CIDR_BLOCK",
                            "ingress_security_rules.3057867092.stateless": "false",
                            "ingress_security_rules.3057867092.tcp_options.#": "0",
                            "ingress_security_rules.3057867092.udp_options.#": "0",
                            "ingress_security_rules.47193274.icmp_options.#": "0",
                            "ingress_security_rules.47193274.protocol": "6",
                            "ingress_security_rules.47193274.source": "0.0.0.0/0",
                            "ingress_security_rules.47193274.source_type": "CIDR_BLOCK",
                            "ingress_security_rules.47193274.stateless": "false",
                            "ingress_security_rules.47193274.tcp_options.#": "1",
                            "ingress_security_rules.47193274.tcp_options.0.max": "22",
                            "ingress_security_rules.47193274.tcp_options.0.min": "22",
                            "ingress_security_rules.47193274.tcp_options.0.source_port_range.#": "0",
                            "ingress_security_rules.47193274.udp_options.#": "0",
                            "ingress_security_rules.892700061.icmp_options.#": "0",
                            "ingress_security_rules.892700061.protocol": "6",
                            "ingress_security_rules.892700061.source": "0.0.0.0/0",
                            "ingress_security_rules.892700061.source_type": "CIDR_BLOCK",
                            "ingress_security_rules.892700061.stateless": "false",
                            "ingress_security_rules.892700061.tcp_options.#": "1",
                            "ingress_security_rules.892700061.tcp_options.0.max": "19888",
                            "ingress_security_rules.892700061.tcp_options.0.min": "19888",
                            "ingress_security_rules.892700061.tcp_options.0.source_port_range.#": "0",
                            "ingress_security_rules.892700061.udp_options.#": "0",
                            "state": "AVAILABLE",
                            "time_created": "2018-10-03 15:30:58.306 +0000 UTC",
                            "vcn_id": "ocid1.vcn.oc1.phx.aaaaaaaaybyi6q2zhbnqgc2nihnj5mwv4dxd3kc62ahjhwiqhcq7o7bqehsq"
                        },
                        "meta": {
                            "e2bfb730-ecaa-11e6-8f88-34363bc7c4c0": {
                                "create": 900000000000,
                                "delete": 900000000000,
                                "update": 900000000000
                            }
                        },
                        "tainted": false
                    },
                    "deposed": [],
                    "provider": "provider.oci"
                },
                "oci_core_subnet.bastion.0": {
                    "type": "oci_core_subnet",
                    "depends_on": [
                        "data.oci_identity_availability_domains.ADs",
                        "oci_core_route_table.RouteForComplete",
                        "oci_core_security_list.BastionSubnet",
                        "oci_core_virtual_network.cloudera_vcn"
                    ],
                    "primary": {
                        "id": "ocid1.subnet.oc1.phx.aaaaaaaayxwxei3l4zfb4lve373d6oyprhsuti4irwjzigenyrbsqejh7pwa",
                        "attributes": {
                            "availability_domain": "YVsm:PHX-AD-1",
                            "cidr_block": "10.0.6.0/24",
                            "compartment_id": "ocid1.compartment.oc1..aaaaaaaapdd2bm7bohozrplwmcygeenb2xkwmojntn2gv4f6pzi5y6i7hmoa",
                            "defined_tags.%": "0",
                            "dhcp_options_id": "ocid1.dhcpoptions.oc1.phx.aaaaaaaarzmodszkatpa3a64rylveni2kcbjab2rak2l52i7lol3j3e2tira",
                            "display_name": "bastion_ad0",
                            "dns_label": "bastion0",
                            "freeform_tags.%": "0",
                            "id": "ocid1.subnet.oc1.phx.aaaaaaaayxwxei3l4zfb4lve373d6oyprhsuti4irwjzigenyrbsqejh7pwa",
                            "prohibit_public_ip_on_vnic": "false",
                            "route_table_id": "ocid1.routetable.oc1.phx.aaaaaaaannwsvtz35ch35h3ztchai4m35h3qdosqo5mv2sxvugjkjhodt3ga",
                            "security_list_ids.#": "1",
                            "security_list_ids.2551096702": "ocid1.securitylist.oc1.phx.aaaaaaaabunp4lckbad2v52i37r5hx34ihxepwetftzrlod2cvsasmikooca",
                            "state": "AVAILABLE",
                            "subnet_domain_name": "bastion0.cdhvcn.oraclevcn.com",
                            "time_created": "2018-10-03 15:31:03.179 +0000 UTC",
                            "vcn_id": "ocid1.vcn.oc1.phx.aaaaaaaaybyi6q2zhbnqgc2nihnj5mwv4dxd3kc62ahjhwiqhcq7o7bqehsq",
                            "virtual_router_ip": "10.0.6.1",
                            "virtual_router_mac": "00:00:17:9C:C0:4B"
                        },
                        "meta": {
                            "e2bfb730-ecaa-11e6-8f88-34363bc7c4c0": {
                                "create": 900000000000,
                                "delete": 900000000000,
                                "update": 900000000000
                            }
                        },
                        "tainted": false
                    },
                    "deposed": [],
                    "provider": "provider.oci"
                },
                "oci_core_subnet.bastion.1": {
                    "type": "oci_core_subnet",
                    "depends_on": [
                        "data.oci_identity_availability_domains.ADs",
                        "oci_core_route_table.RouteForComplete",
                        "oci_core_security_list.BastionSubnet",
                        "oci_core_virtual_network.cloudera_vcn"
                    ],
                    "primary": {
                        "id": "ocid1.subnet.oc1.phx.aaaaaaaamxrhhutavrqgd3h3wqd7axkhzlvbfyvoedx2hkbkrfuyckbtanua",
                        "attributes": {
                            "availability_domain": "YVsm:PHX-AD-2",
                            "cidr_block": "10.0.7.0/24",
                            "compartment_id": "ocid1.compartment.oc1..aaaaaaaapdd2bm7bohozrplwmcygeenb2xkwmojntn2gv4f6pzi5y6i7hmoa",
                            "defined_tags.%": "0",
                            "dhcp_options_id": "ocid1.dhcpoptions.oc1.phx.aaaaaaaarzmodszkatpa3a64rylveni2kcbjab2rak2l52i7lol3j3e2tira",
                            "display_name": "bastion_ad1",
                            "dns_label": "bastion1",
                            "freeform_tags.%": "0",
                            "id": "ocid1.subnet.oc1.phx.aaaaaaaamxrhhutavrqgd3h3wqd7axkhzlvbfyvoedx2hkbkrfuyckbtanua",
                            "prohibit_public_ip_on_vnic": "false",
                            "route_table_id": "ocid1.routetable.oc1.phx.aaaaaaaannwsvtz35ch35h3ztchai4m35h3qdosqo5mv2sxvugjkjhodt3ga",
                            "security_list_ids.#": "1",
                            "security_list_ids.2551096702": "ocid1.securitylist.oc1.phx.aaaaaaaabunp4lckbad2v52i37r5hx34ihxepwetftzrlod2cvsasmikooca",
                            "state": "AVAILABLE",
                            "subnet_domain_name": "bastion1.cdhvcn.oraclevcn.com",
                            "time_created": "2018-10-03 15:31:00.569 +0000 UTC",
                            "vcn_id": "ocid1.vcn.oc1.phx.aaaaaaaaybyi6q2zhbnqgc2nihnj5mwv4dxd3kc62ahjhwiqhcq7o7bqehsq",
                            "virtual_router_ip": "10.0.7.1",
                            "virtual_router_mac": "00:00:17:9C:C0:4B"
                        },
                        "meta": {
                            "e2bfb730-ecaa-11e6-8f88-34363bc7c4c0": {
                                "create": 900000000000,
                                "delete": 900000000000,
                                "update": 900000000000
                            }
                        },
                        "tainted": false
                    },
                    "deposed": [],
                    "provider": "provider.oci"
                },
                "oci_core_subnet.bastion.2": {
                    "type": "oci_core_subnet",
                    "depends_on": [
                        "data.oci_identity_availability_domains.ADs",
                        "oci_core_route_table.RouteForComplete",
                        "oci_core_security_list.BastionSubnet",
                        "oci_core_virtual_network.cloudera_vcn"
                    ],
                    "primary": {
                        "id": "ocid1.subnet.oc1.phx.aaaaaaaambmclma3i3kxlscbtbenb43wvh47bnhyt2t467oeyfu3nrluoqza",
                        "attributes": {
                            "availability_domain": "YVsm:PHX-AD-3",
                            "cidr_block": "10.0.8.0/24",
                            "compartment_id": "ocid1.compartment.oc1..aaaaaaaapdd2bm7bohozrplwmcygeenb2xkwmojntn2gv4f6pzi5y6i7hmoa",
                            "defined_tags.%": "0",
                            "dhcp_options_id": "ocid1.dhcpoptions.oc1.phx.aaaaaaaarzmodszkatpa3a64rylveni2kcbjab2rak2l52i7lol3j3e2tira",
                            "display_name": "bastion_ad2",
                            "dns_label": "bastion2",
                            "freeform_tags.%": "0",
                            "id": "ocid1.subnet.oc1.phx.aaaaaaaambmclma3i3kxlscbtbenb43wvh47bnhyt2t467oeyfu3nrluoqza",
                            "prohibit_public_ip_on_vnic": "false",
                            "route_table_id": "ocid1.routetable.oc1.phx.aaaaaaaannwsvtz35ch35h3ztchai4m35h3qdosqo5mv2sxvugjkjhodt3ga",
                            "security_list_ids.#": "1",
                            "security_list_ids.2551096702": "ocid1.securitylist.oc1.phx.aaaaaaaabunp4lckbad2v52i37r5hx34ihxepwetftzrlod2cvsasmikooca",
                            "state": "AVAILABLE",
                            "subnet_domain_name": "bastion2.cdhvcn.oraclevcn.com",
                            "time_created": "2018-10-03 15:31:01.637 +0000 UTC",
                            "vcn_id": "ocid1.vcn.oc1.phx.aaaaaaaaybyi6q2zhbnqgc2nihnj5mwv4dxd3kc62ahjhwiqhcq7o7bqehsq",
                            "virtual_router_ip": "10.0.8.1",
                            "virtual_router_mac": "00:00:17:9C:C0:4B"
                        },
                        "meta": {
                            "e2bfb730-ecaa-11e6-8f88-34363bc7c4c0": {
                                "create": 900000000000,
                                "delete": 900000000000,
                                "update": 900000000000
                            }
                        },
                        "tainted": false
                    },
                    "deposed": [],
                    "provider": "provider.oci"
                },
                "oci_core_subnet.private.0": {
                    "type": "oci_core_subnet",
                    "depends_on": [
                        "data.oci_identity_availability_domains.ADs",
                        "oci_core_route_table.RouteForComplete",
                        "oci_core_security_list.PrivateSubnet",
                        "oci_core_virtual_network.cloudera_vcn"
                    ],
                    "primary": {
                        "id": "ocid1.subnet.oc1.phx.aaaaaaaazoboids3w6csu4lhk55ni4mihmzw43hdqny6ws5fwjmg6gq2q4xq",
                        "attributes": {
                            "availability_domain": "YVsm:PHX-AD-1",
                            "cidr_block": "10.0.3.0/24",
                            "compartment_id": "ocid1.compartment.oc1..aaaaaaaapdd2bm7bohozrplwmcygeenb2xkwmojntn2gv4f6pzi5y6i7hmoa",
                            "defined_tags.%": "0",
                            "dhcp_options_id": "ocid1.dhcpoptions.oc1.phx.aaaaaaaarzmodszkatpa3a64rylveni2kcbjab2rak2l52i7lol3j3e2tira",
                            "display_name": "private_ad0",
                            "dns_label": "private0",
                            "freeform_tags.%": "0",
                            "id": "ocid1.subnet.oc1.phx.aaaaaaaazoboids3w6csu4lhk55ni4mihmzw43hdqny6ws5fwjmg6gq2q4xq",
                            "prohibit_public_ip_on_vnic": "false",
                            "route_table_id": "ocid1.routetable.oc1.phx.aaaaaaaannwsvtz35ch35h3ztchai4m35h3qdosqo5mv2sxvugjkjhodt3ga",
                            "security_list_ids.#": "1",
                            "security_list_ids.237386246": "ocid1.securitylist.oc1.phx.aaaaaaaa3zcniecooemhkjt2it27dmduiibqko5gqlhtnujtjpuy2phowqyq",
                            "state": "AVAILABLE",
                            "subnet_domain_name": "private0.cdhvcn.oraclevcn.com",
                            "time_created": "2018-10-03 15:30:59.829 +0000 UTC",
                            "vcn_id": "ocid1.vcn.oc1.phx.aaaaaaaaybyi6q2zhbnqgc2nihnj5mwv4dxd3kc62ahjhwiqhcq7o7bqehsq",
                            "virtual_router_ip": "10.0.3.1",
                            "virtual_router_mac": "00:00:17:9C:C0:4B"
                        },
                        "meta": {
                            "e2bfb730-ecaa-11e6-8f88-34363bc7c4c0": {
                                "create": 900000000000,
                                "delete": 900000000000,
                                "update": 900000000000
                            }
                        },
                        "tainted": false
                    },
                    "deposed": [],
                    "provider": "provider.oci"
                },
                "oci_core_subnet.private.1": {
                    "type": "oci_core_subnet",
                    "depends_on": [
                        "data.oci_identity_availability_domains.ADs",
                        "oci_core_route_table.RouteForComplete",
                        "oci_core_security_list.PrivateSubnet",
                        "oci_core_virtual_network.cloudera_vcn"
                    ],
                    "primary": {
                        "id": "ocid1.subnet.oc1.phx.aaaaaaaaw7rjp7nngkdobzdez5llso2rsccaq3c4nkjgg45nr3nrvppwwcna",
                        "attributes": {
                            "availability_domain": "YVsm:PHX-AD-2",
                            "cidr_block": "10.0.4.0/24",
                            "compartment_id": "ocid1.compartment.oc1..aaaaaaaapdd2bm7bohozrplwmcygeenb2xkwmojntn2gv4f6pzi5y6i7hmoa",
                            "defined_tags.%": "0",
                            "dhcp_options_id": "ocid1.dhcpoptions.oc1.phx.aaaaaaaarzmodszkatpa3a64rylveni2kcbjab2rak2l52i7lol3j3e2tira",
                            "display_name": "private_ad1",
                            "dns_label": "private1",
                            "freeform_tags.%": "0",
                            "id": "ocid1.subnet.oc1.phx.aaaaaaaaw7rjp7nngkdobzdez5llso2rsccaq3c4nkjgg45nr3nrvppwwcna",
                            "prohibit_public_ip_on_vnic": "false",
                            "route_table_id": "ocid1.routetable.oc1.phx.aaaaaaaannwsvtz35ch35h3ztchai4m35h3qdosqo5mv2sxvugjkjhodt3ga",
                            "security_list_ids.#": "1",
                            "security_list_ids.237386246": "ocid1.securitylist.oc1.phx.aaaaaaaa3zcniecooemhkjt2it27dmduiibqko5gqlhtnujtjpuy2phowqyq",
                            "state": "AVAILABLE",
                            "subnet_domain_name": "private1.cdhvcn.oraclevcn.com",
                            "time_created": "2018-10-03 15:31:00.22 +0000 UTC",
                            "vcn_id": "ocid1.vcn.oc1.phx.aaaaaaaaybyi6q2zhbnqgc2nihnj5mwv4dxd3kc62ahjhwiqhcq7o7bqehsq",
                            "virtual_router_ip": "10.0.4.1",
                            "virtual_router_mac": "00:00:17:9C:C0:4B"
                        },
                        "meta": {
                            "e2bfb730-ecaa-11e6-8f88-34363bc7c4c0": {
                                "create": 900000000000,
                                "delete": 900000000000,
                                "update": 900000000000
                            }
                        },
                        "tainted": false
                    },
                    "deposed": [],
                    "provider": "provider.oci"
                },
                "oci_core_subnet.private.2": {
                    "type": "oci_core_subnet",
                    "depends_on": [
                        "data.oci_identity_availability_domains.ADs",
                        "oci_core_route_table.RouteForComplete",
                        "oci_core_security_list.PrivateSubnet",
                        "oci_core_virtual_network.cloudera_vcn"
                    ],
                    "primary": {
                        "id": "ocid1.subnet.oc1.phx.aaaaaaaabjlmnog5hfudcz2qbqedlzs5gn6ov57o6inkdwj5epyjd4j5haaa",
                        "attributes": {
                            "availability_domain": "YVsm:PHX-AD-3",
                            "cidr_block": "10.0.5.0/24",
                            "compartment_id": "ocid1.compartment.oc1..aaaaaaaapdd2bm7bohozrplwmcygeenb2xkwmojntn2gv4f6pzi5y6i7hmoa",
                            "defined_tags.%": "0",
                            "dhcp_options_id": "ocid1.dhcpoptions.oc1.phx.aaaaaaaarzmodszkatpa3a64rylveni2kcbjab2rak2l52i7lol3j3e2tira",
                            "display_name": "private_ad2",
                            "dns_label": "private2",
                            "freeform_tags.%": "0",
                            "id": "ocid1.subnet.oc1.phx.aaaaaaaabjlmnog5hfudcz2qbqedlzs5gn6ov57o6inkdwj5epyjd4j5haaa",
                            "prohibit_public_ip_on_vnic": "false",
                            "route_table_id": "ocid1.routetable.oc1.phx.aaaaaaaannwsvtz35ch35h3ztchai4m35h3qdosqo5mv2sxvugjkjhodt3ga",
                            "security_list_ids.#": "1",
                            "security_list_ids.237386246": "ocid1.securitylist.oc1.phx.aaaaaaaa3zcniecooemhkjt2it27dmduiibqko5gqlhtnujtjpuy2phowqyq",
                            "state": "AVAILABLE",
                            "subnet_domain_name": "private2.cdhvcn.oraclevcn.com",
                            "time_created": "2018-10-03 15:30:59.524 +0000 UTC",
                            "vcn_id": "ocid1.vcn.oc1.phx.aaaaaaaaybyi6q2zhbnqgc2nihnj5mwv4dxd3kc62ahjhwiqhcq7o7bqehsq",
                            "virtual_router_ip": "10.0.5.1",
                            "virtual_router_mac": "00:00:17:9C:C0:4B"
                        },
                        "meta": {
                            "e2bfb730-ecaa-11e6-8f88-34363bc7c4c0": {
                                "create": 900000000000,
                                "delete": 900000000000,
                                "update": 900000000000
                            }
                        },
                        "tainted": false
                    },
                    "deposed": [],
                    "provider": "provider.oci"
                },
                "oci_core_subnet.public.0": {
                    "type": "oci_core_subnet",
                    "depends_on": [
                        "data.oci_identity_availability_domains.ADs",
                        "oci_core_route_table.RouteForComplete",
                        "oci_core_security_list.PublicSubnet",
                        "oci_core_virtual_network.cloudera_vcn"
                    ],
                    "primary": {
                        "id": "ocid1.subnet.oc1.phx.aaaaaaaahpybq7tr5m4ojtneuucartre2krqe3khxuuhbq7lxiefabudye2q",
                        "attributes": {
                            "availability_domain": "YVsm:PHX-AD-1",
                            "cidr_block": "10.0.0.0/24",
                            "compartment_id": "ocid1.compartment.oc1..aaaaaaaapdd2bm7bohozrplwmcygeenb2xkwmojntn2gv4f6pzi5y6i7hmoa",
                            "defined_tags.%": "0",
                            "dhcp_options_id": "ocid1.dhcpoptions.oc1.phx.aaaaaaaarzmodszkatpa3a64rylveni2kcbjab2rak2l52i7lol3j3e2tira",
                            "display_name": "public_0",
                            "dns_label": "public0",
                            "freeform_tags.%": "0",
                            "id": "ocid1.subnet.oc1.phx.aaaaaaaahpybq7tr5m4ojtneuucartre2krqe3khxuuhbq7lxiefabudye2q",
                            "prohibit_public_ip_on_vnic": "false",
                            "route_table_id": "ocid1.routetable.oc1.phx.aaaaaaaannwsvtz35ch35h3ztchai4m35h3qdosqo5mv2sxvugjkjhodt3ga",
                            "security_list_ids.#": "1",
                            "security_list_ids.1399928359": "ocid1.securitylist.oc1.phx.aaaaaaaayd4vo26hlh62ay56ojrsst6zxscgmkqiwthjhhgkp3khjlqin7xa",
                            "state": "AVAILABLE",
                            "subnet_domain_name": "public0.cdhvcn.oraclevcn.com",
                            "time_created": "2018-10-03 15:31:01.377 +0000 UTC",
                            "vcn_id": "ocid1.vcn.oc1.phx.aaaaaaaaybyi6q2zhbnqgc2nihnj5mwv4dxd3kc62ahjhwiqhcq7o7bqehsq",
                            "virtual_router_ip": "10.0.0.1",
                            "virtual_router_mac": "00:00:17:9C:C0:4B"
                        },
                        "meta": {
                            "e2bfb730-ecaa-11e6-8f88-34363bc7c4c0": {
                                "create": 900000000000,
                                "delete": 900000000000,
                                "update": 900000000000
                            }
                        },
                        "tainted": false
                    },
                    "deposed": [],
                    "provider": "provider.oci"
                },
                "oci_core_subnet.public.1": {
                    "type": "oci_core_subnet",
                    "depends_on": [
                        "data.oci_identity_availability_domains.ADs",
                        "oci_core_route_table.RouteForComplete",
                        "oci_core_security_list.PublicSubnet",
                        "oci_core_virtual_network.cloudera_vcn"
                    ],
                    "primary": {
                        "id": "ocid1.subnet.oc1.phx.aaaaaaaawjjgv2cihztkyktoaqhjhdwrvo5mzn3q4wxofy6hfqtc4lcarzoa",
                        "attributes": {
                            "availability_domain": "YVsm:PHX-AD-2",
                            "cidr_block": "10.0.1.0/24",
                            "compartment_id": "ocid1.compartment.oc1..aaaaaaaapdd2bm7bohozrplwmcygeenb2xkwmojntn2gv4f6pzi5y6i7hmoa",
                            "defined_tags.%": "0",
                            "dhcp_options_id": "ocid1.dhcpoptions.oc1.phx.aaaaaaaarzmodszkatpa3a64rylveni2kcbjab2rak2l52i7lol3j3e2tira",
                            "display_name": "public_1",
                            "dns_label": "public1",
                            "freeform_tags.%": "0",
                            "id": "ocid1.subnet.oc1.phx.aaaaaaaawjjgv2cihztkyktoaqhjhdwrvo5mzn3q4wxofy6hfqtc4lcarzoa",
                            "prohibit_public_ip_on_vnic": "false",
                            "route_table_id": "ocid1.routetable.oc1.phx.aaaaaaaannwsvtz35ch35h3ztchai4m35h3qdosqo5mv2sxvugjkjhodt3ga",
                            "security_list_ids.#": "1",
                            "security_list_ids.1399928359": "ocid1.securitylist.oc1.phx.aaaaaaaayd4vo26hlh62ay56ojrsst6zxscgmkqiwthjhhgkp3khjlqin7xa",
                            "state": "AVAILABLE",
                            "subnet_domain_name": "public1.cdhvcn.oraclevcn.com",
                            "time_created": "2018-10-03 15:31:01.051 +0000 UTC",
                            "vcn_id": "ocid1.vcn.oc1.phx.aaaaaaaaybyi6q2zhbnqgc2nihnj5mwv4dxd3kc62ahjhwiqhcq7o7bqehsq",
                            "virtual_router_ip": "10.0.1.1",
                            "virtual_router_mac": "00:00:17:9C:C0:4B"
                        },
                        "meta": {
                            "e2bfb730-ecaa-11e6-8f88-34363bc7c4c0": {
                                "create": 900000000000,
                                "delete": 900000000000,
                                "update": 900000000000
                            }
                        },
                        "tainted": false
                    },
                    "deposed": [],
                    "provider": "provider.oci"
                },
                "oci_core_subnet.public.2": {
                    "type": "oci_core_subnet",
                    "depends_on": [
                        "data.oci_identity_availability_domains.ADs",
                        "oci_core_route_table.RouteForComplete",
                        "oci_core_security_list.PublicSubnet",
                        "oci_core_virtual_network.cloudera_vcn"
                    ],
                    "primary": {
                        "id": "ocid1.subnet.oc1.phx.aaaaaaaalg5qhvqpmrsmmmndmjxtdl3rsybheh3jlenzfzb4xs2ehmbtlkgq",
                        "attributes": {
                            "availability_domain": "YVsm:PHX-AD-3",
                            "cidr_block": "10.0.2.0/24",
                            "compartment_id": "ocid1.compartment.oc1..aaaaaaaapdd2bm7bohozrplwmcygeenb2xkwmojntn2gv4f6pzi5y6i7hmoa",
                            "defined_tags.%": "0",
                            "dhcp_options_id": "ocid1.dhcpoptions.oc1.phx.aaaaaaaarzmodszkatpa3a64rylveni2kcbjab2rak2l52i7lol3j3e2tira",
                            "display_name": "public_2",
                            "dns_label": "public2",
                            "freeform_tags.%": "0",
                            "id": "ocid1.subnet.oc1.phx.aaaaaaaalg5qhvqpmrsmmmndmjxtdl3rsybheh3jlenzfzb4xs2ehmbtlkgq",
                            "prohibit_public_ip_on_vnic": "false",
                            "route_table_id": "ocid1.routetable.oc1.phx.aaaaaaaannwsvtz35ch35h3ztchai4m35h3qdosqo5mv2sxvugjkjhodt3ga",
                            "security_list_ids.#": "1",
                            "security_list_ids.1399928359": "ocid1.securitylist.oc1.phx.aaaaaaaayd4vo26hlh62ay56ojrsst6zxscgmkqiwthjhhgkp3khjlqin7xa",
                            "state": "AVAILABLE",
                            "subnet_domain_name": "public2.cdhvcn.oraclevcn.com",
                            "time_created": "2018-10-03 15:31:02.985 +0000 UTC",
                            "vcn_id": "ocid1.vcn.oc1.phx.aaaaaaaaybyi6q2zhbnqgc2nihnj5mwv4dxd3kc62ahjhwiqhcq7o7bqehsq",
                            "virtual_router_ip": "10.0.2.1",
                            "virtual_router_mac": "00:00:17:9C:C0:4B"
                        },
                        "meta": {
                            "e2bfb730-ecaa-11e6-8f88-34363bc7c4c0": {
                                "create": 900000000000,
                                "delete": 900000000000,
                                "update": 900000000000
                            }
                        },
                        "tainted": false
                    },
                    "deposed": [],
                    "provider": "provider.oci"
                },
                "oci_core_virtual_network.cloudera_vcn": {
                    "type": "oci_core_virtual_network",
                    "depends_on": [],
                    "primary": {
                        "id": "ocid1.vcn.oc1.phx.aaaaaaaaybyi6q2zhbnqgc2nihnj5mwv4dxd3kc62ahjhwiqhcq7o7bqehsq",
                        "attributes": {
                            "cidr_block": "10.0.0.0/16",
                            "compartment_id": "ocid1.compartment.oc1..aaaaaaaapdd2bm7bohozrplwmcygeenb2xkwmojntn2gv4f6pzi5y6i7hmoa",
                            "default_dhcp_options_id": "ocid1.dhcpoptions.oc1.phx.aaaaaaaarzmodszkatpa3a64rylveni2kcbjab2rak2l52i7lol3j3e2tira",
                            "default_route_table_id": "ocid1.routetable.oc1.phx.aaaaaaaaygx3bq2fwgxnr745kgpprcng3bi2hi4sfjmladilis4fttnkzcva",
                            "default_security_list_id": "ocid1.securitylist.oc1.phx.aaaaaaaate7jn2dwetjxgnwqcll5fgldvlhecr3jlhmh6ws3akkx5y5c6hgq",
                            "defined_tags.%": "0",
                            "display_name": "cloudera_vcn",
                            "dns_label": "cdhvcn",
                            "freeform_tags.%": "0",
                            "id": "ocid1.vcn.oc1.phx.aaaaaaaaybyi6q2zhbnqgc2nihnj5mwv4dxd3kc62ahjhwiqhcq7o7bqehsq",
                            "state": "AVAILABLE",
                            "time_created": "2018-10-03 15:30:57.372 +0000 UTC",
                            "vcn_domain_name": "cdhvcn.oraclevcn.com"
                        },
                        "meta": {
                            "e2bfb730-ecaa-11e6-8f88-34363bc7c4c0": {
                                "create": 900000000000,
                                "delete": 900000000000,
                                "update": 900000000000
                            }
                        },
                        "tainted": false
                    },
                    "deposed": [],
                    "provider": "provider.oci"
                },
                "oci_core_volume.WorkerVolume1.0": {
                    "type": "oci_core_volume",
                    "depends_on": [
                        "data.oci_identity_availability_domains.ADs"
                    ],
                    "primary": {
                        "id": "ocid1.volume.oc1.phx.abyhqljtymt5uomuavifmd2bvkca363r64hm4slnuwuzcnhl4yfibyicy46a",
                        "attributes": {
                            "availability_domain": "YVsm:PHX-AD-2",
                            "compartment_id": "ocid1.compartment.oc1..aaaaaaaapdd2bm7bohozrplwmcygeenb2xkwmojntn2gv4f6pzi5y6i7hmoa",
                            "defined_tags.%": "0",
                            "display_name": "CDH Worker 1 Volume 1",
                            "freeform_tags.%": "0",
                            "id": "ocid1.volume.oc1.phx.abyhqljtymt5uomuavifmd2bvkca363r64hm4slnuwuzcnhl4yfibyicy46a",
                            "is_hydrated": "true",
                            "size_in_gbs": "1024",
                            "size_in_mbs": "1048576",
                            "source_details.#": "0",
                            "state": "AVAILABLE",
                            "time_created": "2018-10-03 15:30:57.389 +0000 UTC"
                        },
                        "meta": {
                            "e2bfb730-ecaa-11e6-8f88-34363bc7c4c0": {
                                "create": 900000000000,
                                "delete": 900000000000,
                                "update": 900000000000
                            }
                        },
                        "tainted": false
                    },
                    "deposed": [],
                    "provider": "provider.oci"
                },
                "oci_core_volume.WorkerVolume1.1": {
                    "type": "oci_core_volume",
                    "depends_on": [
                        "data.oci_identity_availability_domains.ADs"
                    ],
                    "primary": {
                        "id": "ocid1.volume.oc1.phx.abyhqljtazxz4ysnpitxtznmk7dzzcbkv4yihwpbdfr5dq6ivrnctlh7xi5a",
                        "attributes": {
                            "availability_domain": "YVsm:PHX-AD-2",
                            "compartment_id": "ocid1.compartment.oc1..aaaaaaaapdd2bm7bohozrplwmcygeenb2xkwmojntn2gv4f6pzi5y6i7hmoa",
                            "defined_tags.%": "0",
                            "display_name": "CDH Worker 2 Volume 1",
                            "freeform_tags.%": "0",
                            "id": "ocid1.volume.oc1.phx.abyhqljtazxz4ysnpitxtznmk7dzzcbkv4yihwpbdfr5dq6ivrnctlh7xi5a",
                            "is_hydrated": "true",
                            "size_in_gbs": "1024",
                            "size_in_mbs": "1048576",
                            "source_details.#": "0",
                            "state": "AVAILABLE",
                            "time_created": "2018-10-03 15:30:57.546 +0000 UTC"
                        },
                        "meta": {
                            "e2bfb730-ecaa-11e6-8f88-34363bc7c4c0": {
                                "create": 900000000000,
                                "delete": 900000000000,
                                "update": 900000000000
                            }
                        },
                        "tainted": false
                    },
                    "deposed": [],
                    "provider": "provider.oci"
                },
                "oci_core_volume.WorkerVolume1.2": {
                    "type": "oci_core_volume",
                    "depends_on": [
                        "data.oci_identity_availability_domains.ADs"
                    ],
                    "primary": {
                        "id": "ocid1.volume.oc1.phx.abyhqljt6z7ofhho2jvkubiqpwa2m732dmlhhpumytibysyi4uwdl6cokhka",
                        "attributes": {
                            "availability_domain": "YVsm:PHX-AD-2",
                            "compartment_id": "ocid1.compartment.oc1..aaaaaaaapdd2bm7bohozrplwmcygeenb2xkwmojntn2gv4f6pzi5y6i7hmoa",
                            "defined_tags.%": "0",
                            "display_name": "CDH Worker 3 Volume 1",
                            "freeform_tags.%": "0",
                            "id": "ocid1.volume.oc1.phx.abyhqljt6z7ofhho2jvkubiqpwa2m732dmlhhpumytibysyi4uwdl6cokhka",
                            "is_hydrated": "true",
                            "size_in_gbs": "1024",
                            "size_in_mbs": "1048576",
                            "source_details.#": "0",
                            "state": "AVAILABLE",
                            "time_created": "2018-10-03 15:30:57.313 +0000 UTC"
                        },
                        "meta": {
                            "e2bfb730-ecaa-11e6-8f88-34363bc7c4c0": {
                                "create": 900000000000,
                                "delete": 900000000000,
                                "update": 900000000000
                            }
                        },
                        "tainted": false
                    },
                    "deposed": [],
                    "provider": "provider.oci"
                },
                "oci_core_volume_attachment.WorkerAttachment1.0": {
                    "type": "oci_core_volume_attachment",
                    "depends_on": [
                        "oci_core_instance.WorkerNode.*",
                        "oci_core_volume.WorkerVolume1.*"
                    ],
                    "primary": {
                        "id": "ocid1.volumeattachment.oc1.phx.abyhqljt3oakipwhmudpchkmylk25vnehwmqcy3misjcqd77mzoxiotmrona",
                        "attributes": {
                            "attachment_type": "iscsi",
                            "availability_domain": "YVsm:PHX-AD-2",
                            "compartment_id": "ocid1.compartment.oc1..aaaaaaaapdd2bm7bohozrplwmcygeenb2xkwmojntn2gv4f6pzi5y6i7hmoa",
                            "display_name": "volumeattachment20181003153413",
                            "id": "ocid1.volumeattachment.oc1.phx.abyhqljt3oakipwhmudpchkmylk25vnehwmqcy3misjcqd77mzoxiotmrona",
                            "instance_id": "ocid1.instance.oc1.phx.abyhqljtprcdbvrt5775deyjv57zsds26lygjyigw5ln5yqsvxy4m22irgsq",
                            "ipv4": "169.254.2.2",
                            "iqn": "iqn.2015-12.com.oracleiaas:813d528e-c45f-48a2-a139-5e48bb6ed65c",
                            "is_read_only": "false",
                            "port": "3260",
                            "state": "ATTACHED",
                            "time_created": "2018-10-03 15:34:13.853 +0000 UTC",
                            "volume_id": "ocid1.volume.oc1.phx.abyhqljtymt5uomuavifmd2bvkca363r64hm4slnuwuzcnhl4yfibyicy46a"
                        },
                        "meta": {
                            "e2bfb730-ecaa-11e6-8f88-34363bc7c4c0": {
                                "create": 900000000000,
                                "delete": 900000000000,
                                "update": 900000000000
                            }
                        },
                        "tainted": false
                    },
                    "deposed": [],
                    "provider": "provider.oci"
                },
                "oci_core_volume_attachment.WorkerAttachment1.1": {
                    "type": "oci_core_volume_attachment",
                    "depends_on": [
                        "oci_core_instance.WorkerNode.*",
                        "oci_core_volume.WorkerVolume1.*"
                    ],
                    "primary": {
                        "id": "ocid1.volumeattachment.oc1.phx.abyhqljtdwelr6ndfwfkn5azj6wdy57xbimmr6n5vjmazkclhfypaqbulxva",
                        "attributes": {
                            "attachment_type": "iscsi",
                            "availability_domain": "YVsm:PHX-AD-2",
                            "compartment_id": "ocid1.compartment.oc1..aaaaaaaapdd2bm7bohozrplwmcygeenb2xkwmojntn2gv4f6pzi5y6i7hmoa",
                            "display_name": "volumeattachment20181003153413",
                            "id": "ocid1.volumeattachment.oc1.phx.abyhqljtdwelr6ndfwfkn5azj6wdy57xbimmr6n5vjmazkclhfypaqbulxva",
                            "instance_id": "ocid1.instance.oc1.phx.abyhqljtrbq4wgu7ulszs4ynstfuk54xebkzoxzym7egusmzmglebpnbtyaq",
                            "ipv4": "169.254.2.2",
                            "iqn": "iqn.2015-12.com.oracleiaas:3f428904-a48b-4670-9ee9-95307724a5aa",
                            "is_read_only": "false",
                            "port": "3260",
                            "state": "ATTACHED",
                            "time_created": "2018-10-03 15:34:14.021 +0000 UTC",
                            "volume_id": "ocid1.volume.oc1.phx.abyhqljtazxz4ysnpitxtznmk7dzzcbkv4yihwpbdfr5dq6ivrnctlh7xi5a"
                        },
                        "meta": {
                            "e2bfb730-ecaa-11e6-8f88-34363bc7c4c0": {
                                "create": 900000000000,
                                "delete": 900000000000,
                                "update": 900000000000
                            }
                        },
                        "tainted": false
                    },
                    "deposed": [],
                    "provider": "provider.oci"
                },
                "oci_core_volume_attachment.WorkerAttachment1.2": {
                    "type": "oci_core_volume_attachment",
                    "depends_on": [
                        "oci_core_instance.WorkerNode.*",
                        "oci_core_volume.WorkerVolume1.*"
                    ],
                    "primary": {
                        "id": "ocid1.volumeattachment.oc1.phx.abyhqljt4ag4verjxkrjbnacglmfw6pkwhuluzt7klatkxcn7in4sfffd7kq",
                        "attributes": {
                            "attachment_type": "iscsi",
                            "availability_domain": "YVsm:PHX-AD-2",
                            "compartment_id": "ocid1.compartment.oc1..aaaaaaaapdd2bm7bohozrplwmcygeenb2xkwmojntn2gv4f6pzi5y6i7hmoa",
                            "display_name": "volumeattachment20181003153413",
                            "id": "ocid1.volumeattachment.oc1.phx.abyhqljt4ag4verjxkrjbnacglmfw6pkwhuluzt7klatkxcn7in4sfffd7kq",
                            "instance_id": "ocid1.instance.oc1.phx.abyhqljtpmdyzf42pbfjcz6ky6kntngohhwgnfu7ddv7pmpkd7hkfgcrclna",
                            "ipv4": "169.254.2.2",
                            "iqn": "iqn.2015-12.com.oracleiaas:f933e447-160a-4e9d-bdd1-87fc120d0292",
                            "is_read_only": "false",
                            "port": "3260",
                            "state": "ATTACHED",
                            "time_created": "2018-10-03 15:34:13.608 +0000 UTC",
                            "volume_id": "ocid1.volume.oc1.phx.abyhqljt6z7ofhho2jvkubiqpwa2m732dmlhhpumytibysyi4uwdl6cokhka"
                        },
                        "meta": {
                            "e2bfb730-ecaa-11e6-8f88-34363bc7c4c0": {
                                "create": 900000000000,
                                "delete": 900000000000,
                                "update": 900000000000
                            }
                        },
                        "tainted": false
                    },
                    "deposed": [],
                    "provider": "provider.oci"
                }
            },
            "depends_on": []
        }
    ]
}
